// !$*UTF8*$!
{
	archiveVersion = 1;
	classes = {
	};
	objectVersion = 46;
	objects = {

/* Begin PBXBuildFile section */
		D233B999194AAC6400302690 /* oneD_cmath.m in Sources */ = {isa = PBXBuildFile; fileRef = D233B998194AAC6400302690 /* oneD_cmath.m */; };
		D236C61C1951730000CEC0CE /* complex.swift in Sources */ = {isa = PBXBuildFile; fileRef = D236C6181951730000CEC0CE /* complex.swift */; };
		D236C61E1951730000CEC0CE /* README.md in Sources */ = {isa = PBXBuildFile; fileRef = D236C61B1951730000CEC0CE /* README.md */; };
		D262BDC5195CAAB600B30196 /* twoD_cmath.m in Sources */ = {isa = PBXBuildFile; fileRef = D262BDC4195CAAB600B30196 /* twoD_cmath.m */; };
		D286499319493D7E005DB9F0 /* constants.swift in Sources */ = {isa = PBXBuildFile; fileRef = D286498C19493D7E005DB9F0 /* constants.swift */; };
		D286499419493D7E005DB9F0 /* oneD.swift in Sources */ = {isa = PBXBuildFile; fileRef = D286498D19493D7E005DB9F0 /* oneD.swift */; };
		D286499519493D7E005DB9F0 /* oneD_arth.swift in Sources */ = {isa = PBXBuildFile; fileRef = D286498E19493D7E005DB9F0 /* oneD_arth.swift */; };
		D286499619493D7E005DB9F0 /* oneD_math.swift in Sources */ = {isa = PBXBuildFile; fileRef = D286498F19493D7E005DB9F0 /* oneD_math.swift */; };
		D286499719493D7E005DB9F0 /* twoD.swift in Sources */ = {isa = PBXBuildFile; fileRef = D286499019493D7E005DB9F0 /* twoD.swift */; };
		D286499819493D7E005DB9F0 /* twoD_arth.swift in Sources */ = {isa = PBXBuildFile; fileRef = D286499119493D7E005DB9F0 /* twoD_arth.swift */; };
		D286499919493D7E005DB9F0 /* twoD_math.swift in Sources */ = {isa = PBXBuildFile; fileRef = D286499219493D7E005DB9F0 /* twoD_math.swift */; };
		D28649A019494426005DB9F0 /* numbers.swift in Sources */ = {isa = PBXBuildFile; fileRef = D286499E19494426005DB9F0 /* numbers.swift */; };
		D28649A119494426005DB9F0 /* oneD_fft.swift in Sources */ = {isa = PBXBuildFile; fileRef = D286499F19494426005DB9F0 /* oneD_fft.swift */; };
		D28A54E01961D39100C798DF /* machine_learning.swift in Sources */ = {isa = PBXBuildFile; fileRef = D28A54DF1961D39100C798DF /* machine_learning.swift */; };
		D29F8808194AD81D00FC7D99 /* objc_swift_conversion.swift in Sources */ = {isa = PBXBuildFile; fileRef = D29F8807194AD81D00FC7D99 /* objc_swift_conversion.swift */; };
		D2A58C521961D55E00D82918 /* opencv2.framework in Frameworks */ = {isa = PBXBuildFile; fileRef = D2A58C511961D55E00D82918 /* opencv2.framework */; };
		D2A58C561961DD2100D82918 /* machine_learning.mm in Sources */ = {isa = PBXBuildFile; fileRef = D2A58C551961DD2100D82918 /* machine_learning.mm */; };
		D2C7614B1948AC02000B74CE /* main.swift in Sources */ = {isa = PBXBuildFile; fileRef = D2C7614A1948AC02000B74CE /* main.swift */; };
/* End PBXBuildFile section */

/* Begin PBXCopyFilesBuildPhase section */
		D2C761451948AC02000B74CE /* CopyFiles */ = {
			isa = PBXCopyFilesBuildPhase;
			buildActionMask = 2147483647;
			dstPath = /usr/share/man/man1/;
			dstSubfolderSpec = 0;
			files = (
			);
			runOnlyForDeploymentPostprocessing = 1;
		};
/* End PBXCopyFilesBuildPhase section */

/* Begin PBXFileReference section */
		D233B997194AAC6300302690 /* swix-Bridging-Header.h */ = {isa = PBXFileReference; lastKnownFileType = sourcecode.c.h; path = "swix-Bridging-Header.h"; sourceTree = "<group>"; };
		D233B998194AAC6400302690 /* oneD_cmath.m */ = {isa = PBXFileReference; fileEncoding = 4; lastKnownFileType = sourcecode.c.objc; path = oneD_cmath.m; sourceTree = "<group>"; };
		D236C6181951730000CEC0CE /* complex.swift */ = {isa = PBXFileReference; fileEncoding = 4; lastKnownFileType = sourcecode.swift; path = complex.swift; sourceTree = "<group>"; };
		D236C6191951730000CEC0CE /* LICENSE */ = {isa = PBXFileReference; fileEncoding = 4; lastKnownFileType = text; path = LICENSE; sourceTree = "<group>"; };
		D236C61B1951730000CEC0CE /* README.md */ = {isa = PBXFileReference; fileEncoding = 4; lastKnownFileType = net.daringfireball.markdown; path = README.md; sourceTree = "<group>"; };
		D262BDC4195CAAB600B30196 /* twoD_cmath.m */ = {isa = PBXFileReference; fileEncoding = 4; lastKnownFileType = sourcecode.c.objc; path = twoD_cmath.m; sourceTree = "<group>"; };
		D286498C19493D7E005DB9F0 /* constants.swift */ = {isa = PBXFileReference; fileEncoding = 4; lastKnownFileType = sourcecode.swift; path = constants.swift; sourceTree = "<group>"; };
		D286498D19493D7E005DB9F0 /* oneD.swift */ = {isa = PBXFileReference; fileEncoding = 4; lastKnownFileType = sourcecode.swift; path = oneD.swift; sourceTree = "<group>"; };
		D286498E19493D7E005DB9F0 /* oneD_arth.swift */ = {isa = PBXFileReference; fileEncoding = 4; lastKnownFileType = sourcecode.swift; path = oneD_arth.swift; sourceTree = "<group>"; };
		D286498F19493D7E005DB9F0 /* oneD_math.swift */ = {isa = PBXFileReference; fileEncoding = 4; lastKnownFileType = sourcecode.swift; path = oneD_math.swift; sourceTree = "<group>"; };
		D286499019493D7E005DB9F0 /* twoD.swift */ = {isa = PBXFileReference; fileEncoding = 4; lastKnownFileType = sourcecode.swift; path = twoD.swift; sourceTree = "<group>"; };
		D286499119493D7E005DB9F0 /* twoD_arth.swift */ = {isa = PBXFileReference; fileEncoding = 4; lastKnownFileType = sourcecode.swift; path = twoD_arth.swift; sourceTree = "<group>"; };
		D286499219493D7E005DB9F0 /* twoD_math.swift */ = {isa = PBXFileReference; fileEncoding = 4; lastKnownFileType = sourcecode.swift; path = twoD_math.swift; sourceTree = "<group>"; };
		D286499E19494426005DB9F0 /* numbers.swift */ = {isa = PBXFileReference; fileEncoding = 4; lastKnownFileType = sourcecode.swift; path = numbers.swift; sourceTree = "<group>"; };
		D286499F19494426005DB9F0 /* oneD_fft.swift */ = {isa = PBXFileReference; fileEncoding = 4; lastKnownFileType = sourcecode.swift; path = oneD_fft.swift; sourceTree = "<group>"; };
		D28A54DF1961D39100C798DF /* machine_learning.swift */ = {isa = PBXFileReference; fileEncoding = 4; lastKnownFileType = sourcecode.swift; path = machine_learning.swift; sourceTree = "<group>"; };
		D29F8807194AD81D00FC7D99 /* objc_swift_conversion.swift */ = {isa = PBXFileReference; fileEncoding = 4; lastKnownFileType = sourcecode.swift; path = objc_swift_conversion.swift; sourceTree = "<group>"; };
		D2A58C511961D55E00D82918 /* opencv2.framework */ = {isa = PBXFileReference; lastKnownFileType = wrapper.framework; name = opencv2.framework; path = swix/opencv2.framework; sourceTree = "<group>"; };
		D2A58C551961DD2100D82918 /* machine_learning.mm */ = {isa = PBXFileReference; fileEncoding = 4; lastKnownFileType = sourcecode.cpp.objcpp; path = machine_learning.mm; sourceTree = "<group>"; };
		D2A58C571961DE5200D82918 /* machine_learning.h */ = {isa = PBXFileReference; lastKnownFileType = sourcecode.c.h; path = machine_learning.h; sourceTree = "<group>"; };
		D2C761471948AC02000B74CE /* swix */ = {isa = PBXFileReference; explicitFileType = "compiled.mach-o.executable"; includeInIndex = 0; path = swix; sourceTree = BUILT_PRODUCTS_DIR; };
		D2C7614A1948AC02000B74CE /* main.swift */ = {isa = PBXFileReference; lastKnownFileType = sourcecode.swift; path = main.swift; sourceTree = "<group>"; };
/* End PBXFileReference section */

/* Begin PBXFrameworksBuildPhase section */
		D2C761441948AC02000B74CE /* Frameworks */ = {
			isa = PBXFrameworksBuildPhase;
			buildActionMask = 2147483647;
			files = (
				D2A58C521961D55E00D82918 /* opencv2.framework in Frameworks */,
			);
			runOnlyForDeploymentPostprocessing = 0;
		};
/* End PBXFrameworksBuildPhase section */

/* Begin PBXGroup section */
		D236C6171951730000CEC0CE /* swift-complex */ = {
			isa = PBXGroup;
			children = (
				D236C6181951730000CEC0CE /* complex.swift */,
				D236C6191951730000CEC0CE /* LICENSE */,
				D236C61B1951730000CEC0CE /* README.md */,
			);
			path = "swift-complex";
			sourceTree = "<group>";
		};
		D262BDC6195CAC8F00B30196 /* objc */ = {
			isa = PBXGroup;
			children = (
				D233B998194AAC6400302690 /* oneD_cmath.m */,
				D262BDC4195CAAB600B30196 /* twoD_cmath.m */,
				D2A58C551961DD2100D82918 /* machine_learning.mm */,
				D2A58C571961DE5200D82918 /* machine_learning.h */,
				D29F8807194AD81D00FC7D99 /* objc_swift_conversion.swift */,
				D233B997194AAC6300302690 /* swix-Bridging-Header.h */,
			);
			path = objc;
			sourceTree = "<group>";
		};
		D262BDC7195CAC9D00B30196 /* oneD */ = {
			isa = PBXGroup;
			children = (
				D286498D19493D7E005DB9F0 /* oneD.swift */,
				D286498E19493D7E005DB9F0 /* oneD_arth.swift */,
				D286498F19493D7E005DB9F0 /* oneD_math.swift */,
				D286499F19494426005DB9F0 /* oneD_fft.swift */,
			);
			path = oneD;
			sourceTree = "<group>";
		};
		D262BDC8195CACA600B30196 /* twoD */ = {
			isa = PBXGroup;
			children = (
				D286499019493D7E005DB9F0 /* twoD.swift */,
				D286499119493D7E005DB9F0 /* twoD_arth.swift */,
				D286499219493D7E005DB9F0 /* twoD_math.swift */,
			);
			path = twoD;
			sourceTree = "<group>";
		};
		D286498B19493D7E005DB9F0 /* swix */ = {
			isa = PBXGroup;
			children = (
				D286498C19493D7E005DB9F0 /* constants.swift */,
				D286499E19494426005DB9F0 /* numbers.swift */,
				D28A54DF1961D39100C798DF /* machine_learning.swift */,
				D262BDC7195CAC9D00B30196 /* oneD */,
				D262BDC8195CACA600B30196 /* twoD */,
				D262BDC6195CAC8F00B30196 /* objc */,
			);
			path = swix;
			sourceTree = "<group>";
		};
		D2C7613E1948AC02000B74CE = {
			isa = PBXGroup;
			children = (
				D2A58C511961D55E00D82918 /* opencv2.framework */,
				D286498B19493D7E005DB9F0 /* swix */,
				D2C761491948AC02000B74CE /* tests */,
				D2C761481948AC02000B74CE /* Products */,
			);
			sourceTree = "<group>";
		};
		D2C761481948AC02000B74CE /* Products */ = {
			isa = PBXGroup;
			children = (
				D2C761471948AC02000B74CE /* swix */,
			);
			name = Products;
			sourceTree = "<group>";
		};
		D2C761491948AC02000B74CE /* tests */ = {
			isa = PBXGroup;
			children = (
				D2C7614A1948AC02000B74CE /* main.swift */,
				D236C6171951730000CEC0CE /* swift-complex */,
			);
			path = tests;
			sourceTree = "<group>";
		};
/* End PBXGroup section */

/* Begin PBXNativeTarget section */
		D2C761461948AC02000B74CE /* swix */ = {
			isa = PBXNativeTarget;
			buildConfigurationList = D2C7614E1948AC02000B74CE /* Build configuration list for PBXNativeTarget "swix" */;
			buildPhases = (
				D2C761431948AC02000B74CE /* Sources */,
				D2C761441948AC02000B74CE /* Frameworks */,
				D2C761451948AC02000B74CE /* CopyFiles */,
			);
			buildRules = (
			);
			dependencies = (
			);
			name = swix;
			productName = swix;
			productReference = D2C761471948AC02000B74CE /* swix */;
			productType = "com.apple.product-type.tool";
		};
/* End PBXNativeTarget section */

/* Begin PBXProject section */
		D2C7613F1948AC02000B74CE /* Project object */ = {
			isa = PBXProject;
			attributes = {
				LastUpgradeCheck = 0600;
				ORGANIZATIONNAME = com.scott;
				TargetAttributes = {
					D2C761461948AC02000B74CE = {
						CreatedOnToolsVersion = 6.0;
					};
				};
			};
			buildConfigurationList = D2C761421948AC02000B74CE /* Build configuration list for PBXProject "swix" */;
			compatibilityVersion = "Xcode 3.2";
			developmentRegion = English;
			hasScannedForEncodings = 0;
			knownRegions = (
				en,
			);
			mainGroup = D2C7613E1948AC02000B74CE;
			productRefGroup = D2C761481948AC02000B74CE /* Products */;
			projectDirPath = "";
			projectRoot = "";
			targets = (
				D2C761461948AC02000B74CE /* swix */,
			);
		};
/* End PBXProject section */

/* Begin PBXSourcesBuildPhase section */
		D2C761431948AC02000B74CE /* Sources */ = {
			isa = PBXSourcesBuildPhase;
			buildActionMask = 2147483647;
			files = (
				D28649A119494426005DB9F0 /* oneD_fft.swift in Sources */,
				D286499619493D7E005DB9F0 /* oneD_math.swift in Sources */,
				D262BDC5195CAAB600B30196 /* twoD_cmath.m in Sources */,
				D286499919493D7E005DB9F0 /* twoD_math.swift in Sources */,
				D286499719493D7E005DB9F0 /* twoD.swift in Sources */,
				D2A58C561961DD2100D82918 /* machine_learning.mm in Sources */,
				D28A54E01961D39100C798DF /* machine_learning.swift in Sources */,
				D28649A019494426005DB9F0 /* numbers.swift in Sources */,
				D29F8808194AD81D00FC7D99 /* objc_swift_conversion.swift in Sources */,
				D236C61C1951730000CEC0CE /* complex.swift in Sources */,
				D2C7614B1948AC02000B74CE /* main.swift in Sources */,
				D286499419493D7E005DB9F0 /* oneD.swift in Sources */,
				D286499519493D7E005DB9F0 /* oneD_arth.swift in Sources */,
				D233B999194AAC6400302690 /* oneD_cmath.m in Sources */,
				D236C61E1951730000CEC0CE /* README.md in Sources */,
				D286499819493D7E005DB9F0 /* twoD_arth.swift in Sources */,
				D286499319493D7E005DB9F0 /* constants.swift in Sources */,
			);
			runOnlyForDeploymentPostprocessing = 0;
		};
/* End PBXSourcesBuildPhase section */

/* Begin XCBuildConfiguration section */
		D2C7614C1948AC02000B74CE /* Debug */ = {
			isa = XCBuildConfiguration;
			buildSettings = {
				ALWAYS_SEARCH_USER_PATHS = NO;
				CLANG_CXX_LANGUAGE_STANDARD = "gnu++0x";
				CLANG_CXX_LIBRARY = "libc++";
				CLANG_ENABLE_MODULES = YES;
				CLANG_ENABLE_OBJC_ARC = YES;
				CLANG_WARN_BOOL_CONVERSION = YES;
				CLANG_WARN_CONSTANT_CONVERSION = YES;
				CLANG_WARN_DIRECT_OBJC_ISA_USAGE = YES_ERROR;
				CLANG_WARN_EMPTY_BODY = YES;
				CLANG_WARN_ENUM_CONVERSION = YES;
				CLANG_WARN_INT_CONVERSION = YES;
				CLANG_WARN_OBJC_ROOT_CLASS = YES_ERROR;
				CLANG_WARN_UNREACHABLE_CODE = YES;
				CLANG_WARN__DUPLICATE_METHOD_MATCH = YES;
				COPY_PHASE_STRIP = NO;
				ENABLE_STRICT_OBJC_MSGSEND = YES;
				GCC_C_LANGUAGE_STANDARD = gnu99;
				GCC_DYNAMIC_NO_PIC = NO;
				GCC_OPTIMIZATION_LEVEL = 0;
				GCC_PREPROCESSOR_DEFINITIONS = (
					"DEBUG=1",
					"$(inherited)",
				);
				GCC_SYMBOLS_PRIVATE_EXTERN = NO;
				GCC_WARN_64_TO_32_BIT_CONVERSION = YES;
				GCC_WARN_ABOUT_RETURN_TYPE = YES_ERROR;
				GCC_WARN_UNDECLARED_SELECTOR = YES;
				GCC_WARN_UNINITIALIZED_AUTOS = YES_AGGRESSIVE;
				GCC_WARN_UNUSED_FUNCTION = YES;
				GCC_WARN_UNUSED_VARIABLE = YES;
				MACOSX_DEPLOYMENT_TARGET = 10.9;
				METAL_ENABLE_DEBUG_INFO = YES;
				ONLY_ACTIVE_ARCH = YES;
				SDKROOT = macosx;
				SWIFT_OPTIMIZATION_LEVEL = "-Onone";
			};
			name = Debug;
		};
		D2C7614D1948AC02000B74CE /* Release */ = {
			isa = XCBuildConfiguration;
			buildSettings = {
				ALWAYS_SEARCH_USER_PATHS = NO;
				CLANG_CXX_LANGUAGE_STANDARD = "gnu++0x";
				CLANG_CXX_LIBRARY = "libc++";
				CLANG_ENABLE_MODULES = YES;
				CLANG_ENABLE_OBJC_ARC = YES;
				CLANG_WARN_BOOL_CONVERSION = YES;
				CLANG_WARN_CONSTANT_CONVERSION = YES;
				CLANG_WARN_DIRECT_OBJC_ISA_USAGE = YES_ERROR;
				CLANG_WARN_EMPTY_BODY = YES;
				CLANG_WARN_ENUM_CONVERSION = YES;
				CLANG_WARN_INT_CONVERSION = YES;
				CLANG_WARN_OBJC_ROOT_CLASS = YES_ERROR;
				CLANG_WARN_UNREACHABLE_CODE = YES;
				CLANG_WARN__DUPLICATE_METHOD_MATCH = YES;
				COPY_PHASE_STRIP = YES;
				DEBUG_INFORMATION_FORMAT = "dwarf-with-dsym";
				ENABLE_NS_ASSERTIONS = NO;
				ENABLE_STRICT_OBJC_MSGSEND = YES;
				GCC_C_LANGUAGE_STANDARD = gnu99;
				GCC_WARN_64_TO_32_BIT_CONVERSION = YES;
				GCC_WARN_ABOUT_RETURN_TYPE = YES_ERROR;
				GCC_WARN_UNDECLARED_SELECTOR = YES;
				GCC_WARN_UNINITIALIZED_AUTOS = YES_AGGRESSIVE;
				GCC_WARN_UNUSED_FUNCTION = YES;
				GCC_WARN_UNUSED_VARIABLE = YES;
				MACOSX_DEPLOYMENT_TARGET = 10.9;
				METAL_ENABLE_DEBUG_INFO = NO;
				SDKROOT = macosx;
			};
			name = Release;
		};
		D2C7614F1948AC02000B74CE /* Debug */ = {
			isa = XCBuildConfiguration;
			buildSettings = {
				CLANG_ENABLE_MODULES = YES;
				FRAMEWORK_SEARCH_PATHS = (
					"$(inherited)",
					"$(PROJECT_DIR)",
					"$(PROJECT_DIR)/swix",
				);
				LD_RUNPATH_SEARCH_PATHS = "$(inherited) @executable_path/../Frameworks @loader_path/../Frameworks";
				PRODUCT_NAME = "$(TARGET_NAME)";
				SWIFT_OBJC_BRIDGING_HEADER = "swix/objc/swix-Bridging-Header.h";
				SWIFT_OPTIMIZATION_LEVEL = "-Onone";
			};
			name = Debug;
		};
		D2C761501948AC02000B74CE /* Release */ = {
			isa = XCBuildConfiguration;
			buildSettings = {
				CLANG_ENABLE_MODULES = YES;
				FRAMEWORK_SEARCH_PATHS = (
					"$(inherited)",
					"$(PROJECT_DIR)",
					"$(PROJECT_DIR)/swix",
				);
				LD_RUNPATH_SEARCH_PATHS = "$(inherited) @executable_path/../Frameworks @loader_path/../Frameworks";
				PRODUCT_NAME = "$(TARGET_NAME)";
				SWIFT_OBJC_BRIDGING_HEADER = "swix/objc/swix-Bridging-Header.h";
			};
			name = Release;
		};
/* End XCBuildConfiguration section */

/* Begin XCConfigurationList section */
		D2C761421948AC02000B74CE /* Build configuration list for PBXProject "swix" */ = {
			isa = XCConfigurationList;
			buildConfigurations = (
				D2C7614C1948AC02000B74CE /* Debug */,
				D2C7614D1948AC02000B74CE /* Release */,
			);
			defaultConfigurationIsVisible = 0;
			defaultConfigurationName = Release;
		};
		D2C7614E1948AC02000B74CE /* Build configuration list for PBXNativeTarget "swix" */ = {
			isa = XCConfigurationList;
			buildConfigurations = (
				D2C7614F1948AC02000B74CE /* Debug */,
				D2C761501948AC02000B74CE /* Release */,
			);
			defaultConfigurationIsVisible = 0;
			defaultConfigurationName = Release;
		};
/* End XCConfigurationList section */
	};
	rootObject = D2C7613F1948AC02000B74CE /* Project object */;
}
