// !$*UTF8*$!
{
	archiveVersion = 1;
	classes = {
	};
	objectVersion = 46;
	objects = {

/* Begin PBXBuildFile section */
		D286497D1948E405005DB9F0 /* oneD.swift in Sources */ = {isa = PBXBuildFile; fileRef = D286497C1948E405005DB9F0 /* oneD.swift */; };
		D286497F1948F394005DB9F0 /* twoD_arth.swift in Sources */ = {isa = PBXBuildFile; fileRef = D286497E1948F394005DB9F0 /* twoD_arth.swift */; };
		D28649811948F3B8005DB9F0 /* oneD_arth.swift in Sources */ = {isa = PBXBuildFile; fileRef = D28649801948F3B8005DB9F0 /* oneD_arth.swift */; };
		D28649831948F432005DB9F0 /* oneD_math.swift in Sources */ = {isa = PBXBuildFile; fileRef = D28649821948F432005DB9F0 /* oneD_math.swift */; };
		D28649851948F552005DB9F0 /* constants.swift in Sources */ = {isa = PBXBuildFile; fileRef = D28649841948F552005DB9F0 /* constants.swift */; };
		D286498719492C3A005DB9F0 /* array.swift in Sources */ = {isa = PBXBuildFile; fileRef = D286498619492C3A005DB9F0 /* array.swift */; };
		D2864989194933E1005DB9F0 /* twoD_math.swift in Sources */ = {isa = PBXBuildFile; fileRef = D2864988194933E1005DB9F0 /* twoD_math.swift */; };
		D2C7614B1948AC02000B74CE /* main.swift in Sources */ = {isa = PBXBuildFile; fileRef = D2C7614A1948AC02000B74CE /* main.swift */; };
		D2C761521948AC17000B74CE /* twoD.swift in Sources */ = {isa = PBXBuildFile; fileRef = D2C761511948AC17000B74CE /* twoD.swift */; };
/* End PBXBuildFile section */

/* Begin PBXCopyFilesBuildPhase section */
		D2C761451948AC02000B74CE /* CopyFiles */ = {
			isa = PBXCopyFilesBuildPhase;
			buildActionMask = 2147483647;
			dstPath = /usr/share/man/man1/;
			dstSubfolderSpec = 0;
			files = (
			);
			runOnlyForDeploymentPostprocessing = 1;
		};
/* End PBXCopyFilesBuildPhase section */

/* Begin PBXFileReference section */
		D286497C1948E405005DB9F0 /* oneD.swift */ = {isa = PBXFileReference; fileEncoding = 4; lastKnownFileType = sourcecode.swift; path = oneD.swift; sourceTree = "<group>"; };
		D286497E1948F394005DB9F0 /* twoD_arth.swift */ = {isa = PBXFileReference; fileEncoding = 4; lastKnownFileType = sourcecode.swift; path = twoD_arth.swift; sourceTree = "<group>"; };
		D28649801948F3B8005DB9F0 /* oneD_arth.swift */ = {isa = PBXFileReference; fileEncoding = 4; lastKnownFileType = sourcecode.swift; path = oneD_arth.swift; sourceTree = "<group>"; };
		D28649821948F432005DB9F0 /* oneD_math.swift */ = {isa = PBXFileReference; fileEncoding = 4; lastKnownFileType = sourcecode.swift; path = oneD_math.swift; sourceTree = "<group>"; };
		D28649841948F552005DB9F0 /* constants.swift */ = {isa = PBXFileReference; fileEncoding = 4; lastKnownFileType = sourcecode.swift; path = constants.swift; sourceTree = "<group>"; };
		D286498619492C3A005DB9F0 /* array.swift */ = {isa = PBXFileReference; fileEncoding = 4; lastKnownFileType = sourcecode.swift; path = array.swift; sourceTree = "<group>"; };
		D2864988194933E1005DB9F0 /* twoD_math.swift */ = {isa = PBXFileReference; fileEncoding = 4; lastKnownFileType = sourcecode.swift; path = twoD_math.swift; sourceTree = "<group>"; };
		D2C761471948AC02000B74CE /* swix */ = {isa = PBXFileReference; explicitFileType = "compiled.mach-o.executable"; includeInIndex = 0; path = swix; sourceTree = BUILT_PRODUCTS_DIR; };
		D2C7614A1948AC02000B74CE /* main.swift */ = {isa = PBXFileReference; lastKnownFileType = sourcecode.swift; path = main.swift; sourceTree = "<group>"; };
		D2C761511948AC17000B74CE /* twoD.swift */ = {isa = PBXFileReference; fileEncoding = 4; lastKnownFileType = sourcecode.swift; path = twoD.swift; sourceTree = "<group>"; };
/* End PBXFileReference section */

/* Begin PBXFrameworksBuildPhase section */
		D2C761441948AC02000B74CE /* Frameworks */ = {
			isa = PBXFrameworksBuildPhase;
			buildActionMask = 2147483647;
			files = (
			);
			runOnlyForDeploymentPostprocessing = 0;
		};
/* End PBXFrameworksBuildPhase section */

/* Begin PBXGroup section */
		D2C7613E1948AC02000B74CE = {
			isa = PBXGroup;
			children = (
				D2C761491948AC02000B74CE /* swix */,
				D2C761481948AC02000B74CE /* Products */,
			);
			sourceTree = "<group>";
		};
		D2C761481948AC02000B74CE /* Products */ = {
			isa = PBXGroup;
			children = (
				D2C761471948AC02000B74CE /* swix */,
			);
			name = Products;
			sourceTree = "<group>";
		};
		D2C761491948AC02000B74CE /* swix */ = {
			isa = PBXGroup;
			children = (
				D2C7614A1948AC02000B74CE /* main.swift */,
				D286498619492C3A005DB9F0 /* array.swift */,
				D28649841948F552005DB9F0 /* constants.swift */,
				D2C761511948AC17000B74CE /* twoD.swift */,
				D286497E1948F394005DB9F0 /* twoD_arth.swift */,
				D2864988194933E1005DB9F0 /* twoD_math.swift */,
				D286497C1948E405005DB9F0 /* oneD.swift */,
				D28649801948F3B8005DB9F0 /* oneD_arth.swift */,
				D28649821948F432005DB9F0 /* oneD_math.swift */,
			);
			path = swix;
			sourceTree = "<group>";
		};
/* End PBXGroup section */

/* Begin PBXNativeTarget section */
		D2C761461948AC02000B74CE /* swix */ = {
			isa = PBXNativeTarget;
			buildConfigurationList = D2C7614E1948AC02000B74CE /* Build configuration list for PBXNativeTarget "swix" */;
			buildPhases = (
				D2C761431948AC02000B74CE /* Sources */,
				D2C761441948AC02000B74CE /* Frameworks */,
				D2C761451948AC02000B74CE /* CopyFiles */,
			);
			buildRules = (
			);
			dependencies = (
			);
			name = swix;
			productName = swix;
			productReference = D2C761471948AC02000B74CE /* swix */;
			productType = "com.apple.product-type.tool";
		};
/* End PBXNativeTarget section */

/* Begin PBXProject section */
		D2C7613F1948AC02000B74CE /* Project object */ = {
			isa = PBXProject;
			attributes = {
				LastUpgradeCheck = 0600;
				ORGANIZATIONNAME = com.scott;
				TargetAttributes = {
					D2C761461948AC02000B74CE = {
						CreatedOnToolsVersion = 6.0;
					};
				};
			};
			buildConfigurationList = D2C761421948AC02000B74CE /* Build configuration list for PBXProject "swix" */;
			compatibilityVersion = "Xcode 3.2";
			developmentRegion = English;
			hasScannedForEncodings = 0;
			knownRegions = (
				en,
			);
			mainGroup = D2C7613E1948AC02000B74CE;
			productRefGroup = D2C761481948AC02000B74CE /* Products */;
			projectDirPath = "";
			projectRoot = "";
			targets = (
				D2C761461948AC02000B74CE /* swix */,
			);
		};
/* End PBXProject section */

/* Begin PBXSourcesBuildPhase section */
		D2C761431948AC02000B74CE /* Sources */ = {
			isa = PBXSourcesBuildPhase;
			buildActionMask = 2147483647;
			files = (
				D2C761521948AC17000B74CE /* twoD.swift in Sources */,
				D286497D1948E405005DB9F0 /* oneD.swift in Sources */,
				D286497F1948F394005DB9F0 /* twoD_arth.swift in Sources */,
				D28649851948F552005DB9F0 /* constants.swift in Sources */,
				D28649831948F432005DB9F0 /* oneD_math.swift in Sources */,
				D286498719492C3A005DB9F0 /* array.swift in Sources */,
				D28649811948F3B8005DB9F0 /* oneD_arth.swift in Sources */,
				D2C7614B1948AC02000B74CE /* main.swift in Sources */,
				D2864989194933E1005DB9F0 /* twoD_math.swift in Sources */,
			);
			runOnlyForDeploymentPostprocessing = 0;
		};
/* End PBXSourcesBuildPhase section */

/* Begin XCBuildConfiguration section */
		D2C7614C1948AC02000B74CE /* Debug */ = {
			isa = XCBuildConfiguration;
			buildSettings = {
				ALWAYS_SEARCH_USER_PATHS = NO;
				CLANG_CXX_LANGUAGE_STANDARD = "gnu++0x";
				CLANG_CXX_LIBRARY = "libc++";
				CLANG_ENABLE_MODULES = YES;
				CLANG_ENABLE_OBJC_ARC = YES;
				CLANG_WARN_BOOL_CONVERSION = YES;
				CLANG_WARN_CONSTANT_CONVERSION = YES;
				CLANG_WARN_DIRECT_OBJC_ISA_USAGE = YES_ERROR;
				CLANG_WARN_EMPTY_BODY = YES;
				CLANG_WARN_ENUM_CONVERSION = YES;
				CLANG_WARN_INT_CONVERSION = YES;
				CLANG_WARN_OBJC_ROOT_CLASS = YES_ERROR;
				CLANG_WARN_UNREACHABLE_CODE = YES;
				CLANG_WARN__DUPLICATE_METHOD_MATCH = YES;
				COPY_PHASE_STRIP = NO;
				ENABLE_STRICT_OBJC_MSGSEND = YES;
				GCC_C_LANGUAGE_STANDARD = gnu99;
				GCC_DYNAMIC_NO_PIC = NO;
				GCC_OPTIMIZATION_LEVEL = 0;
				GCC_PREPROCESSOR_DEFINITIONS = (
					"DEBUG=1",
					"$(inherited)",
				);
				GCC_SYMBOLS_PRIVATE_EXTERN = NO;
				GCC_WARN_64_TO_32_BIT_CONVERSION = YES;
				GCC_WARN_ABOUT_RETURN_TYPE = YES_ERROR;
				GCC_WARN_UNDECLARED_SELECTOR = YES;
				GCC_WARN_UNINITIALIZED_AUTOS = YES_AGGRESSIVE;
				GCC_WARN_UNUSED_FUNCTION = YES;
				GCC_WARN_UNUSED_VARIABLE = YES;
				MACOSX_DEPLOYMENT_TARGET = 10.9;
				METAL_ENABLE_DEBUG_INFO = YES;
				ONLY_ACTIVE_ARCH = YES;
				SDKROOT = macosx;
				SWIFT_OPTIMIZATION_LEVEL = "-Onone";
			};
			name = Debug;
		};
		D2C7614D1948AC02000B74CE /* Release */ = {
			isa = XCBuildConfiguration;
			buildSettings = {
				ALWAYS_SEARCH_USER_PATHS = NO;
				CLANG_CXX_LANGUAGE_STANDARD = "gnu++0x";
				CLANG_CXX_LIBRARY = "libc++";
				CLANG_ENABLE_MODULES = YES;
				CLANG_ENABLE_OBJC_ARC = YES;
				CLANG_WARN_BOOL_CONVERSION = YES;
				CLANG_WARN_CONSTANT_CONVERSION = YES;
				CLANG_WARN_DIRECT_OBJC_ISA_USAGE = YES_ERROR;
				CLANG_WARN_EMPTY_BODY = YES;
				CLANG_WARN_ENUM_CONVERSION = YES;
				CLANG_WARN_INT_CONVERSION = YES;
				CLANG_WARN_OBJC_ROOT_CLASS = YES_ERROR;
				CLANG_WARN_UNREACHABLE_CODE = YES;
				CLANG_WARN__DUPLICATE_METHOD_MATCH = YES;
				COPY_PHASE_STRIP = YES;
				DEBUG_INFORMATION_FORMAT = "dwarf-with-dsym";
				ENABLE_NS_ASSERTIONS = NO;
				ENABLE_STRICT_OBJC_MSGSEND = YES;
				GCC_C_LANGUAGE_STANDARD = gnu99;
				GCC_WARN_64_TO_32_BIT_CONVERSION = YES;
				GCC_WARN_ABOUT_RETURN_TYPE = YES_ERROR;
				GCC_WARN_UNDECLARED_SELECTOR = YES;
				GCC_WARN_UNINITIALIZED_AUTOS = YES_AGGRESSIVE;
				GCC_WARN_UNUSED_FUNCTION = YES;
				GCC_WARN_UNUSED_VARIABLE = YES;
				MACOSX_DEPLOYMENT_TARGET = 10.9;
				METAL_ENABLE_DEBUG_INFO = NO;
				SDKROOT = macosx;
			};
			name = Release;
		};
		D2C7614F1948AC02000B74CE /* Debug */ = {
			isa = XCBuildConfiguration;
			buildSettings = {
				PRODUCT_NAME = "$(TARGET_NAME)";
			};
			name = Debug;
		};
		D2C761501948AC02000B74CE /* Release */ = {
			isa = XCBuildConfiguration;
			buildSettings = {
				PRODUCT_NAME = "$(TARGET_NAME)";
			};
			name = Release;
		};
/* End XCBuildConfiguration section */

/* Begin XCConfigurationList section */
		D2C761421948AC02000B74CE /* Build configuration list for PBXProject "swix" */ = {
			isa = XCConfigurationList;
			buildConfigurations = (
				D2C7614C1948AC02000B74CE /* Debug */,
				D2C7614D1948AC02000B74CE /* Release */,
			);
			defaultConfigurationIsVisible = 0;
			defaultConfigurationName = Release;
		};
		D2C7614E1948AC02000B74CE /* Build configuration list for PBXNativeTarget "swix" */ = {
			isa = XCConfigurationList;
			buildConfigurations = (
				D2C7614F1948AC02000B74CE /* Debug */,
				D2C761501948AC02000B74CE /* Release */,
			);
			defaultConfigurationIsVisible = 0;
			defaultConfigurationName = Release;
		};
/* End XCConfigurationList section */
	};
	rootObject = D2C7613F1948AC02000B74CE /* Project object */;
}
