// !$*UTF8*$!
{
	archiveVersion = 1;
	classes = {
	};
	objectVersion = 46;
	objects = {

/* Begin PBXBuildFile section */
		D206A2A119746886009232B7 /* opencv.mm in Sources */ = {isa = PBXBuildFile; fileRef = D206A2A019746886009232B7 /* opencv.mm */; };
		D218B21A19901FDF00D519E4 /* ndarray.swift in Sources */ = {isa = PBXBuildFile; fileRef = D218B21519901FDF00D519E4 /* ndarray.swift */; };
		D218B2231990202800D519E4 /* complex-math.swift in Sources */ = {isa = PBXBuildFile; fileRef = D218B21F1990202800D519E4 /* complex-math.swift */; };
		D218B2241990202800D519E4 /* initing.swift in Sources */ = {isa = PBXBuildFile; fileRef = D218B2201990202800D519E4 /* initing.swift */; };
		D218B2251990202800D519E4 /* operators.swift in Sources */ = {isa = PBXBuildFile; fileRef = D218B2211990202800D519E4 /* operators.swift */; };
		D218B2261990202800D519E4 /* simple-math.swift in Sources */ = {isa = PBXBuildFile; fileRef = D218B2221990202800D519E4 /* simple-math.swift */; };
		D218B22E1990206800D519E4 /* m-complex-math.swift in Sources */ = {isa = PBXBuildFile; fileRef = D218B2281990206800D519E4 /* m-complex-math.swift */; };
		D218B22F1990206800D519E4 /* m-image.swift in Sources */ = {isa = PBXBuildFile; fileRef = D218B2291990206800D519E4 /* m-image.swift */; };
		D218B2301990206800D519E4 /* m-initing.swift in Sources */ = {isa = PBXBuildFile; fileRef = D218B22A1990206800D519E4 /* m-initing.swift */; };
		D218B2311990206800D519E4 /* m-matrix.swift in Sources */ = {isa = PBXBuildFile; fileRef = D218B22B1990206800D519E4 /* m-matrix.swift */; };
		D218B2321990206800D519E4 /* m-operators.swift in Sources */ = {isa = PBXBuildFile; fileRef = D218B22C1990206800D519E4 /* m-operators.swift */; };
		D218B2331990206800D519E4 /* m-simple-math.swift in Sources */ = {isa = PBXBuildFile; fileRef = D218B22D1990206800D519E4 /* m-simple-math.swift */; };
		D23648D01976CB440020FB95 /* machine_learning.mm in Sources */ = {isa = PBXBuildFile; fileRef = D23648CF1976CB440020FB95 /* machine_learning.mm */; };
		D23648D21976CC720020FB95 /* machine_learning.swift in Sources */ = {isa = PBXBuildFile; fileRef = D23648D11976CC720020FB95 /* machine_learning.swift */; };
		D24A8555196D7D73009C18AC /* main.swift in Sources */ = {isa = PBXBuildFile; fileRef = D24A8554196D7D73009C18AC /* main.swift */; };
		D24D7133199272E600D4B9D8 /* opencv2.framework in Frameworks */ = {isa = PBXBuildFile; fileRef = D24D7132199272E600D4B9D8 /* opencv2.framework */; };
		D25E64A91A0DC3C70074952D /* io.swift in Sources */ = {isa = PBXBuildFile; fileRef = D25E64A81A0DC3C70074952D /* io.swift */; };
		D271C9BE1970328C008E577A /* conversion.swift in Sources */ = {isa = PBXBuildFile; fileRef = D271C9BD1970328C008E577A /* conversion.swift */; };
		D273B68A197997DE00750A09 /* tests.swift in Sources */ = {isa = PBXBuildFile; fileRef = D273B689197997DE00750A09 /* tests.swift */; };
		D2A5CAD6196D830000749F52 /* numbers.swift in Sources */ = {isa = PBXBuildFile; fileRef = D2A5CAD5196D830000749F52 /* numbers.swift */; };
		D2B481B0196F20E400DAEDFF /* Foundation.framework in Frameworks */ = {isa = PBXBuildFile; fileRef = D2B481AF196F20E400DAEDFF /* Foundation.framework */; };
		D2B481B2196F20EB00DAEDFF /* Accelerate.framework in Frameworks */ = {isa = PBXBuildFile; fileRef = D2B481B1196F20EB00DAEDFF /* Accelerate.framework */; };
		D2B6F68B1996F57600F2466D /* helper-functions.swift in Sources */ = {isa = PBXBuildFile; fileRef = D2B6F68A1996F57600F2466D /* helper-functions.swift */; };
		D2B6F68D1996F5B200F2466D /* m-helper-functions.swift in Sources */ = {isa = PBXBuildFile; fileRef = D2B6F68C1996F5B200F2466D /* m-helper-functions.swift */; };
		D2BBBDAD196DD693004707F3 /* math.m in Sources */ = {isa = PBXBuildFile; fileRef = D2BBBDAB196DD693004707F3 /* math.m */; };
		D2CEF76C1996FB1D00AC6D34 /* speed.swift in Sources */ = {isa = PBXBuildFile; fileRef = D2CEF76B1996FB1D00AC6D34 /* speed.swift */; };
		D2FD05761A0EAD25008BF07D /* ScalarArithmetic-bleed.swift in Sources */ = {isa = PBXBuildFile; fileRef = D2FD05751A0EAD25008BF07D /* ScalarArithmetic-bleed.swift */; };
		D2FF0F0B197308440036CD3B /* operations-and-indexing.m in Sources */ = {isa = PBXBuildFile; fileRef = D2FF0F0A197308440036CD3B /* operations-and-indexing.m */; };
/* End PBXBuildFile section */

/* Begin PBXCopyFilesBuildPhase section */
		D24A854F196D7D73009C18AC /* CopyFiles */ = {
			isa = PBXCopyFilesBuildPhase;
			buildActionMask = 2147483647;
			dstPath = /usr/share/man/man1/;
			dstSubfolderSpec = 0;
			files = (
			);
			runOnlyForDeploymentPostprocessing = 1;
		};
/* End PBXCopyFilesBuildPhase section */

/* Begin PBXFileReference section */
		D206A29F1974680A009232B7 /* OpenCV.h */ = {isa = PBXFileReference; fileEncoding = 4; lastKnownFileType = sourcecode.c.h; path = OpenCV.h; sourceTree = "<group>"; };
		D206A2A019746886009232B7 /* opencv.mm */ = {isa = PBXFileReference; fileEncoding = 4; lastKnownFileType = sourcecode.cpp.objcpp; path = opencv.mm; sourceTree = "<group>"; };
		D218B21519901FDF00D519E4 /* ndarray.swift */ = {isa = PBXFileReference; fileEncoding = 4; lastKnownFileType = sourcecode.swift; path = ndarray.swift; sourceTree = "<group>"; };
		D218B21F1990202800D519E4 /* complex-math.swift */ = {isa = PBXFileReference; fileEncoding = 4; lastKnownFileType = sourcecode.swift; path = "complex-math.swift"; sourceTree = "<group>"; };
		D218B2201990202800D519E4 /* initing.swift */ = {isa = PBXFileReference; fileEncoding = 4; lastKnownFileType = sourcecode.swift; path = initing.swift; sourceTree = "<group>"; };
		D218B2211990202800D519E4 /* operators.swift */ = {isa = PBXFileReference; fileEncoding = 4; lastKnownFileType = sourcecode.swift; path = operators.swift; sourceTree = "<group>"; };
		D218B2221990202800D519E4 /* simple-math.swift */ = {isa = PBXFileReference; fileEncoding = 4; lastKnownFileType = sourcecode.swift; path = "simple-math.swift"; sourceTree = "<group>"; };
		D218B2281990206800D519E4 /* m-complex-math.swift */ = {isa = PBXFileReference; fileEncoding = 4; lastKnownFileType = sourcecode.swift; path = "m-complex-math.swift"; sourceTree = "<group>"; };
		D218B2291990206800D519E4 /* m-image.swift */ = {isa = PBXFileReference; fileEncoding = 4; lastKnownFileType = sourcecode.swift; path = "m-image.swift"; sourceTree = "<group>"; };
		D218B22A1990206800D519E4 /* m-initing.swift */ = {isa = PBXFileReference; fileEncoding = 4; lastKnownFileType = sourcecode.swift; path = "m-initing.swift"; sourceTree = "<group>"; };
		D218B22B1990206800D519E4 /* m-matrix.swift */ = {isa = PBXFileReference; fileEncoding = 4; lastKnownFileType = sourcecode.swift; path = "m-matrix.swift"; sourceTree = "<group>"; };
		D218B22C1990206800D519E4 /* m-operators.swift */ = {isa = PBXFileReference; fileEncoding = 4; lastKnownFileType = sourcecode.swift; path = "m-operators.swift"; sourceTree = "<group>"; };
		D218B22D1990206800D519E4 /* m-simple-math.swift */ = {isa = PBXFileReference; fileEncoding = 4; lastKnownFileType = sourcecode.swift; path = "m-simple-math.swift"; sourceTree = "<group>"; };
		D23648CF1976CB440020FB95 /* machine_learning.mm */ = {isa = PBXFileReference; fileEncoding = 4; lastKnownFileType = sourcecode.cpp.objcpp; path = machine_learning.mm; sourceTree = "<group>"; };
		D23648D11976CC720020FB95 /* machine_learning.swift */ = {isa = PBXFileReference; fileEncoding = 4; lastKnownFileType = sourcecode.swift; name = machine_learning.swift; path = machine_learning/machine_learning.swift; sourceTree = "<group>"; };
		D24A8551196D7D73009C18AC /* swix */ = {isa = PBXFileReference; explicitFileType = "compiled.mach-o.executable"; includeInIndex = 0; path = swix; sourceTree = BUILT_PRODUCTS_DIR; };
		D24A8554196D7D73009C18AC /* main.swift */ = {isa = PBXFileReference; lastKnownFileType = sourcecode.swift; path = main.swift; sourceTree = "<group>"; };
		D24D7132199272E600D4B9D8 /* opencv2.framework */ = {isa = PBXFileReference; lastKnownFileType = wrapper.framework; name = opencv2.framework; path = swix/swix/objc/opencv2.framework; sourceTree = "<group>"; };
		D25E64A81A0DC3C70074952D /* io.swift */ = {isa = PBXFileReference; fileEncoding = 4; lastKnownFileType = sourcecode.swift; path = io.swift; sourceTree = "<group>"; };
		D271C9BD1970328C008E577A /* conversion.swift */ = {isa = PBXFileReference; fileEncoding = 4; lastKnownFileType = sourcecode.swift; path = conversion.swift; sourceTree = "<group>"; };
		D273B689197997DE00750A09 /* tests.swift */ = {isa = PBXFileReference; fileEncoding = 4; lastKnownFileType = sourcecode.swift; path = tests.swift; sourceTree = "<group>"; };
		D2A5CAD5196D830000749F52 /* numbers.swift */ = {isa = PBXFileReference; fileEncoding = 4; lastKnownFileType = sourcecode.swift; path = numbers.swift; sourceTree = "<group>"; };
		D2B481AF196F20E400DAEDFF /* Foundation.framework */ = {isa = PBXFileReference; lastKnownFileType = wrapper.framework; name = Foundation.framework; path = System/Library/Frameworks/Foundation.framework; sourceTree = SDKROOT; };
		D2B481B1196F20EB00DAEDFF /* Accelerate.framework */ = {isa = PBXFileReference; lastKnownFileType = wrapper.framework; name = Accelerate.framework; path = System/Library/Frameworks/Accelerate.framework; sourceTree = SDKROOT; };
		D2B6F68A1996F57600F2466D /* helper-functions.swift */ = {isa = PBXFileReference; fileEncoding = 4; lastKnownFileType = sourcecode.swift; path = "helper-functions.swift"; sourceTree = "<group>"; };
		D2B6F68C1996F5B200F2466D /* m-helper-functions.swift */ = {isa = PBXFileReference; fileEncoding = 4; lastKnownFileType = sourcecode.swift; path = "m-helper-functions.swift"; sourceTree = "<group>"; };
		D2BBBDAB196DD693004707F3 /* math.m */ = {isa = PBXFileReference; fileEncoding = 4; lastKnownFileType = sourcecode.c.objc; path = math.m; sourceTree = "<group>"; };
		D2BBBDAC196DD693004707F3 /* swix-Bridging-Header.h */ = {isa = PBXFileReference; fileEncoding = 4; lastKnownFileType = sourcecode.c.h; path = "swix-Bridging-Header.h"; sourceTree = "<group>"; };
		D2CEF76B1996FB1D00AC6D34 /* speed.swift */ = {isa = PBXFileReference; fileEncoding = 4; lastKnownFileType = sourcecode.swift; path = speed.swift; sourceTree = "<group>"; };
		D2FD05751A0EAD25008BF07D /* ScalarArithmetic-bleed.swift */ = {isa = PBXFileReference; fileEncoding = 4; lastKnownFileType = sourcecode.swift; path = "ScalarArithmetic-bleed.swift"; sourceTree = "<group>"; };
		D2FF0F0A197308440036CD3B /* operations-and-indexing.m */ = {isa = PBXFileReference; fileEncoding = 4; lastKnownFileType = sourcecode.c.objc; path = "operations-and-indexing.m"; sourceTree = "<group>"; };
/* End PBXFileReference section */

/* Begin PBXFrameworksBuildPhase section */
		D24A854E196D7D73009C18AC /* Frameworks */ = {
			isa = PBXFrameworksBuildPhase;
			buildActionMask = 2147483647;
			files = (
				D24D7133199272E600D4B9D8 /* opencv2.framework in Frameworks */,
				D2B481B2196F20EB00DAEDFF /* Accelerate.framework in Frameworks */,
				D2B481B0196F20E400DAEDFF /* Foundation.framework in Frameworks */,
			);
			runOnlyForDeploymentPostprocessing = 0;
		};
/* End PBXFrameworksBuildPhase section */

/* Begin PBXGroup section */
		D218B21419901FDF00D519E4 /* ndarray */ = {
			isa = PBXGroup;
			children = (
				D218B21519901FDF00D519E4 /* ndarray.swift */,
				D2B6F68A1996F57600F2466D /* helper-functions.swift */,
				D218B21F1990202800D519E4 /* complex-math.swift */,
				D218B2201990202800D519E4 /* initing.swift */,
				D218B2211990202800D519E4 /* operators.swift */,
				D218B2221990202800D519E4 /* simple-math.swift */,
			);
			path = ndarray;
			sourceTree = "<group>";
		};
		D218B2271990206800D519E4 /* matrix */ = {
			isa = PBXGroup;
			children = (
				D218B2281990206800D519E4 /* m-complex-math.swift */,
				D218B2291990206800D519E4 /* m-image.swift */,
				D218B22A1990206800D519E4 /* m-initing.swift */,
				D218B22B1990206800D519E4 /* m-matrix.swift */,
				D2B6F68C1996F5B200F2466D /* m-helper-functions.swift */,
				D218B22C1990206800D519E4 /* m-operators.swift */,
				D218B22D1990206800D519E4 /* m-simple-math.swift */,
			);
			path = matrix;
			sourceTree = "<group>";
		};
		D24A8548196D7D73009C18AC = {
			isa = PBXGroup;
			children = (
				D24D7132199272E600D4B9D8 /* opencv2.framework */,
				D2B481B1196F20EB00DAEDFF /* Accelerate.framework */,
				D2B481AF196F20E400DAEDFF /* Foundation.framework */,
				D24A8553196D7D73009C18AC /* swix */,
				D24A8552196D7D73009C18AC /* Products */,
			);
			sourceTree = "<group>";
		};
		D24A8552196D7D73009C18AC /* Products */ = {
			isa = PBXGroup;
			children = (
				D24A8551196D7D73009C18AC /* swix */,
			);
			name = Products;
			sourceTree = "<group>";
		};
		D24A8553196D7D73009C18AC /* swix */ = {
			isa = PBXGroup;
			children = (
				D24A8554196D7D73009C18AC /* main.swift */,
				D2CEF76B1996FB1D00AC6D34 /* speed.swift */,
				D273B689197997DE00750A09 /* tests.swift */,
				D24A855D196D7E90009C18AC /* swix */,
			);
			path = swix;
			sourceTree = "<group>";
		};
		D24A855D196D7E90009C18AC /* swix */ = {
			isa = PBXGroup;
			children = (
				D2A5CAD5196D830000749F52 /* numbers.swift */,
				D2FD05751A0EAD25008BF07D /* ScalarArithmetic-bleed.swift */,
				D23648D11976CC720020FB95 /* machine_learning.swift */,
				D25E64A81A0DC3C70074952D /* io.swift */,
				D218B21419901FDF00D519E4 /* ndarray */,
				D218B2271990206800D519E4 /* matrix */,
				D2BBBDAE196DD9EE004707F3 /* objc */,
			);
			path = swix;
			sourceTree = "<group>";
		};
		D2BBBDAE196DD9EE004707F3 /* objc */ = {
			isa = PBXGroup;
			children = (
				D2BBBDAB196DD693004707F3 /* math.m */,
				D2BBBDAC196DD693004707F3 /* swix-Bridging-Header.h */,
				D23648CF1976CB440020FB95 /* machine_learning.mm */,
				D206A29F1974680A009232B7 /* OpenCV.h */,
				D206A2A019746886009232B7 /* opencv.mm */,
				D2FF0F0A197308440036CD3B /* operations-and-indexing.m */,
				D271C9BD1970328C008E577A /* conversion.swift */,
			);
			path = objc;
			sourceTree = "<group>";
		};
/* End PBXGroup section */

/* Begin PBXNativeTarget section */
		D24A8550196D7D73009C18AC /* swix */ = {
			isa = PBXNativeTarget;
			buildConfigurationList = D24A8558196D7D73009C18AC /* Build configuration list for PBXNativeTarget "swix" */;
			buildPhases = (
				D24A854D196D7D73009C18AC /* Sources */,
				D24A854E196D7D73009C18AC /* Frameworks */,
				D24A854F196D7D73009C18AC /* CopyFiles */,
			);
			buildRules = (
			);
			dependencies = (
			);
			name = swix;
			productName = swix;
			productReference = D24A8551196D7D73009C18AC /* swix */;
			productType = "com.apple.product-type.tool";
		};
/* End PBXNativeTarget section */

/* Begin PBXProject section */
		D24A8549196D7D73009C18AC /* Project object */ = {
			isa = PBXProject;
			attributes = {
				LastUpgradeCheck = 0600;
				ORGANIZATIONNAME = com.scott;
				TargetAttributes = {
					D24A8550196D7D73009C18AC = {
						CreatedOnToolsVersion = 6.0;
					};
				};
			};
			buildConfigurationList = D24A854C196D7D73009C18AC /* Build configuration list for PBXProject "swix" */;
			compatibilityVersion = "Xcode 3.2";
			developmentRegion = English;
			hasScannedForEncodings = 0;
			knownRegions = (
				en,
			);
			mainGroup = D24A8548196D7D73009C18AC;
			productRefGroup = D24A8552196D7D73009C18AC /* Products */;
			projectDirPath = "";
			projectRoot = "";
			targets = (
				D24A8550196D7D73009C18AC /* swix */,
			);
		};
/* End PBXProject section */

/* Begin PBXSourcesBuildPhase section */
		D24A854D196D7D73009C18AC /* Sources */ = {
			isa = PBXSourcesBuildPhase;
			buildActionMask = 2147483647;
			files = (
				D218B22E1990206800D519E4 /* m-complex-math.swift in Sources */,
				D2FF0F0B197308440036CD3B /* operations-and-indexing.m in Sources */,
				D23648D21976CC720020FB95 /* machine_learning.swift in Sources */,
				D218B21A19901FDF00D519E4 /* ndarray.swift in Sources */,
				D23648D01976CB440020FB95 /* machine_learning.mm in Sources */,
				D24A8555196D7D73009C18AC /* main.swift in Sources */,
				D218B2251990202800D519E4 /* operators.swift in Sources */,
				D2CEF76C1996FB1D00AC6D34 /* speed.swift in Sources */,
				D2B6F68B1996F57600F2466D /* helper-functions.swift in Sources */,
				D218B2321990206800D519E4 /* m-operators.swift in Sources */,
				D218B2301990206800D519E4 /* m-initing.swift in Sources */,
				D2FD05761A0EAD25008BF07D /* ScalarArithmetic-bleed.swift in Sources */,
				D271C9BE1970328C008E577A /* conversion.swift in Sources */,
				D2A5CAD6196D830000749F52 /* numbers.swift in Sources */,
				D218B2311990206800D519E4 /* m-matrix.swift in Sources */,
				D218B2261990202800D519E4 /* simple-math.swift in Sources */,
				D218B2331990206800D519E4 /* m-simple-math.swift in Sources */,
				D218B2241990202800D519E4 /* initing.swift in Sources */,
				D2BBBDAD196DD693004707F3 /* math.m in Sources */,
				D2B6F68D1996F5B200F2466D /* m-helper-functions.swift in Sources */,
				D25E64A91A0DC3C70074952D /* io.swift in Sources */,
				D206A2A119746886009232B7 /* opencv.mm in Sources */,
				D218B2231990202800D519E4 /* complex-math.swift in Sources */,
				D273B68A197997DE00750A09 /* tests.swift in Sources */,
				D218B22F1990206800D519E4 /* m-image.swift in Sources */,
			);
			runOnlyForDeploymentPostprocessing = 0;
		};
/* End PBXSourcesBuildPhase section */

/* Begin XCBuildConfiguration section */
		D24A8556196D7D73009C18AC /* Debug */ = {
			isa = XCBuildConfiguration;
			buildSettings = {
				ALWAYS_SEARCH_USER_PATHS = NO;
				CLANG_CXX_LANGUAGE_STANDARD = "gnu++0x";
				CLANG_CXX_LIBRARY = "libc++";
				CLANG_ENABLE_MODULES = YES;
				CLANG_ENABLE_OBJC_ARC = YES;
				CLANG_WARN_BOOL_CONVERSION = YES;
				CLANG_WARN_CONSTANT_CONVERSION = YES;
				CLANG_WARN_DIRECT_OBJC_ISA_USAGE = YES_ERROR;
				CLANG_WARN_EMPTY_BODY = YES;
				CLANG_WARN_ENUM_CONVERSION = YES;
				CLANG_WARN_INT_CONVERSION = YES;
				CLANG_WARN_OBJC_ROOT_CLASS = YES_ERROR;
				CLANG_WARN_UNREACHABLE_CODE = YES;
				CLANG_WARN__DUPLICATE_METHOD_MATCH = YES;
				COPY_PHASE_STRIP = NO;
				ENABLE_STRICT_OBJC_MSGSEND = YES;
				GCC_C_LANGUAGE_STANDARD = gnu99;
				GCC_DYNAMIC_NO_PIC = NO;
				GCC_OPTIMIZATION_LEVEL = 0;
				GCC_PREPROCESSOR_DEFINITIONS = (
					"DEBUG=1",
					"$(inherited)",
				);
				GCC_SYMBOLS_PRIVATE_EXTERN = NO;
				GCC_WARN_64_TO_32_BIT_CONVERSION = YES;
				GCC_WARN_ABOUT_RETURN_TYPE = YES_ERROR;
				GCC_WARN_UNDECLARED_SELECTOR = YES;
				GCC_WARN_UNINITIALIZED_AUTOS = YES_AGGRESSIVE;
				GCC_WARN_UNUSED_FUNCTION = YES;
				GCC_WARN_UNUSED_VARIABLE = YES;
				MACOSX_DEPLOYMENT_TARGET = 10.9;
				MTL_ENABLE_DEBUG_INFO = YES;
				ONLY_ACTIVE_ARCH = YES;
				SDKROOT = macosx;
				SWIFT_OPTIMIZATION_LEVEL = "-Onone";
			};
			name = Debug;
		};
		D24A8557196D7D73009C18AC /* Release */ = {
			isa = XCBuildConfiguration;
			buildSettings = {
				ALWAYS_SEARCH_USER_PATHS = NO;
				CLANG_CXX_LANGUAGE_STANDARD = "gnu++0x";
				CLANG_CXX_LIBRARY = "libc++";
				CLANG_ENABLE_MODULES = YES;
				CLANG_ENABLE_OBJC_ARC = YES;
				CLANG_WARN_BOOL_CONVERSION = YES;
				CLANG_WARN_CONSTANT_CONVERSION = YES;
				CLANG_WARN_DIRECT_OBJC_ISA_USAGE = YES_ERROR;
				CLANG_WARN_EMPTY_BODY = YES;
				CLANG_WARN_ENUM_CONVERSION = YES;
				CLANG_WARN_INT_CONVERSION = YES;
				CLANG_WARN_OBJC_ROOT_CLASS = YES_ERROR;
				CLANG_WARN_UNREACHABLE_CODE = YES;
				CLANG_WARN__DUPLICATE_METHOD_MATCH = YES;
				COPY_PHASE_STRIP = YES;
				DEBUG_INFORMATION_FORMAT = "dwarf-with-dsym";
				ENABLE_NS_ASSERTIONS = NO;
				ENABLE_STRICT_OBJC_MSGSEND = YES;
				GCC_C_LANGUAGE_STANDARD = gnu99;
				GCC_WARN_64_TO_32_BIT_CONVERSION = YES;
				GCC_WARN_ABOUT_RETURN_TYPE = YES_ERROR;
				GCC_WARN_UNDECLARED_SELECTOR = YES;
				GCC_WARN_UNINITIALIZED_AUTOS = YES_AGGRESSIVE;
				GCC_WARN_UNUSED_FUNCTION = YES;
				GCC_WARN_UNUSED_VARIABLE = YES;
				MACOSX_DEPLOYMENT_TARGET = 10.9;
				MTL_ENABLE_DEBUG_INFO = NO;
				SDKROOT = macosx;
				SWIFT_OPTIMIZATION_LEVEL = "-Onone";
			};
			name = Release;
		};
		D24A8559196D7D73009C18AC /* Debug */ = {
			isa = XCBuildConfiguration;
			buildSettings = {
				CLANG_ENABLE_MODULES = YES;
				FRAMEWORK_SEARCH_PATHS = (
					"$(inherited)",
					"$(PROJECT_DIR)",
					"$(PROJECT_DIR)/swix/swix",
					"$(PROJECT_DIR)/swix/swix/objc",
				);
				LD_RUNPATH_SEARCH_PATHS = "$(inherited) @executable_path/../Frameworks @loader_path/../Frameworks";
				PRODUCT_NAME = "$(TARGET_NAME)";
				SWIFT_OBJC_BRIDGING_HEADER = "swix/swix/objc/swix-Bridging-Header.h";
				SWIFT_OPTIMIZATION_LEVEL = "-Onone";
			};
			name = Debug;
		};
		D24A855A196D7D73009C18AC /* Release */ = {
			isa = XCBuildConfiguration;
			buildSettings = {
				CLANG_ENABLE_MODULES = YES;
				FRAMEWORK_SEARCH_PATHS = (
					"$(inherited)",
					"$(PROJECT_DIR)",
					"$(PROJECT_DIR)/swix/swix",
					"$(PROJECT_DIR)/swix/swix/objc",
				);
				LD_RUNPATH_SEARCH_PATHS = "$(inherited) @executable_path/../Frameworks @loader_path/../Frameworks";
				PRODUCT_NAME = "$(TARGET_NAME)";
				SWIFT_OBJC_BRIDGING_HEADER = "swix/swix/objc/swix-Bridging-Header.h";
				SWIFT_OPTIMIZATION_LEVEL = "-Onone";
			};
			name = Release;
		};
/* End XCBuildConfiguration section */

/* Begin XCConfigurationList section */
		D24A854C196D7D73009C18AC /* Build configuration list for PBXProject "swix" */ = {
			isa = XCConfigurationList;
			buildConfigurations = (
				D24A8556196D7D73009C18AC /* Debug */,
				D24A8557196D7D73009C18AC /* Release */,
			);
			defaultConfigurationIsVisible = 0;
			defaultConfigurationName = Release;
		};
		D24A8558196D7D73009C18AC /* Build configuration list for PBXNativeTarget "swix" */ = {
			isa = XCConfigurationList;
			buildConfigurations = (
				D24A8559196D7D73009C18AC /* Debug */,
				D24A855A196D7D73009C18AC /* Release */,
			);
			defaultConfigurationIsVisible = 0;
			defaultConfigurationName = Release;
		};
/* End XCConfigurationList section */
	};
	rootObject = D24A8549196D7D73009C18AC /* Project object */;
}
