// !$*UTF8*$!
{
	archiveVersion = 1;
	classes = {
	};
	objectVersion = 46;
	objects = {

/* Begin PBXBuildFile section */
		D2A06EAC199C5AA20039BDAB /* AppDelegate.swift in Sources */ = {isa = PBXBuildFile; fileRef = D2A06EAB199C5AA20039BDAB /* AppDelegate.swift */; };
		D2A06EAE199C5AA20039BDAB /* ViewController.swift in Sources */ = {isa = PBXBuildFile; fileRef = D2A06EAD199C5AA20039BDAB /* ViewController.swift */; };
		D2A06EB1199C5AA20039BDAB /* Main.storyboard in Resources */ = {isa = PBXBuildFile; fileRef = D2A06EAF199C5AA20039BDAB /* Main.storyboard */; };
		D2A06EB3199C5AA20039BDAB /* Images.xcassets in Resources */ = {isa = PBXBuildFile; fileRef = D2A06EB2199C5AA20039BDAB /* Images.xcassets */; };
		D2A06EBF199C5AA20039BDAB /* swix_iOSTests.swift in Sources */ = {isa = PBXBuildFile; fileRef = D2A06EBE199C5AA20039BDAB /* swix_iOSTests.swift */; };
/* End PBXBuildFile section */

/* Begin PBXContainerItemProxy section */
		D2A06EB9199C5AA20039BDAB /* PBXContainerItemProxy */ = {
			isa = PBXContainerItemProxy;
			containerPortal = D2A06E9E199C5AA20039BDAB /* Project object */;
			proxyType = 1;
			remoteGlobalIDString = D2A06EA5199C5AA20039BDAB;
			remoteInfo = "swix-iOS";
		};
/* End PBXContainerItemProxy section */

/* Begin PBXFileReference section */
		D2A06EA6199C5AA20039BDAB /* swix-iOS.app */ = {isa = PBXFileReference; explicitFileType = wrapper.application; includeInIndex = 0; path = "swix-iOS.app"; sourceTree = BUILT_PRODUCTS_DIR; };
		D2A06EAA199C5AA20039BDAB /* Info.plist */ = {isa = PBXFileReference; lastKnownFileType = text.plist.xml; path = Info.plist; sourceTree = "<group>"; };
		D2A06EAB199C5AA20039BDAB /* AppDelegate.swift */ = {isa = PBXFileReference; lastKnownFileType = sourcecode.swift; path = AppDelegate.swift; sourceTree = "<group>"; };
		D2A06EAD199C5AA20039BDAB /* ViewController.swift */ = {isa = PBXFileReference; lastKnownFileType = sourcecode.swift; path = ViewController.swift; sourceTree = "<group>"; };
		D2A06EB0199C5AA20039BDAB /* Base */ = {isa = PBXFileReference; lastKnownFileType = file.storyboard; name = Base; path = Base.lproj/Main.storyboard; sourceTree = "<group>"; };
		D2A06EB2199C5AA20039BDAB /* Images.xcassets */ = {isa = PBXFileReference; lastKnownFileType = folder.assetcatalog; path = Images.xcassets; sourceTree = "<group>"; };
		D2A06EB8199C5AA20039BDAB /* swix-iOSTests.xctest */ = {isa = PBXFileReference; explicitFileType = wrapper.cfbundle; includeInIndex = 0; path = "swix-iOSTests.xctest"; sourceTree = BUILT_PRODUCTS_DIR; };
		D2A06EBD199C5AA20039BDAB /* Info.plist */ = {isa = PBXFileReference; lastKnownFileType = text.plist.xml; path = Info.plist; sourceTree = "<group>"; };
		D2A06EBE199C5AA20039BDAB /* swix_iOSTests.swift */ = {isa = PBXFileReference; lastKnownFileType = sourcecode.swift; path = swix_iOSTests.swift; sourceTree = "<group>"; };
/* End PBXFileReference section */

/* Begin PBXFrameworksBuildPhase section */
		D2A06EA3199C5AA20039BDAB /* Frameworks */ = {
			isa = PBXFrameworksBuildPhase;
			buildActionMask = 2147483647;
			files = (
			);
			runOnlyForDeploymentPostprocessing = 0;
		};
		D2A06EB5199C5AA20039BDAB /* Frameworks */ = {
			isa = PBXFrameworksBuildPhase;
			buildActionMask = 2147483647;
			files = (
			);
			runOnlyForDeploymentPostprocessing = 0;
		};
/* End PBXFrameworksBuildPhase section */

/* Begin PBXGroup section */
		D2A06E9D199C5AA20039BDAB = {
			isa = PBXGroup;
			children = (
				D2A06EA8199C5AA20039BDAB /* swix-iOS */,
				D2A06EBB199C5AA20039BDAB /* swix-iOSTests */,
				D2A06EA7199C5AA20039BDAB /* Products */,
			);
			sourceTree = "<group>";
		};
		D2A06EA7199C5AA20039BDAB /* Products */ = {
			isa = PBXGroup;
			children = (
				D2A06EA6199C5AA20039BDAB /* swix-iOS.app */,
				D2A06EB8199C5AA20039BDAB /* swix-iOSTests.xctest */,
			);
			name = Products;
			sourceTree = "<group>";
		};
		D2A06EA8199C5AA20039BDAB /* swix-iOS */ = {
			isa = PBXGroup;
			children = (
				D2A06EAB199C5AA20039BDAB /* AppDelegate.swift */,
				D2A06EAD199C5AA20039BDAB /* ViewController.swift */,
				D2A06EAF199C5AA20039BDAB /* Main.storyboard */,
				D2A06EB2199C5AA20039BDAB /* Images.xcassets */,
				D2A06EA9199C5AA20039BDAB /* Supporting Files */,
			);
			path = "swix-iOS";
			sourceTree = "<group>";
		};
		D2A06EA9199C5AA20039BDAB /* Supporting Files */ = {
			isa = PBXGroup;
			children = (
				D2A06EAA199C5AA20039BDAB /* Info.plist */,
			);
			name = "Supporting Files";
			sourceTree = "<group>";
		};
		D2A06EBB199C5AA20039BDAB /* swix-iOSTests */ = {
			isa = PBXGroup;
			children = (
				D2A06EBE199C5AA20039BDAB /* swix_iOSTests.swift */,
				D2A06EBC199C5AA20039BDAB /* Supporting Files */,
			);
			path = "swix-iOSTests";
			sourceTree = "<group>";
		};
		D2A06EBC199C5AA20039BDAB /* Supporting Files */ = {
			isa = PBXGroup;
			children = (
				D2A06EBD199C5AA20039BDAB /* Info.plist */,
			);
			name = "Supporting Files";
			sourceTree = "<group>";
		};
/* End PBXGroup section */

/* Begin PBXNativeTarget section */
		D2A06EA5199C5AA20039BDAB /* swix-iOS */ = {
			isa = PBXNativeTarget;
			buildConfigurationList = D2A06EC2199C5AA20039BDAB /* Build configuration list for PBXNativeTarget "swix-iOS" */;
			buildPhases = (
				D2A06EA2199C5AA20039BDAB /* Sources */,
				D2A06EA3199C5AA20039BDAB /* Frameworks */,
				D2A06EA4199C5AA20039BDAB /* Resources */,
			);
			buildRules = (
			);
			dependencies = (
			);
			name = "swix-iOS";
			productName = "swix-iOS";
			productReference = D2A06EA6199C5AA20039BDAB /* swix-iOS.app */;
			productType = "com.apple.product-type.application";
		};
		D2A06EB7199C5AA20039BDAB /* swix-iOSTests */ = {
			isa = PBXNativeTarget;
			buildConfigurationList = D2A06EC5199C5AA20039BDAB /* Build configuration list for PBXNativeTarget "swix-iOSTests" */;
			buildPhases = (
				D2A06EB4199C5AA20039BDAB /* Sources */,
				D2A06EB5199C5AA20039BDAB /* Frameworks */,
				D2A06EB6199C5AA20039BDAB /* Resources */,
			);
			buildRules = (
			);
			dependencies = (
				D2A06EBA199C5AA20039BDAB /* PBXTargetDependency */,
			);
			name = "swix-iOSTests";
			productName = "swix-iOSTests";
			productReference = D2A06EB8199C5AA20039BDAB /* swix-iOSTests.xctest */;
			productType = "com.apple.product-type.bundle.unit-test";
		};
/* End PBXNativeTarget section */

/* Begin PBXProject section */
		D2A06E9E199C5AA20039BDAB /* Project object */ = {
			isa = PBXProject;
			attributes = {
				LastUpgradeCheck = 0600;
				ORGANIZATIONNAME = com.scott;
				TargetAttributes = {
					D2A06EA5199C5AA20039BDAB = {
						CreatedOnToolsVersion = 6.0;
					};
					D2A06EB7199C5AA20039BDAB = {
						CreatedOnToolsVersion = 6.0;
						TestTargetID = D2A06EA5199C5AA20039BDAB;
					};
				};
			};
			buildConfigurationList = D2A06EA1199C5AA20039BDAB /* Build configuration list for PBXProject "swix-iOS" */;
			compatibilityVersion = "Xcode 3.2";
			developmentRegion = English;
			hasScannedForEncodings = 0;
			knownRegions = (
				en,
				Base,
			);
			mainGroup = D2A06E9D199C5AA20039BDAB;
			productRefGroup = D2A06EA7199C5AA20039BDAB /* Products */;
			projectDirPath = "";
			projectRoot = "";
			targets = (
				D2A06EA5199C5AA20039BDAB /* swix-iOS */,
				D2A06EB7199C5AA20039BDAB /* swix-iOSTests */,
			);
		};
/* End PBXProject section */

/* Begin PBXResourcesBuildPhase section */
		D2A06EA4199C5AA20039BDAB /* Resources */ = {
			isa = PBXResourcesBuildPhase;
			buildActionMask = 2147483647;
			files = (
				D2A06EB1199C5AA20039BDAB /* Main.storyboard in Resources */,
				D2A06EB3199C5AA20039BDAB /* Images.xcassets in Resources */,
			);
			runOnlyForDeploymentPostprocessing = 0;
		};
		D2A06EB6199C5AA20039BDAB /* Resources */ = {
			isa = PBXResourcesBuildPhase;
			buildActionMask = 2147483647;
			files = (
			);
			runOnlyForDeploymentPostprocessing = 0;
		};
/* End PBXResourcesBuildPhase section */

/* Begin PBXSourcesBuildPhase section */
		D2A06EA2199C5AA20039BDAB /* Sources */ = {
			isa = PBXSourcesBuildPhase;
			buildActionMask = 2147483647;
			files = (
				D2A06EAE199C5AA20039BDAB /* ViewController.swift in Sources */,
				D2A06EAC199C5AA20039BDAB /* AppDelegate.swift in Sources */,
			);
			runOnlyForDeploymentPostprocessing = 0;
		};
		D2A06EB4199C5AA20039BDAB /* Sources */ = {
			isa = PBXSourcesBuildPhase;
			buildActionMask = 2147483647;
			files = (
				D2A06EBF199C5AA20039BDAB /* swix_iOSTests.swift in Sources */,
			);
			runOnlyForDeploymentPostprocessing = 0;
		};
/* End PBXSourcesBuildPhase section */

/* Begin PBXTargetDependency section */
		D2A06EBA199C5AA20039BDAB /* PBXTargetDependency */ = {
			isa = PBXTargetDependency;
			target = D2A06EA5199C5AA20039BDAB /* swix-iOS */;
			targetProxy = D2A06EB9199C5AA20039BDAB /* PBXContainerItemProxy */;
		};
/* End PBXTargetDependency section */

/* Begin PBXVariantGroup section */
		D2A06EAF199C5AA20039BDAB /* Main.storyboard */ = {
			isa = PBXVariantGroup;
			children = (
				D2A06EB0199C5AA20039BDAB /* Base */,
			);
			name = Main.storyboard;
			sourceTree = "<group>";
		};
/* End PBXVariantGroup section */

/* Begin XCBuildConfiguration section */
		D2A06EC0199C5AA20039BDAB /* Debug */ = {
			isa = XCBuildConfiguration;
			buildSettings = {
				ALWAYS_SEARCH_USER_PATHS = NO;
				CLANG_CXX_LANGUAGE_STANDARD = "gnu++0x";
				CLANG_CXX_LIBRARY = "libc++";
				CLANG_ENABLE_MODULES = YES;
				CLANG_ENABLE_OBJC_ARC = YES;
				CLANG_WARN_BOOL_CONVERSION = YES;
				CLANG_WARN_CONSTANT_CONVERSION = YES;
				CLANG_WARN_DIRECT_OBJC_ISA_USAGE = YES_ERROR;
				CLANG_WARN_EMPTY_BODY = YES;
				CLANG_WARN_ENUM_CONVERSION = YES;
				CLANG_WARN_INT_CONVERSION = YES;
				CLANG_WARN_OBJC_ROOT_CLASS = YES_ERROR;
				CLANG_WARN_UNREACHABLE_CODE = YES;
				CLANG_WARN__DUPLICATE_METHOD_MATCH = YES;
				"CODE_SIGN_IDENTITY[sdk=iphoneos*]" = "iPhone Developer";
				COPY_PHASE_STRIP = NO;
				ENABLE_STRICT_OBJC_MSGSEND = YES;
				GCC_C_LANGUAGE_STANDARD = gnu99;
				GCC_DYNAMIC_NO_PIC = NO;
				GCC_OPTIMIZATION_LEVEL = 0;
				GCC_PREPROCESSOR_DEFINITIONS = (
					"DEBUG=1",
					"$(inherited)",
				);
				GCC_SYMBOLS_PRIVATE_EXTERN = NO;
				GCC_WARN_64_TO_32_BIT_CONVERSION = YES;
				GCC_WARN_ABOUT_RETURN_TYPE = YES_ERROR;
				GCC_WARN_UNDECLARED_SELECTOR = YES;
				GCC_WARN_UNINITIALIZED_AUTOS = YES_AGGRESSIVE;
				GCC_WARN_UNUSED_FUNCTION = YES;
				GCC_WARN_UNUSED_VARIABLE = YES;
				IPHONEOS_DEPLOYMENT_TARGET = 8.0;
				MTL_ENABLE_DEBUG_INFO = YES;
				ONLY_ACTIVE_ARCH = YES;
				SDKROOT = iphoneos;
				SWIFT_OBJC_BRIDGING_HEADER = "swix/objc/swix-Bridging-Header.h";
				SWIFT_OPTIMIZATION_LEVEL = "-Onone";
			};
			name = Debug;
		};
		D2A06EC1199C5AA20039BDAB /* Release */ = {
			isa = XCBuildConfiguration;
			buildSettings = {
				ALWAYS_SEARCH_USER_PATHS = NO;
				CLANG_CXX_LANGUAGE_STANDARD = "gnu++0x";
				CLANG_CXX_LIBRARY = "libc++";
				CLANG_ENABLE_MODULES = YES;
				CLANG_ENABLE_OBJC_ARC = YES;
				CLANG_WARN_BOOL_CONVERSION = YES;
				CLANG_WARN_CONSTANT_CONVERSION = YES;
				CLANG_WARN_DIRECT_OBJC_ISA_USAGE = YES_ERROR;
				CLANG_WARN_EMPTY_BODY = YES;
				CLANG_WARN_ENUM_CONVERSION = YES;
				CLANG_WARN_INT_CONVERSION = YES;
				CLANG_WARN_OBJC_ROOT_CLASS = YES_ERROR;
				CLANG_WARN_UNREACHABLE_CODE = YES;
				CLANG_WARN__DUPLICATE_METHOD_MATCH = YES;
				"CODE_SIGN_IDENTITY[sdk=iphoneos*]" = "iPhone Developer";
				COPY_PHASE_STRIP = YES;
				ENABLE_NS_ASSERTIONS = NO;
				ENABLE_STRICT_OBJC_MSGSEND = YES;
				GCC_C_LANGUAGE_STANDARD = gnu99;
				GCC_WARN_64_TO_32_BIT_CONVERSION = YES;
				GCC_WARN_ABOUT_RETURN_TYPE = YES_ERROR;
				GCC_WARN_UNDECLARED_SELECTOR = YES;
				GCC_WARN_UNINITIALIZED_AUTOS = YES_AGGRESSIVE;
				GCC_WARN_UNUSED_FUNCTION = YES;
				GCC_WARN_UNUSED_VARIABLE = YES;
				IPHONEOS_DEPLOYMENT_TARGET = 8.0;
				MTL_ENABLE_DEBUG_INFO = NO;
				SDKROOT = iphoneos;
				SWIFT_OBJC_BRIDGING_HEADER = "swix/objc/swix-Bridging-Header.h";
				VALIDATE_PRODUCT = YES;
			};
			name = Release;
		};
		D2A06EC3199C5AA20039BDAB /* Debug */ = {
			isa = XCBuildConfiguration;
			buildSettings = {
				ASSETCATALOG_COMPILER_APPICON_NAME = AppIcon;
				ASSETCATALOG_COMPILER_LAUNCHIMAGE_NAME = LaunchImage;
				FRAMEWORK_SEARCH_PATHS = (
					"$(inherited)",
					"$(PROJECT_DIR)/swix/objc",
				);
				INFOPLIST_FILE = "swix-iOS/Info.plist";
				LD_RUNPATH_SEARCH_PATHS = "$(inherited) @executable_path/Frameworks";
				PRODUCT_NAME = "$(TARGET_NAME)";
			};
			name = Debug;
		};
		D2A06EC4199C5AA20039BDAB /* Release */ = {
			isa = XCBuildConfiguration;
			buildSettings = {
				ASSETCATALOG_COMPILER_APPICON_NAME = AppIcon;
				ASSETCATALOG_COMPILER_LAUNCHIMAGE_NAME = LaunchImage;
				FRAMEWORK_SEARCH_PATHS = (
					"$(inherited)",
					"$(PROJECT_DIR)/swix/objc",
				);
				INFOPLIST_FILE = "swix-iOS/Info.plist";
				LD_RUNPATH_SEARCH_PATHS = "$(inherited) @executable_path/Frameworks";
				PRODUCT_NAME = "$(TARGET_NAME)";
			};
			name = Release;
		};
		D2A06EC6199C5AA20039BDAB /* Debug */ = {
			isa = XCBuildConfiguration;
			buildSettings = {
				BUNDLE_LOADER = "$(TEST_HOST)";
				FRAMEWORK_SEARCH_PATHS = (
					"$(SDKROOT)/Developer/Library/Frameworks",
					"$(inherited)",
					"$(PROJECT_DIR)/swix/objc",
				);
				GCC_PREPROCESSOR_DEFINITIONS = (
					"DEBUG=1",
					"$(inherited)",
				);
				INFOPLIST_FILE = "swix-iOSTests/Info.plist";
				LD_RUNPATH_SEARCH_PATHS = "$(inherited) @executable_path/Frameworks @loader_path/Frameworks";
				PRODUCT_NAME = "$(TARGET_NAME)";
				TEST_HOST = "$(BUILT_PRODUCTS_DIR)/swix-iOS.app/swix-iOS";
			};
			name = Debug;
		};
		D2A06EC7199C5AA20039BDAB /* Release */ = {
			isa = XCBuildConfiguration;
			buildSettings = {
				BUNDLE_LOADER = "$(TEST_HOST)";
				FRAMEWORK_SEARCH_PATHS = (
					"$(SDKROOT)/Developer/Library/Frameworks",
					"$(inherited)",
					"$(PROJECT_DIR)/swix/objc",
				);
				INFOPLIST_FILE = "swix-iOSTests/Info.plist";
				LD_RUNPATH_SEARCH_PATHS = "$(inherited) @executable_path/Frameworks @loader_path/Frameworks";
				PRODUCT_NAME = "$(TARGET_NAME)";
				TEST_HOST = "$(BUILT_PRODUCTS_DIR)/swix-iOS.app/swix-iOS";
			};
			name = Release;
		};
/* End XCBuildConfiguration section */

/* Begin XCConfigurationList section */
		D2A06EA1199C5AA20039BDAB /* Build configuration list for PBXProject "swix-iOS" */ = {
			isa = XCConfigurationList;
			buildConfigurations = (
				D2A06EC0199C5AA20039BDAB /* Debug */,
				D2A06EC1199C5AA20039BDAB /* Release */,
			);
			defaultConfigurationIsVisible = 0;
			defaultConfigurationName = Release;
		};
		D2A06EC2199C5AA20039BDAB /* Build configuration list for PBXNativeTarget "swix-iOS" */ = {
			isa = XCConfigurationList;
			buildConfigurations = (
				D2A06EC3199C5AA20039BDAB /* Debug */,
				D2A06EC4199C5AA20039BDAB /* Release */,
			);
			defaultConfigurationIsVisible = 0;
			defaultConfigurationName = Release;
		};
		D2A06EC5199C5AA20039BDAB /* Build configuration list for PBXNativeTarget "swix-iOSTests" */ = {
			isa = XCConfigurationList;
			buildConfigurations = (
				D2A06EC6199C5AA20039BDAB /* Debug */,
				D2A06EC7199C5AA20039BDAB /* Release */,
			);
			defaultConfigurationIsVisible = 0;
			defaultConfigurationName = Release;
		};
/* End XCConfigurationList section */
	};
	rootObject = D2A06E9E199C5AA20039BDAB /* Project object */;
}
