// !$*UTF8*$!
{
	archiveVersion = 1;
	classes = {
	};
	objectVersion = 46;
	objects = {

/* Begin PBXBuildFile section */
		D26790E8199277F400AEC368 /* AppDelegate.swift in Sources */ = {isa = PBXBuildFile; fileRef = D26790E7199277F400AEC368 /* AppDelegate.swift */; };
		D26790EA199277F400AEC368 /* ViewController.swift in Sources */ = {isa = PBXBuildFile; fileRef = D26790E9199277F400AEC368 /* ViewController.swift */; };
		D26790ED199277F400AEC368 /* Main.storyboard in Resources */ = {isa = PBXBuildFile; fileRef = D26790EB199277F400AEC368 /* Main.storyboard */; };
		D26790EF199277F400AEC368 /* Images.xcassets in Resources */ = {isa = PBXBuildFile; fileRef = D26790EE199277F400AEC368 /* Images.xcassets */; };
		D280954919991508007607E1 /* imshow.py in Resources */ = {isa = PBXBuildFile; fileRef = D280952B19991508007607E1 /* imshow.py */; };
		D280954A19991508007607E1 /* machine_learning.swift in Sources */ = {isa = PBXBuildFile; fileRef = D280952D19991508007607E1 /* machine_learning.swift */; };
		D280954B19991508007607E1 /* complex-math.swift in Sources */ = {isa = PBXBuildFile; fileRef = D280952F19991508007607E1 /* complex-math.swift */; };
		D280954C19991508007607E1 /* helper-functions.swift in Sources */ = {isa = PBXBuildFile; fileRef = D280953019991508007607E1 /* helper-functions.swift */; };
		D280954D19991508007607E1 /* image.swift in Sources */ = {isa = PBXBuildFile; fileRef = D280953119991508007607E1 /* image.swift */; };
		D280954E19991508007607E1 /* initing.swift in Sources */ = {isa = PBXBuildFile; fileRef = D280953219991508007607E1 /* initing.swift */; };
		D280954F19991508007607E1 /* matrix.swift in Sources */ = {isa = PBXBuildFile; fileRef = D280953319991508007607E1 /* matrix.swift */; };
		D280955019991508007607E1 /* operators.swift in Sources */ = {isa = PBXBuildFile; fileRef = D280953419991508007607E1 /* operators.swift */; };
		D280955119991508007607E1 /* simple-math.swift in Sources */ = {isa = PBXBuildFile; fileRef = D280953519991508007607E1 /* simple-math.swift */; };
		D280955219991508007607E1 /* complex-math.swift in Sources */ = {isa = PBXBuildFile; fileRef = D280953719991508007607E1 /* complex-math.swift */; };
		D280955319991508007607E1 /* helper-functions.swift in Sources */ = {isa = PBXBuildFile; fileRef = D280953819991508007607E1 /* helper-functions.swift */; };
		D280955419991508007607E1 /* initing.swift in Sources */ = {isa = PBXBuildFile; fileRef = D280953919991508007607E1 /* initing.swift */; };
		D280955519991508007607E1 /* ndarray.swift in Sources */ = {isa = PBXBuildFile; fileRef = D280953A19991508007607E1 /* ndarray.swift */; };
		D280955619991508007607E1 /* operators.swift in Sources */ = {isa = PBXBuildFile; fileRef = D280953B19991508007607E1 /* operators.swift */; };
		D280955719991508007607E1 /* simple-math.swift in Sources */ = {isa = PBXBuildFile; fileRef = D280953C19991508007607E1 /* simple-math.swift */; };
		D280955819991508007607E1 /* numbers.swift in Sources */ = {isa = PBXBuildFile; fileRef = D280953D19991508007607E1 /* numbers.swift */; };
		D280955919991508007607E1 /* conversion.swift in Sources */ = {isa = PBXBuildFile; fileRef = D280953F19991508007607E1 /* conversion.swift */; };
		D280955A19991508007607E1 /* machine_learning.mm in Sources */ = {isa = PBXBuildFile; fileRef = D280954019991508007607E1 /* machine_learning.mm */; };
		D280955B19991508007607E1 /* math.m in Sources */ = {isa = PBXBuildFile; fileRef = D280954119991508007607E1 /* math.m */; };
		D280955C19991508007607E1 /* opencv.mm in Sources */ = {isa = PBXBuildFile; fileRef = D280954319991508007607E1 /* opencv.mm */; };
		D280955D19991508007607E1 /* opencv2.framework in Frameworks */ = {isa = PBXBuildFile; fileRef = D280954419991508007607E1 /* opencv2.framework */; };
		D280955E19991508007607E1 /* operations-and-indexing.m in Sources */ = {isa = PBXBuildFile; fileRef = D280954519991508007607E1 /* operations-and-indexing.m */; };
		D280955F19991508007607E1 /* temp.csv in Resources */ = {isa = PBXBuildFile; fileRef = D280954819991508007607E1 /* temp.csv */; };
		D280956119991580007607E1 /* ScalarArithmetic.swift in Sources */ = {isa = PBXBuildFile; fileRef = D280956019991580007607E1 /* ScalarArithmetic.swift */; };
/* End PBXBuildFile section */

/* Begin PBXFileReference section */
		D26790E2199277F400AEC368 /* swix-iOS.app */ = {isa = PBXFileReference; explicitFileType = wrapper.application; includeInIndex = 0; path = "swix-iOS.app"; sourceTree = BUILT_PRODUCTS_DIR; };
		D26790E6199277F400AEC368 /* Info.plist */ = {isa = PBXFileReference; lastKnownFileType = text.plist.xml; path = Info.plist; sourceTree = "<group>"; };
		D26790E7199277F400AEC368 /* AppDelegate.swift */ = {isa = PBXFileReference; lastKnownFileType = sourcecode.swift; path = AppDelegate.swift; sourceTree = "<group>"; };
		D26790E9199277F400AEC368 /* ViewController.swift */ = {isa = PBXFileReference; lastKnownFileType = sourcecode.swift; path = ViewController.swift; sourceTree = "<group>"; };
		D26790EC199277F400AEC368 /* Base */ = {isa = PBXFileReference; lastKnownFileType = file.storyboard; name = Base; path = Base.lproj/Main.storyboard; sourceTree = "<group>"; };
		D26790EE199277F400AEC368 /* Images.xcassets */ = {isa = PBXFileReference; lastKnownFileType = folder.assetcatalog; path = Images.xcassets; sourceTree = "<group>"; };
		D26790F9199277F400AEC368 /* Info.plist */ = {isa = PBXFileReference; lastKnownFileType = text.plist.xml; path = Info.plist; sourceTree = "<group>"; };
		D26790FA199277F400AEC368 /* swix_iOSTests.swift */ = {isa = PBXFileReference; lastKnownFileType = sourcecode.swift; path = swix_iOSTests.swift; sourceTree = "<group>"; };
		D280952B19991508007607E1 /* imshow.py */ = {isa = PBXFileReference; fileEncoding = 4; lastKnownFileType = text.script.python; path = imshow.py; sourceTree = "<group>"; };
		D280952D19991508007607E1 /* machine_learning.swift */ = {isa = PBXFileReference; fileEncoding = 4; lastKnownFileType = sourcecode.swift; path = machine_learning.swift; sourceTree = "<group>"; };
		D280952F19991508007607E1 /* complex-math.swift */ = {isa = PBXFileReference; fileEncoding = 4; lastKnownFileType = sourcecode.swift; path = "complex-math.swift"; sourceTree = "<group>"; };
		D280953019991508007607E1 /* helper-functions.swift */ = {isa = PBXFileReference; fileEncoding = 4; lastKnownFileType = sourcecode.swift; path = "helper-functions.swift"; sourceTree = "<group>"; };
		D280953119991508007607E1 /* image.swift */ = {isa = PBXFileReference; fileEncoding = 4; lastKnownFileType = sourcecode.swift; path = image.swift; sourceTree = "<group>"; };
		D280953219991508007607E1 /* initing.swift */ = {isa = PBXFileReference; fileEncoding = 4; lastKnownFileType = sourcecode.swift; path = initing.swift; sourceTree = "<group>"; };
		D280953319991508007607E1 /* matrix.swift */ = {isa = PBXFileReference; fileEncoding = 4; lastKnownFileType = sourcecode.swift; path = matrix.swift; sourceTree = "<group>"; };
		D280953419991508007607E1 /* operators.swift */ = {isa = PBXFileReference; fileEncoding = 4; lastKnownFileType = sourcecode.swift; path = operators.swift; sourceTree = "<group>"; };
		D280953519991508007607E1 /* simple-math.swift */ = {isa = PBXFileReference; fileEncoding = 4; lastKnownFileType = sourcecode.swift; path = "simple-math.swift"; sourceTree = "<group>"; };
		D280953719991508007607E1 /* complex-math.swift */ = {isa = PBXFileReference; fileEncoding = 4; lastKnownFileType = sourcecode.swift; path = "complex-math.swift"; sourceTree = "<group>"; };
		D280953819991508007607E1 /* helper-functions.swift */ = {isa = PBXFileReference; fileEncoding = 4; lastKnownFileType = sourcecode.swift; path = "helper-functions.swift"; sourceTree = "<group>"; };
		D280953919991508007607E1 /* initing.swift */ = {isa = PBXFileReference; fileEncoding = 4; lastKnownFileType = sourcecode.swift; path = initing.swift; sourceTree = "<group>"; };
		D280953A19991508007607E1 /* ndarray.swift */ = {isa = PBXFileReference; fileEncoding = 4; lastKnownFileType = sourcecode.swift; path = ndarray.swift; sourceTree = "<group>"; };
		D280953B19991508007607E1 /* operators.swift */ = {isa = PBXFileReference; fileEncoding = 4; lastKnownFileType = sourcecode.swift; path = operators.swift; sourceTree = "<group>"; };
		D280953C19991508007607E1 /* simple-math.swift */ = {isa = PBXFileReference; fileEncoding = 4; lastKnownFileType = sourcecode.swift; path = "simple-math.swift"; sourceTree = "<group>"; };
		D280953D19991508007607E1 /* numbers.swift */ = {isa = PBXFileReference; fileEncoding = 4; lastKnownFileType = sourcecode.swift; path = numbers.swift; sourceTree = "<group>"; };
		D280953F19991508007607E1 /* conversion.swift */ = {isa = PBXFileReference; fileEncoding = 4; lastKnownFileType = sourcecode.swift; path = conversion.swift; sourceTree = "<group>"; };
		D280954019991508007607E1 /* machine_learning.mm */ = {isa = PBXFileReference; fileEncoding = 4; lastKnownFileType = sourcecode.cpp.objcpp; path = machine_learning.mm; sourceTree = "<group>"; };
		D280954119991508007607E1 /* math.m */ = {isa = PBXFileReference; fileEncoding = 4; lastKnownFileType = sourcecode.c.objc; path = math.m; sourceTree = "<group>"; };
		D280954219991508007607E1 /* OpenCV.h */ = {isa = PBXFileReference; fileEncoding = 4; lastKnownFileType = sourcecode.c.h; path = OpenCV.h; sourceTree = "<group>"; };
		D280954319991508007607E1 /* opencv.mm */ = {isa = PBXFileReference; fileEncoding = 4; lastKnownFileType = sourcecode.cpp.objcpp; path = opencv.mm; sourceTree = "<group>"; };
		D280954419991508007607E1 /* opencv2.framework */ = {isa = PBXFileReference; lastKnownFileType = wrapper.framework; path = opencv2.framework; sourceTree = "<group>"; };
		D280954519991508007607E1 /* operations-and-indexing.m */ = {isa = PBXFileReference; fileEncoding = 4; lastKnownFileType = sourcecode.c.objc; path = "operations-and-indexing.m"; sourceTree = "<group>"; };
		D280954619991508007607E1 /* swix-Bridging-Header.h */ = {isa = PBXFileReference; fileEncoding = 4; lastKnownFileType = sourcecode.c.h; path = "swix-Bridging-Header.h"; sourceTree = "<group>"; };
		D280954819991508007607E1 /* temp.csv */ = {isa = PBXFileReference; fileEncoding = 4; lastKnownFileType = text; path = temp.csv; sourceTree = "<group>"; };
		D280956019991580007607E1 /* ScalarArithmetic.swift */ = {isa = PBXFileReference; fileEncoding = 4; lastKnownFileType = sourcecode.swift; path = ScalarArithmetic.swift; sourceTree = "<group>"; };
/* End PBXFileReference section */

/* Begin PBXFrameworksBuildPhase section */
		D26790DF199277F400AEC368 /* Frameworks */ = {
			isa = PBXFrameworksBuildPhase;
			buildActionMask = 2147483647;
			files = (
				D280955D19991508007607E1 /* opencv2.framework in Frameworks */,
			);
			runOnlyForDeploymentPostprocessing = 0;
		};
/* End PBXFrameworksBuildPhase section */

/* Begin PBXGroup section */
		D26790D9199277F400AEC368 = {
			isa = PBXGroup;
			children = (
				D280956019991580007607E1 /* ScalarArithmetic.swift */,
				D280952A19991508007607E1 /* swix */,
				D26790E4199277F400AEC368 /* swix-iOS */,
				D26790F7199277F400AEC368 /* swix-iOSTests */,
				D26790E3199277F400AEC368 /* Products */,
			);
			sourceTree = "<group>";
		};
		D26790E3199277F400AEC368 /* Products */ = {
			isa = PBXGroup;
			children = (
				D26790E2199277F400AEC368 /* swix-iOS.app */,
			);
			name = Products;
			sourceTree = "<group>";
		};
		D26790E4199277F400AEC368 /* swix-iOS */ = {
			isa = PBXGroup;
			children = (
				D26790E7199277F400AEC368 /* AppDelegate.swift */,
				D26790E9199277F400AEC368 /* ViewController.swift */,
				D26790EB199277F400AEC368 /* Main.storyboard */,
				D26790EE199277F400AEC368 /* Images.xcassets */,
				D26790E5199277F400AEC368 /* Supporting Files */,
			);
			path = "swix-iOS";
			sourceTree = "<group>";
		};
		D26790E5199277F400AEC368 /* Supporting Files */ = {
			isa = PBXGroup;
			children = (
				D26790E6199277F400AEC368 /* Info.plist */,
			);
			name = "Supporting Files";
			sourceTree = "<group>";
		};
		D26790F7199277F400AEC368 /* swix-iOSTests */ = {
			isa = PBXGroup;
			children = (
				D26790FA199277F400AEC368 /* swix_iOSTests.swift */,
				D26790F8199277F400AEC368 /* Supporting Files */,
			);
			path = "swix-iOSTests";
			sourceTree = "<group>";
		};
		D26790F8199277F400AEC368 /* Supporting Files */ = {
			isa = PBXGroup;
			children = (
				D26790F9199277F400AEC368 /* Info.plist */,
			);
			name = "Supporting Files";
			sourceTree = "<group>";
		};
		D280952A19991508007607E1 /* swix */ = {
			isa = PBXGroup;
			children = (
				D280952B19991508007607E1 /* imshow.py */,
				D280952C19991508007607E1 /* machine_learning */,
				D280952E19991508007607E1 /* matrix */,
				D280953619991508007607E1 /* ndarray */,
				D280953D19991508007607E1 /* numbers.swift */,
				D280953E19991508007607E1 /* objc */,
				D280954819991508007607E1 /* temp.csv */,
			);
			path = swix;
			sourceTree = "<group>";
		};
		D280952C19991508007607E1 /* machine_learning */ = {
			isa = PBXGroup;
			children = (
				D280952D19991508007607E1 /* machine_learning.swift */,
			);
			path = machine_learning;
			sourceTree = "<group>";
		};
		D280952E19991508007607E1 /* matrix */ = {
			isa = PBXGroup;
			children = (
				D280952F19991508007607E1 /* complex-math.swift */,
				D280953019991508007607E1 /* helper-functions.swift */,
				D280953119991508007607E1 /* image.swift */,
				D280953219991508007607E1 /* initing.swift */,
				D280953319991508007607E1 /* matrix.swift */,
				D280953419991508007607E1 /* operators.swift */,
				D280953519991508007607E1 /* simple-math.swift */,
			);
			path = matrix;
			sourceTree = "<group>";
		};
		D280953619991508007607E1 /* ndarray */ = {
			isa = PBXGroup;
			children = (
				D280953719991508007607E1 /* complex-math.swift */,
				D280953819991508007607E1 /* helper-functions.swift */,
				D280953919991508007607E1 /* initing.swift */,
				D280953A19991508007607E1 /* ndarray.swift */,
				D280953B19991508007607E1 /* operators.swift */,
				D280953C19991508007607E1 /* simple-math.swift */,
			);
			path = ndarray;
			sourceTree = "<group>";
		};
		D280953E19991508007607E1 /* objc */ = {
			isa = PBXGroup;
			children = (
				D280953F19991508007607E1 /* conversion.swift */,
				D280954019991508007607E1 /* machine_learning.mm */,
				D280954119991508007607E1 /* math.m */,
				D280954219991508007607E1 /* OpenCV.h */,
				D280954319991508007607E1 /* opencv.mm */,
				D280954419991508007607E1 /* opencv2.framework */,
				D280954519991508007607E1 /* operations-and-indexing.m */,
				D280954619991508007607E1 /* swix-Bridging-Header.h */,
			);
			path = objc;
			sourceTree = "<group>";
		};
/* End PBXGroup section */

/* Begin PBXNativeTarget section */
		D26790E1199277F400AEC368 /* swix-iOS */ = {
			isa = PBXNativeTarget;
			buildConfigurationList = D26790FE199277F400AEC368 /* Build configuration list for PBXNativeTarget "swix-iOS" */;
			buildPhases = (
				D26790DE199277F400AEC368 /* Sources */,
				D26790DF199277F400AEC368 /* Frameworks */,
				D26790E0199277F400AEC368 /* Resources */,
			);
			buildRules = (
			);
			dependencies = (
			);
			name = "swix-iOS";
			productName = "swix-iOS";
			productReference = D26790E2199277F400AEC368 /* swix-iOS.app */;
			productType = "com.apple.product-type.application";
		};
/* End PBXNativeTarget section */

/* Begin PBXProject section */
		D26790DA199277F400AEC368 /* Project object */ = {
			isa = PBXProject;
			attributes = {
				LastUpgradeCheck = 0600;
				ORGANIZATIONNAME = com.scott;
				TargetAttributes = {
					D26790E1199277F400AEC368 = {
						CreatedOnToolsVersion = 6.0;
					};
				};
			};
			buildConfigurationList = D26790DD199277F400AEC368 /* Build configuration list for PBXProject "swix-iOS" */;
			compatibilityVersion = "Xcode 3.2";
			developmentRegion = English;
			hasScannedForEncodings = 0;
			knownRegions = (
				en,
				Base,
			);
			mainGroup = D26790D9199277F400AEC368;
			productRefGroup = D26790E3199277F400AEC368 /* Products */;
			projectDirPath = "";
			projectRoot = "";
			targets = (
				D26790E1199277F400AEC368 /* swix-iOS */,
			);
		};
/* End PBXProject section */

/* Begin PBXResourcesBuildPhase section */
		D26790E0199277F400AEC368 /* Resources */ = {
			isa = PBXResourcesBuildPhase;
			buildActionMask = 2147483647;
			files = (
				D280955F19991508007607E1 /* temp.csv in Resources */,
				D26790ED199277F400AEC368 /* Main.storyboard in Resources */,
				D26790EF199277F400AEC368 /* Images.xcassets in Resources */,
				D280954919991508007607E1 /* imshow.py in Resources */,
			);
			runOnlyForDeploymentPostprocessing = 0;
		};
/* End PBXResourcesBuildPhase section */

/* Begin PBXSourcesBuildPhase section */
		D26790DE199277F400AEC368 /* Sources */ = {
			isa = PBXSourcesBuildPhase;
			buildActionMask = 2147483647;
			files = (
				D280954E19991508007607E1 /* initing.swift in Sources */,
				D280955E19991508007607E1 /* operations-and-indexing.m in Sources */,
				D280955219991508007607E1 /* complex-math.swift in Sources */,
				D280954B19991508007607E1 /* complex-math.swift in Sources */,
				D280955819991508007607E1 /* numbers.swift in Sources */,
				D280955319991508007607E1 /* helper-functions.swift in Sources */,
				D280955019991508007607E1 /* operators.swift in Sources */,
				D280954C19991508007607E1 /* helper-functions.swift in Sources */,
				D280956119991580007607E1 /* ScalarArithmetic.swift in Sources */,
				D280955919991508007607E1 /* conversion.swift in Sources */,
				D26790EA199277F400AEC368 /* ViewController.swift in Sources */,
				D280954F19991508007607E1 /* matrix.swift in Sources */,
				D280955C19991508007607E1 /* opencv.mm in Sources */,
				D26790E8199277F400AEC368 /* AppDelegate.swift in Sources */,
				D280955A19991508007607E1 /* machine_learning.mm in Sources */,
				D280954A19991508007607E1 /* machine_learning.swift in Sources */,
				D280955419991508007607E1 /* initing.swift in Sources */,
				D280954D19991508007607E1 /* image.swift in Sources */,
				D280955B19991508007607E1 /* math.m in Sources */,
				D280955119991508007607E1 /* simple-math.swift in Sources */,
				D280955719991508007607E1 /* simple-math.swift in Sources */,
				D280955519991508007607E1 /* ndarray.swift in Sources */,
				D280955619991508007607E1 /* operators.swift in Sources */,
			);
			runOnlyForDeploymentPostprocessing = 0;
		};
/* End PBXSourcesBuildPhase section */

/* Begin PBXVariantGroup section */
		D26790EB199277F400AEC368 /* Main.storyboard */ = {
			isa = PBXVariantGroup;
			children = (
				D26790EC199277F400AEC368 /* Base */,
			);
			name = Main.storyboard;
			sourceTree = "<group>";
		};
/* End PBXVariantGroup section */

/* Begin XCBuildConfiguration section */
		D26790FC199277F400AEC368 /* Debug */ = {
			isa = XCBuildConfiguration;
			buildSettings = {
				ALWAYS_SEARCH_USER_PATHS = NO;
				CLANG_CXX_LANGUAGE_STANDARD = "gnu++0x";
				CLANG_CXX_LIBRARY = "libc++";
				CLANG_ENABLE_MODULES = YES;
				CLANG_ENABLE_OBJC_ARC = YES;
				CLANG_WARN_BOOL_CONVERSION = YES;
				CLANG_WARN_CONSTANT_CONVERSION = YES;
				CLANG_WARN_DIRECT_OBJC_ISA_USAGE = YES_ERROR;
				CLANG_WARN_EMPTY_BODY = YES;
				CLANG_WARN_ENUM_CONVERSION = YES;
				CLANG_WARN_INT_CONVERSION = YES;
				CLANG_WARN_OBJC_ROOT_CLASS = YES_ERROR;
				CLANG_WARN_UNREACHABLE_CODE = YES;
				CLANG_WARN__DUPLICATE_METHOD_MATCH = YES;
				"CODE_SIGN_IDENTITY[sdk=iphoneos*]" = "iPhone Developer";
				COPY_PHASE_STRIP = NO;
				ENABLE_STRICT_OBJC_MSGSEND = YES;
				GCC_C_LANGUAGE_STANDARD = gnu99;
				GCC_DYNAMIC_NO_PIC = NO;
				GCC_OPTIMIZATION_LEVEL = 0;
				GCC_PREPROCESSOR_DEFINITIONS = (
					"DEBUG=1",
					"$(inherited)",
				);
				GCC_SYMBOLS_PRIVATE_EXTERN = NO;
				GCC_WARN_64_TO_32_BIT_CONVERSION = YES;
				GCC_WARN_ABOUT_RETURN_TYPE = YES_ERROR;
				GCC_WARN_UNDECLARED_SELECTOR = YES;
				GCC_WARN_UNINITIALIZED_AUTOS = YES_AGGRESSIVE;
				GCC_WARN_UNUSED_FUNCTION = YES;
				GCC_WARN_UNUSED_VARIABLE = YES;
				IPHONEOS_DEPLOYMENT_TARGET = 8.0;
				MTL_ENABLE_DEBUG_INFO = YES;
				ONLY_ACTIVE_ARCH = YES;
				SDKROOT = iphoneos;
				SWIFT_OBJC_BRIDGING_HEADER = "swix-iOS/swix/objc/swix-Bridging-Header.h";
				SWIFT_OPTIMIZATION_LEVEL = "-Onone";
			};
			name = Debug;
		};
		D26790FD199277F400AEC368 /* Release */ = {
			isa = XCBuildConfiguration;
			buildSettings = {
				ALWAYS_SEARCH_USER_PATHS = NO;
				CLANG_CXX_LANGUAGE_STANDARD = "gnu++0x";
				CLANG_CXX_LIBRARY = "libc++";
				CLANG_ENABLE_MODULES = YES;
				CLANG_ENABLE_OBJC_ARC = YES;
				CLANG_WARN_BOOL_CONVERSION = YES;
				CLANG_WARN_CONSTANT_CONVERSION = YES;
				CLANG_WARN_DIRECT_OBJC_ISA_USAGE = YES_ERROR;
				CLANG_WARN_EMPTY_BODY = YES;
				CLANG_WARN_ENUM_CONVERSION = YES;
				CLANG_WARN_INT_CONVERSION = YES;
				CLANG_WARN_OBJC_ROOT_CLASS = YES_ERROR;
				CLANG_WARN_UNREACHABLE_CODE = YES;
				CLANG_WARN__DUPLICATE_METHOD_MATCH = YES;
				"CODE_SIGN_IDENTITY[sdk=iphoneos*]" = "iPhone Developer";
				COPY_PHASE_STRIP = YES;
				ENABLE_NS_ASSERTIONS = NO;
				ENABLE_STRICT_OBJC_MSGSEND = YES;
				GCC_C_LANGUAGE_STANDARD = gnu99;
				GCC_WARN_64_TO_32_BIT_CONVERSION = YES;
				GCC_WARN_ABOUT_RETURN_TYPE = YES_ERROR;
				GCC_WARN_UNDECLARED_SELECTOR = YES;
				GCC_WARN_UNINITIALIZED_AUTOS = YES_AGGRESSIVE;
				GCC_WARN_UNUSED_FUNCTION = YES;
				GCC_WARN_UNUSED_VARIABLE = YES;
				IPHONEOS_DEPLOYMENT_TARGET = 8.0;
				MTL_ENABLE_DEBUG_INFO = NO;
				SDKROOT = iphoneos;
				SWIFT_OBJC_BRIDGING_HEADER = "swix-iOS/swix/objc/swix-Bridging-Header.h";
				VALIDATE_PRODUCT = YES;
			};
			name = Release;
		};
		D26790FF199277F400AEC368 /* Debug */ = {
			isa = XCBuildConfiguration;
			buildSettings = {
				ASSETCATALOG_COMPILER_APPICON_NAME = AppIcon;
				ASSETCATALOG_COMPILER_LAUNCHIMAGE_NAME = LaunchImage;
				FRAMEWORK_SEARCH_PATHS = (
					"$(inherited)",
					"$(PROJECT_DIR)/swix-iOS/swix/objc",
					"$(PROJECT_DIR)/swix/objc",
				);
				INFOPLIST_FILE = "swix-iOS/Info.plist";
				LD_RUNPATH_SEARCH_PATHS = "$(inherited) @executable_path/Frameworks";
				PRODUCT_NAME = "$(TARGET_NAME)";
				SWIFT_OBJC_BRIDGING_HEADER = "swix/objc/swix-Bridging-Header.h";
				SWIFT_OPTIMIZATION_LEVEL = "-Ounchecked";
			};
			name = Debug;
		};
		D2679100199277F400AEC368 /* Release */ = {
			isa = XCBuildConfiguration;
			buildSettings = {
				ASSETCATALOG_COMPILER_APPICON_NAME = AppIcon;
				ASSETCATALOG_COMPILER_LAUNCHIMAGE_NAME = LaunchImage;
				FRAMEWORK_SEARCH_PATHS = (
					"$(inherited)",
					"$(PROJECT_DIR)/swix-iOS/swix/objc",
					"$(PROJECT_DIR)/swix/objc",
				);
				INFOPLIST_FILE = "swix-iOS/Info.plist";
				LD_RUNPATH_SEARCH_PATHS = "$(inherited) @executable_path/Frameworks";
				PRODUCT_NAME = "$(TARGET_NAME)";
				SWIFT_OBJC_BRIDGING_HEADER = "swix/objc/swix-Bridging-Header.h";
			};
			name = Release;
		};
/* End XCBuildConfiguration section */

/* Begin XCConfigurationList section */
		D26790DD199277F400AEC368 /* Build configuration list for PBXProject "swix-iOS" */ = {
			isa = XCConfigurationList;
			buildConfigurations = (
				D26790FC199277F400AEC368 /* Debug */,
				D26790FD199277F400AEC368 /* Release */,
			);
			defaultConfigurationIsVisible = 0;
			defaultConfigurationName = Release;
		};
		D26790FE199277F400AEC368 /* Build configuration list for PBXNativeTarget "swix-iOS" */ = {
			isa = XCConfigurationList;
			buildConfigurations = (
				D26790FF199277F400AEC368 /* Debug */,
				D2679100199277F400AEC368 /* Release */,
			);
			defaultConfigurationIsVisible = 0;
			defaultConfigurationName = Release;
		};
/* End XCConfigurationList section */
	};
	rootObject = D26790DA199277F400AEC368 /* Project object */;
}
