// !$*UTF8*$!
{
	archiveVersion = 1;
	classes = {
	};
	objectVersion = 46;
	objects = {

/* Begin PBXBuildFile section */
		D216B7121971BE6300D8CAE8 /* main.m in Sources */ = {isa = PBXBuildFile; fileRef = D216B7111971BE6300D8CAE8 /* main.m */; };
		D216B7151971BE6300D8CAE8 /* AppDelegate.m in Sources */ = {isa = PBXBuildFile; fileRef = D216B7141971BE6300D8CAE8 /* AppDelegate.m */; };
		D216B7181971BE6300D8CAE8 /* ViewController.m in Sources */ = {isa = PBXBuildFile; fileRef = D216B7171971BE6300D8CAE8 /* ViewController.m */; };
		D216B71B1971BE6300D8CAE8 /* Main.storyboard in Resources */ = {isa = PBXBuildFile; fileRef = D216B7191971BE6300D8CAE8 /* Main.storyboard */; };
		D216B71D1971BE6300D8CAE8 /* Images.xcassets in Resources */ = {isa = PBXBuildFile; fileRef = D216B71C1971BE6300D8CAE8 /* Images.xcassets */; };
		D216B7291971BE6300D8CAE8 /* swix_iOS_objcTests.m in Sources */ = {isa = PBXBuildFile; fileRef = D216B7281971BE6300D8CAE8 /* swix_iOS_objcTests.m */; };
		D216B7431971BE7600D8CAE8 /* math.swift in Sources */ = {isa = PBXBuildFile; fileRef = D216B7331971BE7600D8CAE8 /* math.swift */; };
		D216B7441971BE7600D8CAE8 /* numbers.swift in Sources */ = {isa = PBXBuildFile; fileRef = D216B7341971BE7600D8CAE8 /* numbers.swift */; };
		D216B7451971BE7600D8CAE8 /* conversion.swift in Sources */ = {isa = PBXBuildFile; fileRef = D216B7361971BE7600D8CAE8 /* conversion.swift */; };
		D216B7461971BE7600D8CAE8 /* math.m in Sources */ = {isa = PBXBuildFile; fileRef = D216B7371971BE7600D8CAE8 /* math.m */; };
		D216B7471971BE7600D8CAE8 /* matrix.swift in Sources */ = {isa = PBXBuildFile; fileRef = D216B73A1971BE7600D8CAE8 /* matrix.swift */; };
		D216B7481971BE7600D8CAE8 /* oneD-initing.swift in Sources */ = {isa = PBXBuildFile; fileRef = D216B73B1971BE7600D8CAE8 /* oneD-initing.swift */; };
		D216B7491971BE7600D8CAE8 /* oneD-operators.swift in Sources */ = {isa = PBXBuildFile; fileRef = D216B73C1971BE7600D8CAE8 /* oneD-operators.swift */; };
		D216B74A1971BE7600D8CAE8 /* oneD-simple-math.swift in Sources */ = {isa = PBXBuildFile; fileRef = D216B73D1971BE7600D8CAE8 /* oneD-simple-math.swift */; };
		D216B74B1971BE7600D8CAE8 /* matrix2d.swift in Sources */ = {isa = PBXBuildFile; fileRef = D216B73F1971BE7600D8CAE8 /* matrix2d.swift */; };
		D216B74C1971BE7600D8CAE8 /* twoD-initing.swift in Sources */ = {isa = PBXBuildFile; fileRef = D216B7401971BE7600D8CAE8 /* twoD-initing.swift */; };
		D216B74D1971BE7600D8CAE8 /* twoD-operators.swift in Sources */ = {isa = PBXBuildFile; fileRef = D216B7411971BE7600D8CAE8 /* twoD-operators.swift */; };
		D216B74E1971BE7600D8CAE8 /* twoD-simple-math.swift in Sources */ = {isa = PBXBuildFile; fileRef = D216B7421971BE7600D8CAE8 /* twoD-simple-math.swift */; };
		D216B7501971BEB900D8CAE8 /* test.swift in Sources */ = {isa = PBXBuildFile; fileRef = D216B74F1971BEB900D8CAE8 /* test.swift */; };
/* End PBXBuildFile section */

/* Begin PBXContainerItemProxy section */
		D216B7231971BE6300D8CAE8 /* PBXContainerItemProxy */ = {
			isa = PBXContainerItemProxy;
			containerPortal = D216B7041971BE6300D8CAE8 /* Project object */;
			proxyType = 1;
			remoteGlobalIDString = D216B70B1971BE6300D8CAE8;
			remoteInfo = "swix-iOS-objc";
		};
/* End PBXContainerItemProxy section */

/* Begin PBXFileReference section */
		D216B70C1971BE6300D8CAE8 /* swixiOSobjc.app */ = {isa = PBXFileReference; explicitFileType = wrapper.application; includeInIndex = 0; path = swixiOSobjc.app; sourceTree = BUILT_PRODUCTS_DIR; };
		D216B7101971BE6300D8CAE8 /* Info.plist */ = {isa = PBXFileReference; lastKnownFileType = text.plist.xml; path = Info.plist; sourceTree = "<group>"; };
		D216B7111971BE6300D8CAE8 /* main.m */ = {isa = PBXFileReference; lastKnownFileType = sourcecode.c.objc; path = main.m; sourceTree = "<group>"; };
		D216B7131971BE6300D8CAE8 /* AppDelegate.h */ = {isa = PBXFileReference; lastKnownFileType = sourcecode.c.h; path = AppDelegate.h; sourceTree = "<group>"; };
		D216B7141971BE6300D8CAE8 /* AppDelegate.m */ = {isa = PBXFileReference; lastKnownFileType = sourcecode.c.objc; path = AppDelegate.m; sourceTree = "<group>"; };
		D216B7161971BE6300D8CAE8 /* ViewController.h */ = {isa = PBXFileReference; lastKnownFileType = sourcecode.c.h; path = ViewController.h; sourceTree = "<group>"; };
		D216B7171971BE6300D8CAE8 /* ViewController.m */ = {isa = PBXFileReference; lastKnownFileType = sourcecode.c.objc; path = ViewController.m; sourceTree = "<group>"; };
		D216B71A1971BE6300D8CAE8 /* Base */ = {isa = PBXFileReference; lastKnownFileType = file.storyboard; name = Base; path = Base.lproj/Main.storyboard; sourceTree = "<group>"; };
		D216B71C1971BE6300D8CAE8 /* Images.xcassets */ = {isa = PBXFileReference; lastKnownFileType = folder.assetcatalog; path = Images.xcassets; sourceTree = "<group>"; };
		D216B7221971BE6300D8CAE8 /* swixiOSobjcTests.xctest */ = {isa = PBXFileReference; explicitFileType = wrapper.cfbundle; includeInIndex = 0; path = swixiOSobjcTests.xctest; sourceTree = BUILT_PRODUCTS_DIR; };
		D216B7271971BE6300D8CAE8 /* Info.plist */ = {isa = PBXFileReference; lastKnownFileType = text.plist.xml; path = Info.plist; sourceTree = "<group>"; };
		D216B7281971BE6300D8CAE8 /* swix_iOS_objcTests.m */ = {isa = PBXFileReference; lastKnownFileType = sourcecode.c.objc; path = swix_iOS_objcTests.m; sourceTree = "<group>"; };
		D216B7331971BE7600D8CAE8 /* math.swift */ = {isa = PBXFileReference; fileEncoding = 4; lastKnownFileType = sourcecode.swift; path = math.swift; sourceTree = "<group>"; };
		D216B7341971BE7600D8CAE8 /* numbers.swift */ = {isa = PBXFileReference; fileEncoding = 4; lastKnownFileType = sourcecode.swift; path = numbers.swift; sourceTree = "<group>"; };
		D216B7361971BE7600D8CAE8 /* conversion.swift */ = {isa = PBXFileReference; fileEncoding = 4; lastKnownFileType = sourcecode.swift; path = conversion.swift; sourceTree = "<group>"; };
		D216B7371971BE7600D8CAE8 /* math.m */ = {isa = PBXFileReference; fileEncoding = 4; lastKnownFileType = sourcecode.c.objc; path = math.m; sourceTree = "<group>"; };
		D216B7381971BE7600D8CAE8 /* swix-Bridging-Header.h */ = {isa = PBXFileReference; fileEncoding = 4; lastKnownFileType = sourcecode.c.h; path = "swix-Bridging-Header.h"; sourceTree = "<group>"; };
		D216B73A1971BE7600D8CAE8 /* matrix.swift */ = {isa = PBXFileReference; fileEncoding = 4; lastKnownFileType = sourcecode.swift; path = matrix.swift; sourceTree = "<group>"; };
		D216B73B1971BE7600D8CAE8 /* oneD-initing.swift */ = {isa = PBXFileReference; fileEncoding = 4; lastKnownFileType = sourcecode.swift; path = "oneD-initing.swift"; sourceTree = "<group>"; };
		D216B73C1971BE7600D8CAE8 /* oneD-operators.swift */ = {isa = PBXFileReference; fileEncoding = 4; lastKnownFileType = sourcecode.swift; path = "oneD-operators.swift"; sourceTree = "<group>"; };
		D216B73D1971BE7600D8CAE8 /* oneD-simple-math.swift */ = {isa = PBXFileReference; fileEncoding = 4; lastKnownFileType = sourcecode.swift; path = "oneD-simple-math.swift"; sourceTree = "<group>"; };
		D216B73F1971BE7600D8CAE8 /* matrix2d.swift */ = {isa = PBXFileReference; fileEncoding = 4; lastKnownFileType = sourcecode.swift; path = matrix2d.swift; sourceTree = "<group>"; };
		D216B7401971BE7600D8CAE8 /* twoD-initing.swift */ = {isa = PBXFileReference; fileEncoding = 4; lastKnownFileType = sourcecode.swift; path = "twoD-initing.swift"; sourceTree = "<group>"; };
		D216B7411971BE7600D8CAE8 /* twoD-operators.swift */ = {isa = PBXFileReference; fileEncoding = 4; lastKnownFileType = sourcecode.swift; path = "twoD-operators.swift"; sourceTree = "<group>"; };
		D216B7421971BE7600D8CAE8 /* twoD-simple-math.swift */ = {isa = PBXFileReference; fileEncoding = 4; lastKnownFileType = sourcecode.swift; path = "twoD-simple-math.swift"; sourceTree = "<group>"; };
		D216B74F1971BEB900D8CAE8 /* test.swift */ = {isa = PBXFileReference; fileEncoding = 4; lastKnownFileType = sourcecode.swift; path = test.swift; sourceTree = "<group>"; };
/* End PBXFileReference section */

/* Begin PBXFrameworksBuildPhase section */
		D216B7091971BE6300D8CAE8 /* Frameworks */ = {
			isa = PBXFrameworksBuildPhase;
			buildActionMask = 2147483647;
			files = (
			);
			runOnlyForDeploymentPostprocessing = 0;
		};
		D216B71F1971BE6300D8CAE8 /* Frameworks */ = {
			isa = PBXFrameworksBuildPhase;
			buildActionMask = 2147483647;
			files = (
			);
			runOnlyForDeploymentPostprocessing = 0;
		};
/* End PBXFrameworksBuildPhase section */

/* Begin PBXGroup section */
		D216B7031971BE6300D8CAE8 = {
			isa = PBXGroup;
			children = (
				D216B7321971BE7600D8CAE8 /* swix */,
				D216B70E1971BE6300D8CAE8 /* swix-iOS-objc */,
				D216B7251971BE6300D8CAE8 /* swix-iOS-objcTests */,
				D216B70D1971BE6300D8CAE8 /* Products */,
			);
			sourceTree = "<group>";
		};
		D216B70D1971BE6300D8CAE8 /* Products */ = {
			isa = PBXGroup;
			children = (
				D216B70C1971BE6300D8CAE8 /* swixiOSobjc.app */,
				D216B7221971BE6300D8CAE8 /* swixiOSobjcTests.xctest */,
			);
			name = Products;
			sourceTree = "<group>";
		};
		D216B70E1971BE6300D8CAE8 /* swix-iOS-objc */ = {
			isa = PBXGroup;
			children = (
				D216B7131971BE6300D8CAE8 /* AppDelegate.h */,
				D216B7141971BE6300D8CAE8 /* AppDelegate.m */,
				D216B7161971BE6300D8CAE8 /* ViewController.h */,
				D216B7171971BE6300D8CAE8 /* ViewController.m */,
				D216B74F1971BEB900D8CAE8 /* test.swift */,
				D216B7191971BE6300D8CAE8 /* Main.storyboard */,
				D216B71C1971BE6300D8CAE8 /* Images.xcassets */,
				D216B70F1971BE6300D8CAE8 /* Supporting Files */,
			);
			path = "swix-iOS-objc";
			sourceTree = "<group>";
		};
		D216B70F1971BE6300D8CAE8 /* Supporting Files */ = {
			isa = PBXGroup;
			children = (
				D216B7101971BE6300D8CAE8 /* Info.plist */,
				D216B7111971BE6300D8CAE8 /* main.m */,
			);
			name = "Supporting Files";
			sourceTree = "<group>";
		};
		D216B7251971BE6300D8CAE8 /* swix-iOS-objcTests */ = {
			isa = PBXGroup;
			children = (
				D216B7281971BE6300D8CAE8 /* swix_iOS_objcTests.m */,
				D216B7261971BE6300D8CAE8 /* Supporting Files */,
			);
			path = "swix-iOS-objcTests";
			sourceTree = "<group>";
		};
		D216B7261971BE6300D8CAE8 /* Supporting Files */ = {
			isa = PBXGroup;
			children = (
				D216B7271971BE6300D8CAE8 /* Info.plist */,
			);
			name = "Supporting Files";
			sourceTree = "<group>";
		};
		D216B7321971BE7600D8CAE8 /* swix */ = {
			isa = PBXGroup;
			children = (
				D216B7331971BE7600D8CAE8 /* math.swift */,
				D216B7341971BE7600D8CAE8 /* numbers.swift */,
				D216B7351971BE7600D8CAE8 /* objc */,
				D216B7391971BE7600D8CAE8 /* oneD */,
				D216B73E1971BE7600D8CAE8 /* twoD */,
			);
			path = swix;
			sourceTree = "<group>";
		};
		D216B7351971BE7600D8CAE8 /* objc */ = {
			isa = PBXGroup;
			children = (
				D216B7361971BE7600D8CAE8 /* conversion.swift */,
				D216B7371971BE7600D8CAE8 /* math.m */,
				D216B7381971BE7600D8CAE8 /* swix-Bridging-Header.h */,
			);
			path = objc;
			sourceTree = "<group>";
		};
		D216B7391971BE7600D8CAE8 /* oneD */ = {
			isa = PBXGroup;
			children = (
				D216B73A1971BE7600D8CAE8 /* matrix.swift */,
				D216B73B1971BE7600D8CAE8 /* oneD-initing.swift */,
				D216B73C1971BE7600D8CAE8 /* oneD-operators.swift */,
				D216B73D1971BE7600D8CAE8 /* oneD-simple-math.swift */,
			);
			path = oneD;
			sourceTree = "<group>";
		};
		D216B73E1971BE7600D8CAE8 /* twoD */ = {
			isa = PBXGroup;
			children = (
				D216B73F1971BE7600D8CAE8 /* matrix2d.swift */,
				D216B7401971BE7600D8CAE8 /* twoD-initing.swift */,
				D216B7411971BE7600D8CAE8 /* twoD-operators.swift */,
				D216B7421971BE7600D8CAE8 /* twoD-simple-math.swift */,
			);
			path = twoD;
			sourceTree = "<group>";
		};
/* End PBXGroup section */

/* Begin PBXNativeTarget section */
		D216B70B1971BE6300D8CAE8 /* swixiOSobjc */ = {
			isa = PBXNativeTarget;
			buildConfigurationList = D216B72C1971BE6300D8CAE8 /* Build configuration list for PBXNativeTarget "swixiOSobjc" */;
			buildPhases = (
				D216B7081971BE6300D8CAE8 /* Sources */,
				D216B7091971BE6300D8CAE8 /* Frameworks */,
				D216B70A1971BE6300D8CAE8 /* Resources */,
			);
			buildRules = (
			);
			dependencies = (
			);
			name = swixiOSobjc;
			productName = "swix-iOS-objc";
			productReference = D216B70C1971BE6300D8CAE8 /* swixiOSobjc.app */;
			productType = "com.apple.product-type.application";
		};
		D216B7211971BE6300D8CAE8 /* swixiOSobjcTests */ = {
			isa = PBXNativeTarget;
			buildConfigurationList = D216B72F1971BE6300D8CAE8 /* Build configuration list for PBXNativeTarget "swixiOSobjcTests" */;
			buildPhases = (
				D216B71E1971BE6300D8CAE8 /* Sources */,
				D216B71F1971BE6300D8CAE8 /* Frameworks */,
				D216B7201971BE6300D8CAE8 /* Resources */,
			);
			buildRules = (
			);
			dependencies = (
				D216B7241971BE6300D8CAE8 /* PBXTargetDependency */,
			);
			name = swixiOSobjcTests;
			productName = "swix-iOS-objcTests";
			productReference = D216B7221971BE6300D8CAE8 /* swixiOSobjcTests.xctest */;
			productType = "com.apple.product-type.bundle.unit-test";
		};
/* End PBXNativeTarget section */

/* Begin PBXProject section */
		D216B7041971BE6300D8CAE8 /* Project object */ = {
			isa = PBXProject;
			attributes = {
				LastUpgradeCheck = 0600;
				ORGANIZATIONNAME = com.scott;
				TargetAttributes = {
					D216B70B1971BE6300D8CAE8 = {
						CreatedOnToolsVersion = 6.0;
					};
					D216B7211971BE6300D8CAE8 = {
						CreatedOnToolsVersion = 6.0;
						TestTargetID = D216B70B1971BE6300D8CAE8;
					};
				};
			};
			buildConfigurationList = D216B7071971BE6300D8CAE8 /* Build configuration list for PBXProject "swixiOSobjc" */;
			compatibilityVersion = "Xcode 3.2";
			developmentRegion = English;
			hasScannedForEncodings = 0;
			knownRegions = (
				en,
				Base,
			);
			mainGroup = D216B7031971BE6300D8CAE8;
			productRefGroup = D216B70D1971BE6300D8CAE8 /* Products */;
			projectDirPath = "";
			projectRoot = "";
			targets = (
				D216B70B1971BE6300D8CAE8 /* swixiOSobjc */,
				D216B7211971BE6300D8CAE8 /* swixiOSobjcTests */,
			);
		};
/* End PBXProject section */

/* Begin PBXResourcesBuildPhase section */
		D216B70A1971BE6300D8CAE8 /* Resources */ = {
			isa = PBXResourcesBuildPhase;
			buildActionMask = 2147483647;
			files = (
				D216B71B1971BE6300D8CAE8 /* Main.storyboard in Resources */,
				D216B71D1971BE6300D8CAE8 /* Images.xcassets in Resources */,
			);
			runOnlyForDeploymentPostprocessing = 0;
		};
		D216B7201971BE6300D8CAE8 /* Resources */ = {
			isa = PBXResourcesBuildPhase;
			buildActionMask = 2147483647;
			files = (
			);
			runOnlyForDeploymentPostprocessing = 0;
		};
/* End PBXResourcesBuildPhase section */

/* Begin PBXSourcesBuildPhase section */
		D216B7081971BE6300D8CAE8 /* Sources */ = {
			isa = PBXSourcesBuildPhase;
			buildActionMask = 2147483647;
			files = (
				D216B7181971BE6300D8CAE8 /* ViewController.m in Sources */,
				D216B74A1971BE7600D8CAE8 /* oneD-simple-math.swift in Sources */,
				D216B7451971BE7600D8CAE8 /* conversion.swift in Sources */,
				D216B74C1971BE7600D8CAE8 /* twoD-initing.swift in Sources */,
				D216B7151971BE6300D8CAE8 /* AppDelegate.m in Sources */,
				D216B7501971BEB900D8CAE8 /* test.swift in Sources */,
				D216B7121971BE6300D8CAE8 /* main.m in Sources */,
				D216B7471971BE7600D8CAE8 /* matrix.swift in Sources */,
				D216B74D1971BE7600D8CAE8 /* twoD-operators.swift in Sources */,
				D216B7441971BE7600D8CAE8 /* numbers.swift in Sources */,
				D216B7481971BE7600D8CAE8 /* oneD-initing.swift in Sources */,
				D216B74B1971BE7600D8CAE8 /* matrix2d.swift in Sources */,
				D216B74E1971BE7600D8CAE8 /* twoD-simple-math.swift in Sources */,
				D216B7491971BE7600D8CAE8 /* oneD-operators.swift in Sources */,
				D216B7461971BE7600D8CAE8 /* math.m in Sources */,
				D216B7431971BE7600D8CAE8 /* math.swift in Sources */,
			);
			runOnlyForDeploymentPostprocessing = 0;
		};
		D216B71E1971BE6300D8CAE8 /* Sources */ = {
			isa = PBXSourcesBuildPhase;
			buildActionMask = 2147483647;
			files = (
				D216B7291971BE6300D8CAE8 /* swix_iOS_objcTests.m in Sources */,
			);
			runOnlyForDeploymentPostprocessing = 0;
		};
/* End PBXSourcesBuildPhase section */

/* Begin PBXTargetDependency section */
		D216B7241971BE6300D8CAE8 /* PBXTargetDependency */ = {
			isa = PBXTargetDependency;
			target = D216B70B1971BE6300D8CAE8 /* swixiOSobjc */;
			targetProxy = D216B7231971BE6300D8CAE8 /* PBXContainerItemProxy */;
		};
/* End PBXTargetDependency section */

/* Begin PBXVariantGroup section */
		D216B7191971BE6300D8CAE8 /* Main.storyboard */ = {
			isa = PBXVariantGroup;
			children = (
				D216B71A1971BE6300D8CAE8 /* Base */,
			);
			name = Main.storyboard;
			sourceTree = "<group>";
		};
/* End PBXVariantGroup section */

/* Begin XCBuildConfiguration section */
		D216B72A1971BE6300D8CAE8 /* Debug */ = {
			isa = XCBuildConfiguration;
			buildSettings = {
				ALWAYS_SEARCH_USER_PATHS = NO;
				CLANG_CXX_LANGUAGE_STANDARD = "gnu++0x";
				CLANG_CXX_LIBRARY = "libc++";
				CLANG_ENABLE_MODULES = YES;
				CLANG_ENABLE_OBJC_ARC = YES;
				CLANG_WARN_BOOL_CONVERSION = YES;
				CLANG_WARN_CONSTANT_CONVERSION = YES;
				CLANG_WARN_DIRECT_OBJC_ISA_USAGE = YES_ERROR;
				CLANG_WARN_EMPTY_BODY = YES;
				CLANG_WARN_ENUM_CONVERSION = YES;
				CLANG_WARN_INT_CONVERSION = YES;
				CLANG_WARN_OBJC_ROOT_CLASS = YES_ERROR;
				CLANG_WARN_UNREACHABLE_CODE = YES;
				CLANG_WARN__DUPLICATE_METHOD_MATCH = YES;
				"CODE_SIGN_IDENTITY[sdk=iphoneos*]" = "iPhone Developer";
				COPY_PHASE_STRIP = NO;
				ENABLE_STRICT_OBJC_MSGSEND = YES;
				GCC_C_LANGUAGE_STANDARD = gnu99;
				GCC_DYNAMIC_NO_PIC = NO;
				GCC_OPTIMIZATION_LEVEL = 0;
				GCC_PREPROCESSOR_DEFINITIONS = (
					"DEBUG=1",
					"$(inherited)",
				);
				GCC_SYMBOLS_PRIVATE_EXTERN = NO;
				GCC_WARN_64_TO_32_BIT_CONVERSION = YES;
				GCC_WARN_ABOUT_RETURN_TYPE = YES_ERROR;
				GCC_WARN_UNDECLARED_SELECTOR = YES;
				GCC_WARN_UNINITIALIZED_AUTOS = YES_AGGRESSIVE;
				GCC_WARN_UNUSED_FUNCTION = YES;
				GCC_WARN_UNUSED_VARIABLE = YES;
				IPHONEOS_DEPLOYMENT_TARGET = 8.0;
				MTL_ENABLE_DEBUG_INFO = YES;
				ONLY_ACTIVE_ARCH = YES;
				SDKROOT = iphoneos;
				SWIFT_OBJC_BRIDGING_HEADER = "swix/objc/swix-Bridging-Header.h";
				TARGETED_DEVICE_FAMILY = "1,2";
			};
			name = Debug;
		};
		D216B72B1971BE6300D8CAE8 /* Release */ = {
			isa = XCBuildConfiguration;
			buildSettings = {
				ALWAYS_SEARCH_USER_PATHS = NO;
				CLANG_CXX_LANGUAGE_STANDARD = "gnu++0x";
				CLANG_CXX_LIBRARY = "libc++";
				CLANG_ENABLE_MODULES = YES;
				CLANG_ENABLE_OBJC_ARC = YES;
				CLANG_WARN_BOOL_CONVERSION = YES;
				CLANG_WARN_CONSTANT_CONVERSION = YES;
				CLANG_WARN_DIRECT_OBJC_ISA_USAGE = YES_ERROR;
				CLANG_WARN_EMPTY_BODY = YES;
				CLANG_WARN_ENUM_CONVERSION = YES;
				CLANG_WARN_INT_CONVERSION = YES;
				CLANG_WARN_OBJC_ROOT_CLASS = YES_ERROR;
				CLANG_WARN_UNREACHABLE_CODE = YES;
				CLANG_WARN__DUPLICATE_METHOD_MATCH = YES;
				"CODE_SIGN_IDENTITY[sdk=iphoneos*]" = "iPhone Developer";
				COPY_PHASE_STRIP = YES;
				ENABLE_NS_ASSERTIONS = NO;
				ENABLE_STRICT_OBJC_MSGSEND = YES;
				GCC_C_LANGUAGE_STANDARD = gnu99;
				GCC_WARN_64_TO_32_BIT_CONVERSION = YES;
				GCC_WARN_ABOUT_RETURN_TYPE = YES_ERROR;
				GCC_WARN_UNDECLARED_SELECTOR = YES;
				GCC_WARN_UNINITIALIZED_AUTOS = YES_AGGRESSIVE;
				GCC_WARN_UNUSED_FUNCTION = YES;
				GCC_WARN_UNUSED_VARIABLE = YES;
				IPHONEOS_DEPLOYMENT_TARGET = 8.0;
				MTL_ENABLE_DEBUG_INFO = NO;
				SDKROOT = iphoneos;
				SWIFT_OBJC_BRIDGING_HEADER = "swix/objc/swix-Bridging-Header.h";
				TARGETED_DEVICE_FAMILY = "1,2";
				VALIDATE_PRODUCT = YES;
			};
			name = Release;
		};
		D216B72D1971BE6300D8CAE8 /* Debug */ = {
			isa = XCBuildConfiguration;
			buildSettings = {
				ASSETCATALOG_COMPILER_APPICON_NAME = AppIcon;
				ASSETCATALOG_COMPILER_LAUNCHIMAGE_NAME = LaunchImage;
				INFOPLIST_FILE = "swix-iOS-objc/Info.plist";
				LD_RUNPATH_SEARCH_PATHS = "$(inherited) @executable_path/Frameworks";
				PRODUCT_NAME = swixiOSobjc;
			};
			name = Debug;
		};
		D216B72E1971BE6300D8CAE8 /* Release */ = {
			isa = XCBuildConfiguration;
			buildSettings = {
				ASSETCATALOG_COMPILER_APPICON_NAME = AppIcon;
				ASSETCATALOG_COMPILER_LAUNCHIMAGE_NAME = LaunchImage;
				INFOPLIST_FILE = "swix-iOS-objc/Info.plist";
				LD_RUNPATH_SEARCH_PATHS = "$(inherited) @executable_path/Frameworks";
				PRODUCT_NAME = swixiOSobjc;
			};
			name = Release;
		};
		D216B7301971BE6300D8CAE8 /* Debug */ = {
			isa = XCBuildConfiguration;
			buildSettings = {
				BUNDLE_LOADER = "$(BUILT_PRODUCTS_DIR)/swix-iOS-objc.app/swix-iOS-objc";
				FRAMEWORK_SEARCH_PATHS = (
					"$(SDKROOT)/Developer/Library/Frameworks",
					"$(inherited)",
				);
				GCC_PREPROCESSOR_DEFINITIONS = (
					"DEBUG=1",
					"$(inherited)",
				);
				INFOPLIST_FILE = "swix-iOS-objcTests/Info.plist";
				LD_RUNPATH_SEARCH_PATHS = "$(inherited) @executable_path/Frameworks @loader_path/Frameworks";
				PRODUCT_NAME = swixiOSobjcTests;
				TEST_HOST = "$(BUNDLE_LOADER)";
			};
			name = Debug;
		};
		D216B7311971BE6300D8CAE8 /* Release */ = {
			isa = XCBuildConfiguration;
			buildSettings = {
				BUNDLE_LOADER = "$(BUILT_PRODUCTS_DIR)/swix-iOS-objc.app/swix-iOS-objc";
				FRAMEWORK_SEARCH_PATHS = (
					"$(SDKROOT)/Developer/Library/Frameworks",
					"$(inherited)",
				);
				INFOPLIST_FILE = "swix-iOS-objcTests/Info.plist";
				LD_RUNPATH_SEARCH_PATHS = "$(inherited) @executable_path/Frameworks @loader_path/Frameworks";
				PRODUCT_NAME = swixiOSobjcTests;
				TEST_HOST = "$(BUNDLE_LOADER)";
			};
			name = Release;
		};
/* End XCBuildConfiguration section */

/* Begin XCConfigurationList section */
		D216B7071971BE6300D8CAE8 /* Build configuration list for PBXProject "swixiOSobjc" */ = {
			isa = XCConfigurationList;
			buildConfigurations = (
				D216B72A1971BE6300D8CAE8 /* Debug */,
				D216B72B1971BE6300D8CAE8 /* Release */,
			);
			defaultConfigurationIsVisible = 0;
			defaultConfigurationName = Release;
		};
		D216B72C1971BE6300D8CAE8 /* Build configuration list for PBXNativeTarget "swixiOSobjc" */ = {
			isa = XCConfigurationList;
			buildConfigurations = (
				D216B72D1971BE6300D8CAE8 /* Debug */,
				D216B72E1971BE6300D8CAE8 /* Release */,
			);
			defaultConfigurationIsVisible = 0;
		};
		D216B72F1971BE6300D8CAE8 /* Build configuration list for PBXNativeTarget "swixiOSobjcTests" */ = {
			isa = XCConfigurationList;
			buildConfigurations = (
				D216B7301971BE6300D8CAE8 /* Debug */,
				D216B7311971BE6300D8CAE8 /* Release */,
			);
			defaultConfigurationIsVisible = 0;
		};
/* End XCConfigurationList section */
	};
	rootObject = D216B7041971BE6300D8CAE8 /* Project object */;
}
