// !$*UTF8*$!
{
	archiveVersion = 1;
	classes = {
	};
	objectVersion = 46;
	objects = {

/* Begin PBXBuildFile section */
		D259E2521BA53D5B0096A116 /* AppDelegate.swift in Sources */ = {isa = PBXBuildFile; fileRef = D259E2511BA53D5B0096A116 /* AppDelegate.swift */; };
		D259E2541BA53D5B0096A116 /* ViewController.swift in Sources */ = {isa = PBXBuildFile; fileRef = D259E2531BA53D5B0096A116 /* ViewController.swift */; };
		D259E2571BA53D5B0096A116 /* Main.storyboard in Resources */ = {isa = PBXBuildFile; fileRef = D259E2551BA53D5B0096A116 /* Main.storyboard */; };
		D259E2591BA53D5B0096A116 /* Assets.xcassets in Resources */ = {isa = PBXBuildFile; fileRef = D259E2581BA53D5B0096A116 /* Assets.xcassets */; };
		D259E25C1BA53D5B0096A116 /* LaunchScreen.storyboard in Resources */ = {isa = PBXBuildFile; fileRef = D259E25A1BA53D5B0096A116 /* LaunchScreen.storyboard */; };
		D259E2671BA53D5B0096A116 /* swix_ios_appTests.swift in Sources */ = {isa = PBXBuildFile; fileRef = D259E2661BA53D5B0096A116 /* swix_ios_appTests.swift */; };
		D259E2721BA53D5B0096A116 /* swix_ios_appUITests.swift in Sources */ = {isa = PBXBuildFile; fileRef = D259E2711BA53D5B0096A116 /* swix_ios_appUITests.swift */; };
		D259E2A11BA53DCE0096A116 /* imshow.py in Resources */ = {isa = PBXBuildFile; fileRef = D259E2801BA53DCE0096A116 /* imshow.py */; settings = {ASSET_TAGS = (); }; };
		D259E2A21BA53DCE0096A116 /* imshow.py in Resources */ = {isa = PBXBuildFile; fileRef = D259E2801BA53DCE0096A116 /* imshow.py */; settings = {ASSET_TAGS = (); }; };
		D259E2A31BA53DCE0096A116 /* imshow.py in Resources */ = {isa = PBXBuildFile; fileRef = D259E2801BA53DCE0096A116 /* imshow.py */; settings = {ASSET_TAGS = (); }; };
		D259E2A41BA53DCE0096A116 /* io.swift in Sources */ = {isa = PBXBuildFile; fileRef = D259E2811BA53DCE0096A116 /* io.swift */; settings = {ASSET_TAGS = (); }; };
		D259E2A51BA53DCE0096A116 /* io.swift in Sources */ = {isa = PBXBuildFile; fileRef = D259E2811BA53DCE0096A116 /* io.swift */; settings = {ASSET_TAGS = (); }; };
		D259E2A61BA53DCE0096A116 /* io.swift in Sources */ = {isa = PBXBuildFile; fileRef = D259E2811BA53DCE0096A116 /* io.swift */; settings = {ASSET_TAGS = (); }; };
		D259E2A71BA53DCE0096A116 /* machine_learning.swift in Sources */ = {isa = PBXBuildFile; fileRef = D259E2831BA53DCE0096A116 /* machine_learning.swift */; settings = {ASSET_TAGS = (); }; };
		D259E2A81BA53DCE0096A116 /* machine_learning.swift in Sources */ = {isa = PBXBuildFile; fileRef = D259E2831BA53DCE0096A116 /* machine_learning.swift */; settings = {ASSET_TAGS = (); }; };
		D259E2A91BA53DCE0096A116 /* machine_learning.swift in Sources */ = {isa = PBXBuildFile; fileRef = D259E2831BA53DCE0096A116 /* machine_learning.swift */; settings = {ASSET_TAGS = (); }; };
		D259E2AA1BA53DCE0096A116 /* m-complex-math.swift in Sources */ = {isa = PBXBuildFile; fileRef = D259E2851BA53DCE0096A116 /* m-complex-math.swift */; settings = {ASSET_TAGS = (); }; };
		D259E2AB1BA53DCE0096A116 /* m-complex-math.swift in Sources */ = {isa = PBXBuildFile; fileRef = D259E2851BA53DCE0096A116 /* m-complex-math.swift */; settings = {ASSET_TAGS = (); }; };
		D259E2AC1BA53DCE0096A116 /* m-complex-math.swift in Sources */ = {isa = PBXBuildFile; fileRef = D259E2851BA53DCE0096A116 /* m-complex-math.swift */; settings = {ASSET_TAGS = (); }; };
		D259E2AD1BA53DCE0096A116 /* m-helper-functions.swift in Sources */ = {isa = PBXBuildFile; fileRef = D259E2861BA53DCE0096A116 /* m-helper-functions.swift */; settings = {ASSET_TAGS = (); }; };
		D259E2AE1BA53DCE0096A116 /* m-helper-functions.swift in Sources */ = {isa = PBXBuildFile; fileRef = D259E2861BA53DCE0096A116 /* m-helper-functions.swift */; settings = {ASSET_TAGS = (); }; };
		D259E2AF1BA53DCE0096A116 /* m-helper-functions.swift in Sources */ = {isa = PBXBuildFile; fileRef = D259E2861BA53DCE0096A116 /* m-helper-functions.swift */; settings = {ASSET_TAGS = (); }; };
		D259E2B01BA53DCE0096A116 /* m-image.swift in Sources */ = {isa = PBXBuildFile; fileRef = D259E2871BA53DCE0096A116 /* m-image.swift */; settings = {ASSET_TAGS = (); }; };
		D259E2B11BA53DCE0096A116 /* m-image.swift in Sources */ = {isa = PBXBuildFile; fileRef = D259E2871BA53DCE0096A116 /* m-image.swift */; settings = {ASSET_TAGS = (); }; };
		D259E2B21BA53DCE0096A116 /* m-image.swift in Sources */ = {isa = PBXBuildFile; fileRef = D259E2871BA53DCE0096A116 /* m-image.swift */; settings = {ASSET_TAGS = (); }; };
		D259E2B31BA53DCE0096A116 /* m-initing.swift in Sources */ = {isa = PBXBuildFile; fileRef = D259E2881BA53DCE0096A116 /* m-initing.swift */; settings = {ASSET_TAGS = (); }; };
		D259E2B41BA53DCE0096A116 /* m-initing.swift in Sources */ = {isa = PBXBuildFile; fileRef = D259E2881BA53DCE0096A116 /* m-initing.swift */; settings = {ASSET_TAGS = (); }; };
		D259E2B51BA53DCE0096A116 /* m-initing.swift in Sources */ = {isa = PBXBuildFile; fileRef = D259E2881BA53DCE0096A116 /* m-initing.swift */; settings = {ASSET_TAGS = (); }; };
		D259E2B61BA53DCE0096A116 /* m-matrix.swift in Sources */ = {isa = PBXBuildFile; fileRef = D259E2891BA53DCE0096A116 /* m-matrix.swift */; settings = {ASSET_TAGS = (); }; };
		D259E2B71BA53DCE0096A116 /* m-matrix.swift in Sources */ = {isa = PBXBuildFile; fileRef = D259E2891BA53DCE0096A116 /* m-matrix.swift */; settings = {ASSET_TAGS = (); }; };
		D259E2B81BA53DCE0096A116 /* m-matrix.swift in Sources */ = {isa = PBXBuildFile; fileRef = D259E2891BA53DCE0096A116 /* m-matrix.swift */; settings = {ASSET_TAGS = (); }; };
		D259E2B91BA53DCE0096A116 /* m-operators.swift in Sources */ = {isa = PBXBuildFile; fileRef = D259E28A1BA53DCE0096A116 /* m-operators.swift */; settings = {ASSET_TAGS = (); }; };
		D259E2BA1BA53DCE0096A116 /* m-operators.swift in Sources */ = {isa = PBXBuildFile; fileRef = D259E28A1BA53DCE0096A116 /* m-operators.swift */; settings = {ASSET_TAGS = (); }; };
		D259E2BB1BA53DCE0096A116 /* m-operators.swift in Sources */ = {isa = PBXBuildFile; fileRef = D259E28A1BA53DCE0096A116 /* m-operators.swift */; settings = {ASSET_TAGS = (); }; };
		D259E2BC1BA53DCE0096A116 /* m-simple-math.swift in Sources */ = {isa = PBXBuildFile; fileRef = D259E28B1BA53DCE0096A116 /* m-simple-math.swift */; settings = {ASSET_TAGS = (); }; };
		D259E2BD1BA53DCE0096A116 /* m-simple-math.swift in Sources */ = {isa = PBXBuildFile; fileRef = D259E28B1BA53DCE0096A116 /* m-simple-math.swift */; settings = {ASSET_TAGS = (); }; };
		D259E2BE1BA53DCE0096A116 /* m-simple-math.swift in Sources */ = {isa = PBXBuildFile; fileRef = D259E28B1BA53DCE0096A116 /* m-simple-math.swift */; settings = {ASSET_TAGS = (); }; };
		D259E2BF1BA53DCE0096A116 /* complex-math.swift in Sources */ = {isa = PBXBuildFile; fileRef = D259E28D1BA53DCE0096A116 /* complex-math.swift */; settings = {ASSET_TAGS = (); }; };
		D259E2C01BA53DCE0096A116 /* complex-math.swift in Sources */ = {isa = PBXBuildFile; fileRef = D259E28D1BA53DCE0096A116 /* complex-math.swift */; settings = {ASSET_TAGS = (); }; };
		D259E2C11BA53DCE0096A116 /* complex-math.swift in Sources */ = {isa = PBXBuildFile; fileRef = D259E28D1BA53DCE0096A116 /* complex-math.swift */; settings = {ASSET_TAGS = (); }; };
		D259E2C21BA53DCE0096A116 /* helper-functions.swift in Sources */ = {isa = PBXBuildFile; fileRef = D259E28E1BA53DCE0096A116 /* helper-functions.swift */; settings = {ASSET_TAGS = (); }; };
		D259E2C31BA53DCE0096A116 /* helper-functions.swift in Sources */ = {isa = PBXBuildFile; fileRef = D259E28E1BA53DCE0096A116 /* helper-functions.swift */; settings = {ASSET_TAGS = (); }; };
		D259E2C41BA53DCE0096A116 /* helper-functions.swift in Sources */ = {isa = PBXBuildFile; fileRef = D259E28E1BA53DCE0096A116 /* helper-functions.swift */; settings = {ASSET_TAGS = (); }; };
		D259E2C51BA53DCE0096A116 /* initing.swift in Sources */ = {isa = PBXBuildFile; fileRef = D259E28F1BA53DCE0096A116 /* initing.swift */; settings = {ASSET_TAGS = (); }; };
		D259E2C61BA53DCE0096A116 /* initing.swift in Sources */ = {isa = PBXBuildFile; fileRef = D259E28F1BA53DCE0096A116 /* initing.swift */; settings = {ASSET_TAGS = (); }; };
		D259E2C71BA53DCE0096A116 /* initing.swift in Sources */ = {isa = PBXBuildFile; fileRef = D259E28F1BA53DCE0096A116 /* initing.swift */; settings = {ASSET_TAGS = (); }; };
		D259E2C81BA53DCE0096A116 /* ndarray.swift in Sources */ = {isa = PBXBuildFile; fileRef = D259E2901BA53DCE0096A116 /* ndarray.swift */; settings = {ASSET_TAGS = (); }; };
		D259E2C91BA53DCE0096A116 /* ndarray.swift in Sources */ = {isa = PBXBuildFile; fileRef = D259E2901BA53DCE0096A116 /* ndarray.swift */; settings = {ASSET_TAGS = (); }; };
		D259E2CA1BA53DCE0096A116 /* ndarray.swift in Sources */ = {isa = PBXBuildFile; fileRef = D259E2901BA53DCE0096A116 /* ndarray.swift */; settings = {ASSET_TAGS = (); }; };
		D259E2CB1BA53DCE0096A116 /* operators.swift in Sources */ = {isa = PBXBuildFile; fileRef = D259E2911BA53DCE0096A116 /* operators.swift */; settings = {ASSET_TAGS = (); }; };
		D259E2CC1BA53DCE0096A116 /* operators.swift in Sources */ = {isa = PBXBuildFile; fileRef = D259E2911BA53DCE0096A116 /* operators.swift */; settings = {ASSET_TAGS = (); }; };
		D259E2CD1BA53DCE0096A116 /* operators.swift in Sources */ = {isa = PBXBuildFile; fileRef = D259E2911BA53DCE0096A116 /* operators.swift */; settings = {ASSET_TAGS = (); }; };
		D259E2CE1BA53DCE0096A116 /* simple-math.swift in Sources */ = {isa = PBXBuildFile; fileRef = D259E2921BA53DCE0096A116 /* simple-math.swift */; settings = {ASSET_TAGS = (); }; };
		D259E2CF1BA53DCE0096A116 /* simple-math.swift in Sources */ = {isa = PBXBuildFile; fileRef = D259E2921BA53DCE0096A116 /* simple-math.swift */; settings = {ASSET_TAGS = (); }; };
		D259E2D01BA53DCE0096A116 /* simple-math.swift in Sources */ = {isa = PBXBuildFile; fileRef = D259E2921BA53DCE0096A116 /* simple-math.swift */; settings = {ASSET_TAGS = (); }; };
		D259E2D11BA53DCE0096A116 /* numbers.swift in Sources */ = {isa = PBXBuildFile; fileRef = D259E2931BA53DCE0096A116 /* numbers.swift */; settings = {ASSET_TAGS = (); }; };
		D259E2D21BA53DCE0096A116 /* numbers.swift in Sources */ = {isa = PBXBuildFile; fileRef = D259E2931BA53DCE0096A116 /* numbers.swift */; settings = {ASSET_TAGS = (); }; };
		D259E2D31BA53DCE0096A116 /* numbers.swift in Sources */ = {isa = PBXBuildFile; fileRef = D259E2931BA53DCE0096A116 /* numbers.swift */; settings = {ASSET_TAGS = (); }; };
		D259E2D41BA53DCE0096A116 /* conversion.swift in Sources */ = {isa = PBXBuildFile; fileRef = D259E2951BA53DCE0096A116 /* conversion.swift */; settings = {ASSET_TAGS = (); }; };
		D259E2D51BA53DCE0096A116 /* conversion.swift in Sources */ = {isa = PBXBuildFile; fileRef = D259E2951BA53DCE0096A116 /* conversion.swift */; settings = {ASSET_TAGS = (); }; };
		D259E2D61BA53DCE0096A116 /* conversion.swift in Sources */ = {isa = PBXBuildFile; fileRef = D259E2951BA53DCE0096A116 /* conversion.swift */; settings = {ASSET_TAGS = (); }; };
		D259E2D71BA53DCE0096A116 /* machine_learning.mm in Sources */ = {isa = PBXBuildFile; fileRef = D259E2961BA53DCE0096A116 /* machine_learning.mm */; settings = {ASSET_TAGS = (); }; };
		D259E2D81BA53DCE0096A116 /* machine_learning.mm in Sources */ = {isa = PBXBuildFile; fileRef = D259E2961BA53DCE0096A116 /* machine_learning.mm */; settings = {ASSET_TAGS = (); }; };
		D259E2D91BA53DCE0096A116 /* machine_learning.mm in Sources */ = {isa = PBXBuildFile; fileRef = D259E2961BA53DCE0096A116 /* machine_learning.mm */; settings = {ASSET_TAGS = (); }; };
		D259E2DA1BA53DCE0096A116 /* math.m in Sources */ = {isa = PBXBuildFile; fileRef = D259E2971BA53DCE0096A116 /* math.m */; settings = {ASSET_TAGS = (); }; };
		D259E2DB1BA53DCE0096A116 /* math.m in Sources */ = {isa = PBXBuildFile; fileRef = D259E2971BA53DCE0096A116 /* math.m */; settings = {ASSET_TAGS = (); }; };
		D259E2DC1BA53DCE0096A116 /* math.m in Sources */ = {isa = PBXBuildFile; fileRef = D259E2971BA53DCE0096A116 /* math.m */; settings = {ASSET_TAGS = (); }; };
		D259E2DD1BA53DCE0096A116 /* opencv.mm in Sources */ = {isa = PBXBuildFile; fileRef = D259E2991BA53DCE0096A116 /* opencv.mm */; settings = {ASSET_TAGS = (); }; };
		D259E2DE1BA53DCE0096A116 /* opencv.mm in Sources */ = {isa = PBXBuildFile; fileRef = D259E2991BA53DCE0096A116 /* opencv.mm */; settings = {ASSET_TAGS = (); }; };
		D259E2DF1BA53DCE0096A116 /* opencv.mm in Sources */ = {isa = PBXBuildFile; fileRef = D259E2991BA53DCE0096A116 /* opencv.mm */; settings = {ASSET_TAGS = (); }; };
		D259E2E01BA53DCE0096A116 /* opencv2.framework in Frameworks */ = {isa = PBXBuildFile; fileRef = D259E29A1BA53DCE0096A116 /* opencv2.framework */; settings = {ASSET_TAGS = (); }; };
		D259E2E11BA53DCE0096A116 /* opencv2.framework in Frameworks */ = {isa = PBXBuildFile; fileRef = D259E29A1BA53DCE0096A116 /* opencv2.framework */; settings = {ASSET_TAGS = (); }; };
		D259E2E21BA53DCE0096A116 /* opencv2.framework in Frameworks */ = {isa = PBXBuildFile; fileRef = D259E29A1BA53DCE0096A116 /* opencv2.framework */; settings = {ASSET_TAGS = (); }; };
		D259E2E31BA53DCE0096A116 /* operations-and-indexing.m in Sources */ = {isa = PBXBuildFile; fileRef = D259E29B1BA53DCE0096A116 /* operations-and-indexing.m */; settings = {ASSET_TAGS = (); }; };
		D259E2E41BA53DCE0096A116 /* operations-and-indexing.m in Sources */ = {isa = PBXBuildFile; fileRef = D259E29B1BA53DCE0096A116 /* operations-and-indexing.m */; settings = {ASSET_TAGS = (); }; };
		D259E2E51BA53DCE0096A116 /* operations-and-indexing.m in Sources */ = {isa = PBXBuildFile; fileRef = D259E29B1BA53DCE0096A116 /* operations-and-indexing.m */; settings = {ASSET_TAGS = (); }; };
		D259E2E61BA53DCE0096A116 /* ScalarArithmetic-bleed.swift in Sources */ = {isa = PBXBuildFile; fileRef = D259E29D1BA53DCE0096A116 /* ScalarArithmetic-bleed.swift */; settings = {ASSET_TAGS = (); }; };
		D259E2E71BA53DCE0096A116 /* ScalarArithmetic-bleed.swift in Sources */ = {isa = PBXBuildFile; fileRef = D259E29D1BA53DCE0096A116 /* ScalarArithmetic-bleed.swift */; settings = {ASSET_TAGS = (); }; };
		D259E2E81BA53DCE0096A116 /* ScalarArithmetic-bleed.swift in Sources */ = {isa = PBXBuildFile; fileRef = D259E29D1BA53DCE0096A116 /* ScalarArithmetic-bleed.swift */; settings = {ASSET_TAGS = (); }; };
		D259E2E91BA53DCE0096A116 /* speed.swift in Sources */ = {isa = PBXBuildFile; fileRef = D259E29F1BA53DCE0096A116 /* speed.swift */; settings = {ASSET_TAGS = (); }; };
		D259E2EA1BA53DCE0096A116 /* speed.swift in Sources */ = {isa = PBXBuildFile; fileRef = D259E29F1BA53DCE0096A116 /* speed.swift */; settings = {ASSET_TAGS = (); }; };
		D259E2EB1BA53DCE0096A116 /* speed.swift in Sources */ = {isa = PBXBuildFile; fileRef = D259E29F1BA53DCE0096A116 /* speed.swift */; settings = {ASSET_TAGS = (); }; };
		D259E2EC1BA53DCE0096A116 /* tests.swift in Sources */ = {isa = PBXBuildFile; fileRef = D259E2A01BA53DCE0096A116 /* tests.swift */; settings = {ASSET_TAGS = (); }; };
		D259E2ED1BA53DCE0096A116 /* tests.swift in Sources */ = {isa = PBXBuildFile; fileRef = D259E2A01BA53DCE0096A116 /* tests.swift */; settings = {ASSET_TAGS = (); }; };
		D259E2EE1BA53DCE0096A116 /* tests.swift in Sources */ = {isa = PBXBuildFile; fileRef = D259E2A01BA53DCE0096A116 /* tests.swift */; settings = {ASSET_TAGS = (); }; };
		D259E2F01BA53EC70096A116 /* space_shuttle.png in Resources */ = {isa = PBXBuildFile; fileRef = D259E2EF1BA53EC70096A116 /* space_shuttle.png */; settings = {ASSET_TAGS = (); }; };
		D259E2F11BA53EC70096A116 /* space_shuttle.png in Resources */ = {isa = PBXBuildFile; fileRef = D259E2EF1BA53EC70096A116 /* space_shuttle.png */; settings = {ASSET_TAGS = (); }; };
		D259E2F21BA53EC70096A116 /* space_shuttle.png in Resources */ = {isa = PBXBuildFile; fileRef = D259E2EF1BA53EC70096A116 /* space_shuttle.png */; settings = {ASSET_TAGS = (); }; };
/* End PBXBuildFile section */

/* Begin PBXContainerItemProxy section */
		D259E2631BA53D5B0096A116 /* PBXContainerItemProxy */ = {
			isa = PBXContainerItemProxy;
			containerPortal = D259E2461BA53D5B0096A116 /* Project object */;
			proxyType = 1;
			remoteGlobalIDString = D259E24D1BA53D5B0096A116;
			remoteInfo = swix_ios_app;
		};
		D259E26E1BA53D5B0096A116 /* PBXContainerItemProxy */ = {
			isa = PBXContainerItemProxy;
			containerPortal = D259E2461BA53D5B0096A116 /* Project object */;
			proxyType = 1;
			remoteGlobalIDString = D259E24D1BA53D5B0096A116;
			remoteInfo = swix_ios_app;
		};
/* End PBXContainerItemProxy section */

/* Begin PBXFileReference section */
		D259E24E1BA53D5B0096A116 /* swix_ios_app.app */ = {isa = PBXFileReference; explicitFileType = wrapper.application; includeInIndex = 0; path = swix_ios_app.app; sourceTree = BUILT_PRODUCTS_DIR; };
		D259E2511BA53D5B0096A116 /* AppDelegate.swift */ = {isa = PBXFileReference; lastKnownFileType = sourcecode.swift; path = AppDelegate.swift; sourceTree = "<group>"; };
		D259E2531BA53D5B0096A116 /* ViewController.swift */ = {isa = PBXFileReference; lastKnownFileType = sourcecode.swift; path = ViewController.swift; sourceTree = "<group>"; };
		D259E2561BA53D5B0096A116 /* Base */ = {isa = PBXFileReference; lastKnownFileType = file.storyboard; name = Base; path = Base.lproj/Main.storyboard; sourceTree = "<group>"; };
		D259E2581BA53D5B0096A116 /* Assets.xcassets */ = {isa = PBXFileReference; lastKnownFileType = folder.assetcatalog; path = Assets.xcassets; sourceTree = "<group>"; };
		D259E25B1BA53D5B0096A116 /* Base */ = {isa = PBXFileReference; lastKnownFileType = file.storyboard; name = Base; path = Base.lproj/LaunchScreen.storyboard; sourceTree = "<group>"; };
		D259E25D1BA53D5B0096A116 /* Info.plist */ = {isa = PBXFileReference; lastKnownFileType = text.plist.xml; path = Info.plist; sourceTree = "<group>"; };
		D259E2621BA53D5B0096A116 /* swix_ios_appTests.xctest */ = {isa = PBXFileReference; explicitFileType = wrapper.cfbundle; includeInIndex = 0; path = swix_ios_appTests.xctest; sourceTree = BUILT_PRODUCTS_DIR; };
		D259E2661BA53D5B0096A116 /* swix_ios_appTests.swift */ = {isa = PBXFileReference; lastKnownFileType = sourcecode.swift; path = swix_ios_appTests.swift; sourceTree = "<group>"; };
		D259E2681BA53D5B0096A116 /* Info.plist */ = {isa = PBXFileReference; lastKnownFileType = text.plist.xml; path = Info.plist; sourceTree = "<group>"; };
		D259E26D1BA53D5B0096A116 /* swix_ios_appUITests.xctest */ = {isa = PBXFileReference; explicitFileType = wrapper.cfbundle; includeInIndex = 0; path = swix_ios_appUITests.xctest; sourceTree = BUILT_PRODUCTS_DIR; };
		D259E2711BA53D5B0096A116 /* swix_ios_appUITests.swift */ = {isa = PBXFileReference; lastKnownFileType = sourcecode.swift; path = swix_ios_appUITests.swift; sourceTree = "<group>"; };
		D259E2731BA53D5B0096A116 /* Info.plist */ = {isa = PBXFileReference; lastKnownFileType = text.plist.xml; path = Info.plist; sourceTree = "<group>"; };
		D259E2801BA53DCE0096A116 /* imshow.py */ = {isa = PBXFileReference; fileEncoding = 4; lastKnownFileType = text.script.python; path = imshow.py; sourceTree = "<group>"; };
		D259E2811BA53DCE0096A116 /* io.swift */ = {isa = PBXFileReference; fileEncoding = 4; lastKnownFileType = sourcecode.swift; path = io.swift; sourceTree = "<group>"; };
		D259E2831BA53DCE0096A116 /* machine_learning.swift */ = {isa = PBXFileReference; fileEncoding = 4; lastKnownFileType = sourcecode.swift; path = machine_learning.swift; sourceTree = "<group>"; };
		D259E2851BA53DCE0096A116 /* m-complex-math.swift */ = {isa = PBXFileReference; fileEncoding = 4; lastKnownFileType = sourcecode.swift; path = "m-complex-math.swift"; sourceTree = "<group>"; };
		D259E2861BA53DCE0096A116 /* m-helper-functions.swift */ = {isa = PBXFileReference; fileEncoding = 4; lastKnownFileType = sourcecode.swift; path = "m-helper-functions.swift"; sourceTree = "<group>"; };
		D259E2871BA53DCE0096A116 /* m-image.swift */ = {isa = PBXFileReference; fileEncoding = 4; lastKnownFileType = sourcecode.swift; path = "m-image.swift"; sourceTree = "<group>"; };
		D259E2881BA53DCE0096A116 /* m-initing.swift */ = {isa = PBXFileReference; fileEncoding = 4; lastKnownFileType = sourcecode.swift; path = "m-initing.swift"; sourceTree = "<group>"; };
		D259E2891BA53DCE0096A116 /* m-matrix.swift */ = {isa = PBXFileReference; fileEncoding = 4; lastKnownFileType = sourcecode.swift; path = "m-matrix.swift"; sourceTree = "<group>"; };
		D259E28A1BA53DCE0096A116 /* m-operators.swift */ = {isa = PBXFileReference; fileEncoding = 4; lastKnownFileType = sourcecode.swift; path = "m-operators.swift"; sourceTree = "<group>"; };
		D259E28B1BA53DCE0096A116 /* m-simple-math.swift */ = {isa = PBXFileReference; fileEncoding = 4; lastKnownFileType = sourcecode.swift; path = "m-simple-math.swift"; sourceTree = "<group>"; };
		D259E28D1BA53DCE0096A116 /* complex-math.swift */ = {isa = PBXFileReference; fileEncoding = 4; lastKnownFileType = sourcecode.swift; path = "complex-math.swift"; sourceTree = "<group>"; };
		D259E28E1BA53DCE0096A116 /* helper-functions.swift */ = {isa = PBXFileReference; fileEncoding = 4; lastKnownFileType = sourcecode.swift; path = "helper-functions.swift"; sourceTree = "<group>"; };
		D259E28F1BA53DCE0096A116 /* initing.swift */ = {isa = PBXFileReference; fileEncoding = 4; lastKnownFileType = sourcecode.swift; path = initing.swift; sourceTree = "<group>"; };
		D259E2901BA53DCE0096A116 /* ndarray.swift */ = {isa = PBXFileReference; fileEncoding = 4; lastKnownFileType = sourcecode.swift; path = ndarray.swift; sourceTree = "<group>"; };
		D259E2911BA53DCE0096A116 /* operators.swift */ = {isa = PBXFileReference; fileEncoding = 4; lastKnownFileType = sourcecode.swift; path = operators.swift; sourceTree = "<group>"; };
		D259E2921BA53DCE0096A116 /* simple-math.swift */ = {isa = PBXFileReference; fileEncoding = 4; lastKnownFileType = sourcecode.swift; path = "simple-math.swift"; sourceTree = "<group>"; };
		D259E2931BA53DCE0096A116 /* numbers.swift */ = {isa = PBXFileReference; fileEncoding = 4; lastKnownFileType = sourcecode.swift; path = numbers.swift; sourceTree = "<group>"; };
		D259E2951BA53DCE0096A116 /* conversion.swift */ = {isa = PBXFileReference; fileEncoding = 4; lastKnownFileType = sourcecode.swift; path = conversion.swift; sourceTree = "<group>"; };
		D259E2961BA53DCE0096A116 /* machine_learning.mm */ = {isa = PBXFileReference; fileEncoding = 4; lastKnownFileType = sourcecode.cpp.objcpp; path = machine_learning.mm; sourceTree = "<group>"; };
		D259E2971BA53DCE0096A116 /* math.m */ = {isa = PBXFileReference; fileEncoding = 4; lastKnownFileType = sourcecode.c.objc; path = math.m; sourceTree = "<group>"; };
		D259E2981BA53DCE0096A116 /* OpenCV.h */ = {isa = PBXFileReference; fileEncoding = 4; lastKnownFileType = sourcecode.c.h; path = OpenCV.h; sourceTree = "<group>"; };
		D259E2991BA53DCE0096A116 /* opencv.mm */ = {isa = PBXFileReference; fileEncoding = 4; lastKnownFileType = sourcecode.cpp.objcpp; path = opencv.mm; sourceTree = "<group>"; };
		D259E29A1BA53DCE0096A116 /* opencv2.framework */ = {isa = PBXFileReference; lastKnownFileType = wrapper.framework; path = opencv2.framework; sourceTree = "<group>"; };
		D259E29B1BA53DCE0096A116 /* operations-and-indexing.m */ = {isa = PBXFileReference; fileEncoding = 4; lastKnownFileType = sourcecode.c.objc; path = "operations-and-indexing.m"; sourceTree = "<group>"; };
		D259E29C1BA53DCE0096A116 /* swix-Bridging-Header.h */ = {isa = PBXFileReference; fileEncoding = 4; lastKnownFileType = sourcecode.c.h; path = "swix-Bridging-Header.h"; sourceTree = "<group>"; };
		D259E29D1BA53DCE0096A116 /* ScalarArithmetic-bleed.swift */ = {isa = PBXFileReference; fileEncoding = 4; lastKnownFileType = sourcecode.swift; path = "ScalarArithmetic-bleed.swift"; sourceTree = "<group>"; };
		D259E29F1BA53DCE0096A116 /* speed.swift */ = {isa = PBXFileReference; fileEncoding = 4; lastKnownFileType = sourcecode.swift; path = speed.swift; sourceTree = "<group>"; };
		D259E2A01BA53DCE0096A116 /* tests.swift */ = {isa = PBXFileReference; fileEncoding = 4; lastKnownFileType = sourcecode.swift; path = tests.swift; sourceTree = "<group>"; };
		D259E2EF1BA53EC70096A116 /* space_shuttle.png */ = {isa = PBXFileReference; lastKnownFileType = image.png; path = space_shuttle.png; sourceTree = "<group>"; };
/* End PBXFileReference section */

/* Begin PBXFrameworksBuildPhase section */
		D259E24B1BA53D5B0096A116 /* Frameworks */ = {
			isa = PBXFrameworksBuildPhase;
			buildActionMask = 2147483647;
			files = (
				D259E2E01BA53DCE0096A116 /* opencv2.framework in Frameworks */,
			);
			runOnlyForDeploymentPostprocessing = 0;
		};
		D259E25F1BA53D5B0096A116 /* Frameworks */ = {
			isa = PBXFrameworksBuildPhase;
			buildActionMask = 2147483647;
			files = (
				D259E2E11BA53DCE0096A116 /* opencv2.framework in Frameworks */,
			);
			runOnlyForDeploymentPostprocessing = 0;
		};
		D259E26A1BA53D5B0096A116 /* Frameworks */ = {
			isa = PBXFrameworksBuildPhase;
			buildActionMask = 2147483647;
			files = (
				D259E2E21BA53DCE0096A116 /* opencv2.framework in Frameworks */,
			);
			runOnlyForDeploymentPostprocessing = 0;
		};
/* End PBXFrameworksBuildPhase section */

/* Begin PBXGroup section */
		D259E2451BA53D5B0096A116 = {
			isa = PBXGroup;
			children = (
				D259E2501BA53D5B0096A116 /* swix_ios_app */,
				D259E2651BA53D5B0096A116 /* swix_ios_appTests */,
				D259E2701BA53D5B0096A116 /* swix_ios_appUITests */,
				D259E24F1BA53D5B0096A116 /* Products */,
			);
			sourceTree = "<group>";
		};
		D259E24F1BA53D5B0096A116 /* Products */ = {
			isa = PBXGroup;
			children = (
				D259E24E1BA53D5B0096A116 /* swix_ios_app.app */,
				D259E2621BA53D5B0096A116 /* swix_ios_appTests.xctest */,
				D259E26D1BA53D5B0096A116 /* swix_ios_appUITests.xctest */,
			);
			name = Products;
			sourceTree = "<group>";
		};
		D259E2501BA53D5B0096A116 /* swix_ios_app */ = {
			isa = PBXGroup;
			children = (
				D259E2511BA53D5B0096A116 /* AppDelegate.swift */,
				D259E2531BA53D5B0096A116 /* ViewController.swift */,
				D259E2EF1BA53EC70096A116 /* space_shuttle.png */,
				D259E27F1BA53DCE0096A116 /* swix */,
				D259E2551BA53D5B0096A116 /* Main.storyboard */,
				D259E2581BA53D5B0096A116 /* Assets.xcassets */,
				D259E25A1BA53D5B0096A116 /* LaunchScreen.storyboard */,
				D259E25D1BA53D5B0096A116 /* Info.plist */,
			);
			path = swix_ios_app;
			sourceTree = "<group>";
		};
		D259E2651BA53D5B0096A116 /* swix_ios_appTests */ = {
			isa = PBXGroup;
			children = (
				D259E2661BA53D5B0096A116 /* swix_ios_appTests.swift */,
				D259E2681BA53D5B0096A116 /* Info.plist */,
			);
			path = swix_ios_appTests;
			sourceTree = "<group>";
		};
		D259E2701BA53D5B0096A116 /* swix_ios_appUITests */ = {
			isa = PBXGroup;
			children = (
				D259E2711BA53D5B0096A116 /* swix_ios_appUITests.swift */,
				D259E2731BA53D5B0096A116 /* Info.plist */,
			);
			path = swix_ios_appUITests;
			sourceTree = "<group>";
		};
		D259E27F1BA53DCE0096A116 /* swix */ = {
			isa = PBXGroup;
			children = (
				D259E2801BA53DCE0096A116 /* imshow.py */,
				D259E2811BA53DCE0096A116 /* io.swift */,
				D259E2821BA53DCE0096A116 /* machine_learning */,
				D259E2841BA53DCE0096A116 /* matrix */,
				D259E28C1BA53DCE0096A116 /* ndarray */,
				D259E2931BA53DCE0096A116 /* numbers.swift */,
				D259E2941BA53DCE0096A116 /* objc */,
				D259E29D1BA53DCE0096A116 /* ScalarArithmetic-bleed.swift */,
				D259E29E1BA53DCE0096A116 /* tests */,
			);
			path = swix;
			sourceTree = "<group>";
		};
		D259E2821BA53DCE0096A116 /* machine_learning */ = {
			isa = PBXGroup;
			children = (
				D259E2831BA53DCE0096A116 /* machine_learning.swift */,
			);
			path = machine_learning;
			sourceTree = "<group>";
		};
		D259E2841BA53DCE0096A116 /* matrix */ = {
			isa = PBXGroup;
			children = (
				D259E2851BA53DCE0096A116 /* m-complex-math.swift */,
				D259E2861BA53DCE0096A116 /* m-helper-functions.swift */,
				D259E2871BA53DCE0096A116 /* m-image.swift */,
				D259E2881BA53DCE0096A116 /* m-initing.swift */,
				D259E2891BA53DCE0096A116 /* m-matrix.swift */,
				D259E28A1BA53DCE0096A116 /* m-operators.swift */,
				D259E28B1BA53DCE0096A116 /* m-simple-math.swift */,
			);
			path = matrix;
			sourceTree = "<group>";
		};
		D259E28C1BA53DCE0096A116 /* ndarray */ = {
			isa = PBXGroup;
			children = (
				D259E28D1BA53DCE0096A116 /* complex-math.swift */,
				D259E28E1BA53DCE0096A116 /* helper-functions.swift */,
				D259E28F1BA53DCE0096A116 /* initing.swift */,
				D259E2901BA53DCE0096A116 /* ndarray.swift */,
				D259E2911BA53DCE0096A116 /* operators.swift */,
				D259E2921BA53DCE0096A116 /* simple-math.swift */,
			);
			path = ndarray;
			sourceTree = "<group>";
		};
		D259E2941BA53DCE0096A116 /* objc */ = {
			isa = PBXGroup;
			children = (
				D259E2951BA53DCE0096A116 /* conversion.swift */,
				D259E2961BA53DCE0096A116 /* machine_learning.mm */,
				D259E2971BA53DCE0096A116 /* math.m */,
				D259E2981BA53DCE0096A116 /* OpenCV.h */,
				D259E2991BA53DCE0096A116 /* opencv.mm */,
				D259E29A1BA53DCE0096A116 /* opencv2.framework */,
				D259E29B1BA53DCE0096A116 /* operations-and-indexing.m */,
				D259E29C1BA53DCE0096A116 /* swix-Bridging-Header.h */,
			);
			path = objc;
			sourceTree = "<group>";
		};
		D259E29E1BA53DCE0096A116 /* tests */ = {
			isa = PBXGroup;
			children = (
				D259E29F1BA53DCE0096A116 /* speed.swift */,
				D259E2A01BA53DCE0096A116 /* tests.swift */,
			);
			path = tests;
			sourceTree = "<group>";
		};
/* End PBXGroup section */

/* Begin PBXNativeTarget section */
		D259E24D1BA53D5B0096A116 /* swix_ios_app */ = {
			isa = PBXNativeTarget;
			buildConfigurationList = D259E2761BA53D5B0096A116 /* Build configuration list for PBXNativeTarget "swix_ios_app" */;
			buildPhases = (
				D259E24A1BA53D5B0096A116 /* Sources */,
				D259E24B1BA53D5B0096A116 /* Frameworks */,
				D259E24C1BA53D5B0096A116 /* Resources */,
			);
			buildRules = (
			);
			dependencies = (
			);
			name = swix_ios_app;
			productName = swix_ios_app;
			productReference = D259E24E1BA53D5B0096A116 /* swix_ios_app.app */;
			productType = "com.apple.product-type.application";
		};
		D259E2611BA53D5B0096A116 /* swix_ios_appTests */ = {
			isa = PBXNativeTarget;
			buildConfigurationList = D259E2791BA53D5B0096A116 /* Build configuration list for PBXNativeTarget "swix_ios_appTests" */;
			buildPhases = (
				D259E25E1BA53D5B0096A116 /* Sources */,
				D259E25F1BA53D5B0096A116 /* Frameworks */,
				D259E2601BA53D5B0096A116 /* Resources */,
			);
			buildRules = (
			);
			dependencies = (
				D259E2641BA53D5B0096A116 /* PBXTargetDependency */,
			);
			name = swix_ios_appTests;
			productName = swix_ios_appTests;
			productReference = D259E2621BA53D5B0096A116 /* swix_ios_appTests.xctest */;
			productType = "com.apple.product-type.bundle.unit-test";
		};
		D259E26C1BA53D5B0096A116 /* swix_ios_appUITests */ = {
			isa = PBXNativeTarget;
			buildConfigurationList = D259E27C1BA53D5B0096A116 /* Build configuration list for PBXNativeTarget "swix_ios_appUITests" */;
			buildPhases = (
				D259E2691BA53D5B0096A116 /* Sources */,
				D259E26A1BA53D5B0096A116 /* Frameworks */,
				D259E26B1BA53D5B0096A116 /* Resources */,
			);
			buildRules = (
			);
			dependencies = (
				D259E26F1BA53D5B0096A116 /* PBXTargetDependency */,
			);
			name = swix_ios_appUITests;
			productName = swix_ios_appUITests;
			productReference = D259E26D1BA53D5B0096A116 /* swix_ios_appUITests.xctest */;
			productType = "com.apple.product-type.bundle.ui-testing";
		};
/* End PBXNativeTarget section */

/* Begin PBXProject section */
		D259E2461BA53D5B0096A116 /* Project object */ = {
			isa = PBXProject;
			attributes = {
				LastUpgradeCheck = 0700;
				ORGANIZATIONNAME = com.scott;
				TargetAttributes = {
					D259E24D1BA53D5B0096A116 = {
						CreatedOnToolsVersion = 7.0;
					};
					D259E2611BA53D5B0096A116 = {
						CreatedOnToolsVersion = 7.0;
						TestTargetID = D259E24D1BA53D5B0096A116;
					};
					D259E26C1BA53D5B0096A116 = {
						CreatedOnToolsVersion = 7.0;
						TestTargetID = D259E24D1BA53D5B0096A116;
					};
				};
			};
			buildConfigurationList = D259E2491BA53D5B0096A116 /* Build configuration list for PBXProject "swix_ios_app" */;
			compatibilityVersion = "Xcode 3.2";
			developmentRegion = English;
			hasScannedForEncodings = 0;
			knownRegions = (
				en,
				Base,
			);
			mainGroup = D259E2451BA53D5B0096A116;
			productRefGroup = D259E24F1BA53D5B0096A116 /* Products */;
			projectDirPath = "";
			projectRoot = "";
			targets = (
				D259E24D1BA53D5B0096A116 /* swix_ios_app */,
				D259E2611BA53D5B0096A116 /* swix_ios_appTests */,
				D259E26C1BA53D5B0096A116 /* swix_ios_appUITests */,
			);
		};
/* End PBXProject section */

/* Begin PBXResourcesBuildPhase section */
		D259E24C1BA53D5B0096A116 /* Resources */ = {
			isa = PBXResourcesBuildPhase;
			buildActionMask = 2147483647;
			files = (
				D259E2F01BA53EC70096A116 /* space_shuttle.png in Resources */,
				D259E25C1BA53D5B0096A116 /* LaunchScreen.storyboard in Resources */,
				D259E2591BA53D5B0096A116 /* Assets.xcassets in Resources */,
				D259E2571BA53D5B0096A116 /* Main.storyboard in Resources */,
				D259E2A11BA53DCE0096A116 /* imshow.py in Resources */,
			);
			runOnlyForDeploymentPostprocessing = 0;
		};
		D259E2601BA53D5B0096A116 /* Resources */ = {
			isa = PBXResourcesBuildPhase;
			buildActionMask = 2147483647;
			files = (
				D259E2F11BA53EC70096A116 /* space_shuttle.png in Resources */,
				D259E2A21BA53DCE0096A116 /* imshow.py in Resources */,
			);
			runOnlyForDeploymentPostprocessing = 0;
		};
		D259E26B1BA53D5B0096A116 /* Resources */ = {
			isa = PBXResourcesBuildPhase;
			buildActionMask = 2147483647;
			files = (
				D259E2F21BA53EC70096A116 /* space_shuttle.png in Resources */,
				D259E2A31BA53DCE0096A116 /* imshow.py in Resources */,
			);
			runOnlyForDeploymentPostprocessing = 0;
		};
/* End PBXResourcesBuildPhase section */

/* Begin PBXSourcesBuildPhase section */
		D259E24A1BA53D5B0096A116 /* Sources */ = {
			isa = PBXSourcesBuildPhase;
			buildActionMask = 2147483647;
			files = (
				D259E2CE1BA53DCE0096A116 /* simple-math.swift in Sources */,
				D259E2C51BA53DCE0096A116 /* initing.swift in Sources */,
				D259E2541BA53D5B0096A116 /* ViewController.swift in Sources */,
				D259E2BC1BA53DCE0096A116 /* m-simple-math.swift in Sources */,
				D259E2B61BA53DCE0096A116 /* m-matrix.swift in Sources */,
				D259E2AD1BA53DCE0096A116 /* m-helper-functions.swift in Sources */,
				D259E2E31BA53DCE0096A116 /* operations-and-indexing.m in Sources */,
				D259E2B01BA53DCE0096A116 /* m-image.swift in Sources */,
				D259E2E91BA53DCE0096A116 /* speed.swift in Sources */,
				D259E2E61BA53DCE0096A116 /* ScalarArithmetic-bleed.swift in Sources */,
				D259E2D71BA53DCE0096A116 /* machine_learning.mm in Sources */,
				D259E2C81BA53DCE0096A116 /* ndarray.swift in Sources */,
				D259E2A71BA53DCE0096A116 /* machine_learning.swift in Sources */,
				D259E2C21BA53DCE0096A116 /* helper-functions.swift in Sources */,
				D259E2CB1BA53DCE0096A116 /* operators.swift in Sources */,
				D259E2DA1BA53DCE0096A116 /* math.m in Sources */,
				D259E2B91BA53DCE0096A116 /* m-operators.swift in Sources */,
				D259E2D11BA53DCE0096A116 /* numbers.swift in Sources */,
				D259E2A41BA53DCE0096A116 /* io.swift in Sources */,
				D259E2DD1BA53DCE0096A116 /* opencv.mm in Sources */,
				D259E2BF1BA53DCE0096A116 /* complex-math.swift in Sources */,
				D259E2521BA53D5B0096A116 /* AppDelegate.swift in Sources */,
				D259E2B31BA53DCE0096A116 /* m-initing.swift in Sources */,
				D259E2D41BA53DCE0096A116 /* conversion.swift in Sources */,
				D259E2AA1BA53DCE0096A116 /* m-complex-math.swift in Sources */,
				D259E2EC1BA53DCE0096A116 /* tests.swift in Sources */,
			);
			runOnlyForDeploymentPostprocessing = 0;
		};
		D259E25E1BA53D5B0096A116 /* Sources */ = {
			isa = PBXSourcesBuildPhase;
			buildActionMask = 2147483647;
			files = (
				D259E2BA1BA53DCE0096A116 /* m-operators.swift in Sources */,
				D259E2E41BA53DCE0096A116 /* operations-and-indexing.m in Sources */,
				D259E2C01BA53DCE0096A116 /* complex-math.swift in Sources */,
				D259E2B71BA53DCE0096A116 /* m-matrix.swift in Sources */,
				D259E2D21BA53DCE0096A116 /* numbers.swift in Sources */,
				D259E2E71BA53DCE0096A116 /* ScalarArithmetic-bleed.swift in Sources */,
				D259E2C31BA53DCE0096A116 /* helper-functions.swift in Sources */,
				D259E2EA1BA53DCE0096A116 /* speed.swift in Sources */,
				D259E2AB1BA53DCE0096A116 /* m-complex-math.swift in Sources */,
				D259E2B11BA53DCE0096A116 /* m-image.swift in Sources */,
				D259E2D51BA53DCE0096A116 /* conversion.swift in Sources */,
				D259E2AE1BA53DCE0096A116 /* m-helper-functions.swift in Sources */,
				D259E2671BA53D5B0096A116 /* swix_ios_appTests.swift in Sources */,
				D259E2DE1BA53DCE0096A116 /* opencv.mm in Sources */,
				D259E2B41BA53DCE0096A116 /* m-initing.swift in Sources */,
				D259E2D81BA53DCE0096A116 /* machine_learning.mm in Sources */,
				D259E2A51BA53DCE0096A116 /* io.swift in Sources */,
				D259E2C61BA53DCE0096A116 /* initing.swift in Sources */,
				D259E2A81BA53DCE0096A116 /* machine_learning.swift in Sources */,
				D259E2DB1BA53DCE0096A116 /* math.m in Sources */,
				D259E2BD1BA53DCE0096A116 /* m-simple-math.swift in Sources */,
				D259E2ED1BA53DCE0096A116 /* tests.swift in Sources */,
				D259E2CF1BA53DCE0096A116 /* simple-math.swift in Sources */,
				D259E2C91BA53DCE0096A116 /* ndarray.swift in Sources */,
				D259E2CC1BA53DCE0096A116 /* operators.swift in Sources */,
			);
			runOnlyForDeploymentPostprocessing = 0;
		};
		D259E2691BA53D5B0096A116 /* Sources */ = {
			isa = PBXSourcesBuildPhase;
			buildActionMask = 2147483647;
			files = (
				D259E2BB1BA53DCE0096A116 /* m-operators.swift in Sources */,
				D259E2E51BA53DCE0096A116 /* operations-and-indexing.m in Sources */,
				D259E2C11BA53DCE0096A116 /* complex-math.swift in Sources */,
				D259E2B81BA53DCE0096A116 /* m-matrix.swift in Sources */,
				D259E2D31BA53DCE0096A116 /* numbers.swift in Sources */,
				D259E2E81BA53DCE0096A116 /* ScalarArithmetic-bleed.swift in Sources */,
				D259E2C41BA53DCE0096A116 /* helper-functions.swift in Sources */,
				D259E2EB1BA53DCE0096A116 /* speed.swift in Sources */,
				D259E2AC1BA53DCE0096A116 /* m-complex-math.swift in Sources */,
				D259E2B21BA53DCE0096A116 /* m-image.swift in Sources */,
				D259E2D61BA53DCE0096A116 /* conversion.swift in Sources */,
				D259E2AF1BA53DCE0096A116 /* m-helper-functions.swift in Sources */,
				D259E2721BA53D5B0096A116 /* swix_ios_appUITests.swift in Sources */,
				D259E2DF1BA53DCE0096A116 /* opencv.mm in Sources */,
				D259E2B51BA53DCE0096A116 /* m-initing.swift in Sources */,
				D259E2D91BA53DCE0096A116 /* machine_learning.mm in Sources */,
				D259E2A61BA53DCE0096A116 /* io.swift in Sources */,
				D259E2C71BA53DCE0096A116 /* initing.swift in Sources */,
				D259E2A91BA53DCE0096A116 /* machine_learning.swift in Sources */,
				D259E2DC1BA53DCE0096A116 /* math.m in Sources */,
				D259E2BE1BA53DCE0096A116 /* m-simple-math.swift in Sources */,
				D259E2EE1BA53DCE0096A116 /* tests.swift in Sources */,
				D259E2D01BA53DCE0096A116 /* simple-math.swift in Sources */,
				D259E2CA1BA53DCE0096A116 /* ndarray.swift in Sources */,
				D259E2CD1BA53DCE0096A116 /* operators.swift in Sources */,
			);
			runOnlyForDeploymentPostprocessing = 0;
		};
/* End PBXSourcesBuildPhase section */

/* Begin PBXTargetDependency section */
		D259E2641BA53D5B0096A116 /* PBXTargetDependency */ = {
			isa = PBXTargetDependency;
			target = D259E24D1BA53D5B0096A116 /* swix_ios_app */;
			targetProxy = D259E2631BA53D5B0096A116 /* PBXContainerItemProxy */;
		};
		D259E26F1BA53D5B0096A116 /* PBXTargetDependency */ = {
			isa = PBXTargetDependency;
			target = D259E24D1BA53D5B0096A116 /* swix_ios_app */;
			targetProxy = D259E26E1BA53D5B0096A116 /* PBXContainerItemProxy */;
		};
/* End PBXTargetDependency section */

/* Begin PBXVariantGroup section */
		D259E2551BA53D5B0096A116 /* Main.storyboard */ = {
			isa = PBXVariantGroup;
			children = (
				D259E2561BA53D5B0096A116 /* Base */,
			);
			name = Main.storyboard;
			sourceTree = "<group>";
		};
		D259E25A1BA53D5B0096A116 /* LaunchScreen.storyboard */ = {
			isa = PBXVariantGroup;
			children = (
				D259E25B1BA53D5B0096A116 /* Base */,
			);
			name = LaunchScreen.storyboard;
			sourceTree = "<group>";
		};
/* End PBXVariantGroup section */

/* Begin XCBuildConfiguration section */
		D259E2741BA53D5B0096A116 /* Debug */ = {
			isa = XCBuildConfiguration;
			buildSettings = {
				ALWAYS_SEARCH_USER_PATHS = NO;
				CLANG_CXX_LANGUAGE_STANDARD = "gnu++0x";
				CLANG_CXX_LIBRARY = "libc++";
				CLANG_ENABLE_MODULES = YES;
				CLANG_ENABLE_OBJC_ARC = YES;
				CLANG_WARN_BOOL_CONVERSION = YES;
				CLANG_WARN_CONSTANT_CONVERSION = YES;
				CLANG_WARN_DIRECT_OBJC_ISA_USAGE = YES_ERROR;
				CLANG_WARN_EMPTY_BODY = YES;
				CLANG_WARN_ENUM_CONVERSION = YES;
				CLANG_WARN_INT_CONVERSION = YES;
				CLANG_WARN_OBJC_ROOT_CLASS = YES_ERROR;
				CLANG_WARN_UNREACHABLE_CODE = YES;
				CLANG_WARN__DUPLICATE_METHOD_MATCH = YES;
				"CODE_SIGN_IDENTITY[sdk=iphoneos*]" = "iPhone Developer";
				COPY_PHASE_STRIP = NO;
				DEBUG_INFORMATION_FORMAT = dwarf;
				ENABLE_STRICT_OBJC_MSGSEND = YES;
				ENABLE_TESTABILITY = YES;
				GCC_C_LANGUAGE_STANDARD = gnu99;
				GCC_DYNAMIC_NO_PIC = NO;
				GCC_NO_COMMON_BLOCKS = YES;
				GCC_OPTIMIZATION_LEVEL = 0;
				GCC_PREPROCESSOR_DEFINITIONS = (
					"DEBUG=1",
					"$(inherited)",
				);
				GCC_WARN_64_TO_32_BIT_CONVERSION = YES;
				GCC_WARN_ABOUT_RETURN_TYPE = YES_ERROR;
				GCC_WARN_UNDECLARED_SELECTOR = YES;
				GCC_WARN_UNINITIALIZED_AUTOS = YES_AGGRESSIVE;
				GCC_WARN_UNUSED_FUNCTION = YES;
				GCC_WARN_UNUSED_VARIABLE = YES;
				IPHONEOS_DEPLOYMENT_TARGET = 9.0;
				MTL_ENABLE_DEBUG_INFO = YES;
				ONLY_ACTIVE_ARCH = YES;
				SDKROOT = iphoneos;
				SWIFT_OBJC_BRIDGING_HEADER = "swix_ios_app/swix/objc/swix-Bridging-Header.h";
				SWIFT_OPTIMIZATION_LEVEL = "-Onone";
			};
			name = Debug;
		};
		D259E2751BA53D5B0096A116 /* Release */ = {
			isa = XCBuildConfiguration;
			buildSettings = {
				ALWAYS_SEARCH_USER_PATHS = NO;
				CLANG_CXX_LANGUAGE_STANDARD = "gnu++0x";
				CLANG_CXX_LIBRARY = "libc++";
				CLANG_ENABLE_MODULES = YES;
				CLANG_ENABLE_OBJC_ARC = YES;
				CLANG_WARN_BOOL_CONVERSION = YES;
				CLANG_WARN_CONSTANT_CONVERSION = YES;
				CLANG_WARN_DIRECT_OBJC_ISA_USAGE = YES_ERROR;
				CLANG_WARN_EMPTY_BODY = YES;
				CLANG_WARN_ENUM_CONVERSION = YES;
				CLANG_WARN_INT_CONVERSION = YES;
				CLANG_WARN_OBJC_ROOT_CLASS = YES_ERROR;
				CLANG_WARN_UNREACHABLE_CODE = YES;
				CLANG_WARN__DUPLICATE_METHOD_MATCH = YES;
				"CODE_SIGN_IDENTITY[sdk=iphoneos*]" = "iPhone Developer";
				COPY_PHASE_STRIP = NO;
				DEBUG_INFORMATION_FORMAT = "dwarf-with-dsym";
				ENABLE_NS_ASSERTIONS = NO;
				ENABLE_STRICT_OBJC_MSGSEND = YES;
				GCC_C_LANGUAGE_STANDARD = gnu99;
				GCC_NO_COMMON_BLOCKS = YES;
				GCC_WARN_64_TO_32_BIT_CONVERSION = YES;
				GCC_WARN_ABOUT_RETURN_TYPE = YES_ERROR;
				GCC_WARN_UNDECLARED_SELECTOR = YES;
				GCC_WARN_UNINITIALIZED_AUTOS = YES_AGGRESSIVE;
				GCC_WARN_UNUSED_FUNCTION = YES;
				GCC_WARN_UNUSED_VARIABLE = YES;
				IPHONEOS_DEPLOYMENT_TARGET = 9.0;
				MTL_ENABLE_DEBUG_INFO = NO;
				SDKROOT = iphoneos;
				SWIFT_OBJC_BRIDGING_HEADER = "swix_ios_app/swix/objc/swix-Bridging-Header.h";
				VALIDATE_PRODUCT = YES;
			};
			name = Release;
		};
		D259E2771BA53D5B0096A116 /* Debug */ = {
			isa = XCBuildConfiguration;
			buildSettings = {
				ASSETCATALOG_COMPILER_APPICON_NAME = AppIcon;
				FRAMEWORK_SEARCH_PATHS = (
					"$(inherited)",
					"$(PROJECT_DIR)/swix_ios_app/swix/objc",
				);
				INFOPLIST_FILE = swix_ios_app/Info.plist;
				LD_RUNPATH_SEARCH_PATHS = "$(inherited) @executable_path/Frameworks";
				PRODUCT_BUNDLE_IDENTIFIER = "stss.swix-ios-app";
				PRODUCT_NAME = "$(TARGET_NAME)";
			};
			name = Debug;
		};
		D259E2781BA53D5B0096A116 /* Release */ = {
			isa = XCBuildConfiguration;
			buildSettings = {
				ASSETCATALOG_COMPILER_APPICON_NAME = AppIcon;
				FRAMEWORK_SEARCH_PATHS = (
					"$(inherited)",
					"$(PROJECT_DIR)/swix_ios_app/swix/objc",
				);
				INFOPLIST_FILE = swix_ios_app/Info.plist;
				LD_RUNPATH_SEARCH_PATHS = "$(inherited) @executable_path/Frameworks";
				PRODUCT_BUNDLE_IDENTIFIER = "stss.swix-ios-app";
				PRODUCT_NAME = "$(TARGET_NAME)";
			};
			name = Release;
		};
		D259E27A1BA53D5B0096A116 /* Debug */ = {
			isa = XCBuildConfiguration;
			buildSettings = {
				BUNDLE_LOADER = "$(TEST_HOST)";
				FRAMEWORK_SEARCH_PATHS = (
					"$(inherited)",
					"$(PROJECT_DIR)/swix_ios_app/swix/objc",
				);
				INFOPLIST_FILE = swix_ios_appTests/Info.plist;
				LD_RUNPATH_SEARCH_PATHS = "$(inherited) @executable_path/Frameworks @loader_path/Frameworks";
				PRODUCT_BUNDLE_IDENTIFIER = "stss.swix-ios-appTests";
				PRODUCT_NAME = "$(TARGET_NAME)";
				TEST_HOST = "$(BUILT_PRODUCTS_DIR)/swix_ios_app.app/swix_ios_app";
			};
			name = Debug;
		};
		D259E27B1BA53D5B0096A116 /* Release */ = {
			isa = XCBuildConfiguration;
			buildSettings = {
				BUNDLE_LOADER = "$(TEST_HOST)";
				FRAMEWORK_SEARCH_PATHS = (
					"$(inherited)",
					"$(PROJECT_DIR)/swix_ios_app/swix/objc",
				);
				INFOPLIST_FILE = swix_ios_appTests/Info.plist;
				LD_RUNPATH_SEARCH_PATHS = "$(inherited) @executable_path/Frameworks @loader_path/Frameworks";
				PRODUCT_BUNDLE_IDENTIFIER = "stss.swix-ios-appTests";
				PRODUCT_NAME = "$(TARGET_NAME)";
				TEST_HOST = "$(BUILT_PRODUCTS_DIR)/swix_ios_app.app/swix_ios_app";
			};
			name = Release;
		};
		D259E27D1BA53D5B0096A116 /* Debug */ = {
			isa = XCBuildConfiguration;
			buildSettings = {
				FRAMEWORK_SEARCH_PATHS = (
					"$(inherited)",
					"$(PROJECT_DIR)/swix_ios_app/swix/objc",
				);
				INFOPLIST_FILE = swix_ios_appUITests/Info.plist;
				LD_RUNPATH_SEARCH_PATHS = "$(inherited) @executable_path/Frameworks @loader_path/Frameworks";
				PRODUCT_BUNDLE_IDENTIFIER = "stss.swix-ios-appUITests";
				PRODUCT_NAME = "$(TARGET_NAME)";
				TEST_TARGET_NAME = swix_ios_app;
				USES_XCTRUNNER = YES;
			};
			name = Debug;
		};
		D259E27E1BA53D5B0096A116 /* Release */ = {
			isa = XCBuildConfiguration;
			buildSettings = {
				FRAMEWORK_SEARCH_PATHS = (
					"$(inherited)",
					"$(PROJECT_DIR)/swix_ios_app/swix/objc",
				);
				INFOPLIST_FILE = swix_ios_appUITests/Info.plist;
				LD_RUNPATH_SEARCH_PATHS = "$(inherited) @executable_path/Frameworks @loader_path/Frameworks";
				PRODUCT_BUNDLE_IDENTIFIER = "stss.swix-ios-appUITests";
				PRODUCT_NAME = "$(TARGET_NAME)";
				TEST_TARGET_NAME = swix_ios_app;
				USES_XCTRUNNER = YES;
			};
			name = Release;
		};
/* End XCBuildConfiguration section */

/* Begin XCConfigurationList section */
		D259E2491BA53D5B0096A116 /* Build configuration list for PBXProject "swix_ios_app" */ = {
			isa = XCConfigurationList;
			buildConfigurations = (
				D259E2741BA53D5B0096A116 /* Debug */,
				D259E2751BA53D5B0096A116 /* Release */,
			);
			defaultConfigurationIsVisible = 0;
			defaultConfigurationName = Release;
		};
		D259E2761BA53D5B0096A116 /* Build configuration list for PBXNativeTarget "swix_ios_app" */ = {
			isa = XCConfigurationList;
			buildConfigurations = (
				D259E2771BA53D5B0096A116 /* Debug */,
				D259E2781BA53D5B0096A116 /* Release */,
			);
			defaultConfigurationIsVisible = 0;
		};
		D259E2791BA53D5B0096A116 /* Build configuration list for PBXNativeTarget "swix_ios_appTests" */ = {
			isa = XCConfigurationList;
			buildConfigurations = (
				D259E27A1BA53D5B0096A116 /* Debug */,
				D259E27B1BA53D5B0096A116 /* Release */,
			);
			defaultConfigurationIsVisible = 0;
		};
		D259E27C1BA53D5B0096A116 /* Build configuration list for PBXNativeTarget "swix_ios_appUITests" */ = {
			isa = XCConfigurationList;
			buildConfigurations = (
				D259E27D1BA53D5B0096A116 /* Debug */,
				D259E27E1BA53D5B0096A116 /* Release */,
			);
			defaultConfigurationIsVisible = 0;
		};
/* End XCConfigurationList section */
	};
	rootObject = D259E2461BA53D5B0096A116 /* Project object */;
}
